// !$*UTF8*$!
{
	archiveVersion = 1;
	classes = {
	};
	objectVersion = 46;
	objects = {

/* Begin PBXBuildFile section */
		18077C8D1AAA781D00A2196B /* precomp.cpp in Sources */ = {isa = PBXBuildFile; fileRef = 18077C8A1AAA781D00A2196B /* precomp.cpp */; };
		18A08A641ADE8AF700E1BAF8 /* app.cpp in Sources */ = {isa = PBXBuildFile; fileRef = 18A08A621ADE8AF700E1BAF8 /* app.cpp */; };
		18D4BB541AAA8798005B9D81 /* libclanApp.a in Frameworks */ = {isa = PBXBuildFile; fileRef = 18D4BB501AAA8798005B9D81 /* libclanApp.a */; };
		18D4BB551AAA8798005B9D81 /* libclanCore.a in Frameworks */ = {isa = PBXBuildFile; fileRef = 18D4BB511AAA8798005B9D81 /* libclanCore.a */; };
		18D4BB561AAA8798005B9D81 /* libclanDisplay.a in Frameworks */ = {isa = PBXBuildFile; fileRef = 18D4BB521AAA8798005B9D81 /* libclanDisplay.a */; };
		18D4BB571AAA8798005B9D81 /* libclanGL.a in Frameworks */ = {isa = PBXBuildFile; fileRef = 18D4BB531AAA8798005B9D81 /* libclanGL.a */; };
		18D4BB661AAA9108005B9D81 /* Cocoa.framework in Frameworks */ = {isa = PBXBuildFile; fileRef = 18D4BB651AAA9108005B9D81 /* Cocoa.framework */; };
		18D4BB681AAA9113005B9D81 /* OpenGL.framework in Frameworks */ = {isa = PBXBuildFile; fileRef = 18D4BB671AAA9113005B9D81 /* OpenGL.framework */; };
		18DF8DF81ADE8BD400352CC2 /* libclanSound.a in Frameworks */ = {isa = PBXBuildFile; fileRef = 18DF8DF71ADE8BD400352CC2 /* libclanSound.a */; };
		18DF8DFE1ADE8C3000352CC2 /* AudioToolbox.framework in Frameworks */ = {isa = PBXBuildFile; fileRef = 18DF8DFD1ADE8C3000352CC2 /* AudioToolbox.framework */; };
/* End PBXBuildFile section */

/* Begin PBXFileReference section */
		18077C8A1AAA781D00A2196B /* precomp.cpp */ = {isa = PBXFileReference; fileEncoding = 4; lastKnownFileType = sourcecode.cpp.cpp; path = precomp.cpp; sourceTree = "<group>"; };
		18077C8B1AAA781D00A2196B /* precomp.h */ = {isa = PBXFileReference; fileEncoding = 4; lastKnownFileType = sourcecode.c.h; path = precomp.h; sourceTree = "<group>"; };
		186AF4101AAA7675007E3F0A /* Sound.app */ = {isa = PBXFileReference; explicitFileType = wrapper.application; includeInIndex = 0; path = Sound.app; sourceTree = BUILT_PRODUCTS_DIR; };
		186AF4141AAA7675007E3F0A /* Info.plist */ = {isa = PBXFileReference; lastKnownFileType = text.plist.xml; path = Info.plist; sourceTree = "<group>"; };
		18A08A621ADE8AF700E1BAF8 /* app.cpp */ = {isa = PBXFileReference; fileEncoding = 4; lastKnownFileType = sourcecode.cpp.cpp; path = app.cpp; sourceTree = "<group>"; };
		18A08A631ADE8AF700E1BAF8 /* app.h */ = {isa = PBXFileReference; fileEncoding = 4; lastKnownFileType = sourcecode.c.h; path = app.h; sourceTree = "<group>"; };
		18D4BB501AAA8798005B9D81 /* libclanApp.a */ = {isa = PBXFileReference; lastKnownFileType = archive.ar; name = libclanApp.a; path = ../../../Build/lib/osx/libclanApp.a; sourceTree = "<group>"; };
		18D4BB511AAA8798005B9D81 /* libclanCore.a */ = {isa = PBXFileReference; lastKnownFileType = archive.ar; name = libclanCore.a; path = ../../../Build/lib/osx/libclanCore.a; sourceTree = "<group>"; };
		18D4BB521AAA8798005B9D81 /* libclanDisplay.a */ = {isa = PBXFileReference; lastKnownFileType = archive.ar; name = libclanDisplay.a; path = ../../../Build/lib/osx/libclanDisplay.a; sourceTree = "<group>"; };
		18D4BB531AAA8798005B9D81 /* libclanGL.a */ = {isa = PBXFileReference; lastKnownFileType = archive.ar; name = libclanGL.a; path = ../../../Build/lib/osx/libclanGL.a; sourceTree = "<group>"; };
		18D4BB651AAA9108005B9D81 /* Cocoa.framework */ = {isa = PBXFileReference; lastKnownFileType = wrapper.framework; name = Cocoa.framework; path = System/Library/Frameworks/Cocoa.framework; sourceTree = SDKROOT; };
		18D4BB671AAA9113005B9D81 /* OpenGL.framework */ = {isa = PBXFileReference; lastKnownFileType = wrapper.framework; name = OpenGL.framework; path = System/Library/Frameworks/OpenGL.framework; sourceTree = SDKROOT; };
		18DF8DF71ADE8BD400352CC2 /* libclanSound.a */ = {isa = PBXFileReference; lastKnownFileType = archive.ar; name = libclanSound.a; path = ../../../build/Debug/libclanSound.a; sourceTree = "<group>"; };
		18DF8DF91ADE8BE900352CC2 /* CoreAudio.framework */ = {isa = PBXFileReference; lastKnownFileType = wrapper.framework; name = CoreAudio.framework; path = System/Library/Frameworks/CoreAudio.framework; sourceTree = SDKROOT; };
		18DF8DFB1ADE8C0F00352CC2 /* CoreAudioKit.framework */ = {isa = PBXFileReference; lastKnownFileType = wrapper.framework; name = CoreAudioKit.framework; path = System/Library/Frameworks/CoreAudioKit.framework; sourceTree = SDKROOT; };
		18DF8DFD1ADE8C3000352CC2 /* AudioToolbox.framework */ = {isa = PBXFileReference; lastKnownFileType = wrapper.framework; name = AudioToolbox.framework; path = System/Library/Frameworks/AudioToolbox.framework; sourceTree = SDKROOT; };
/* End PBXFileReference section */

/* Begin PBXFrameworksBuildPhase section */
		186AF40D1AAA7675007E3F0A /* Frameworks */ = {
			isa = PBXFrameworksBuildPhase;
			buildActionMask = 2147483647;
			files = (
				18DF8DFE1ADE8C3000352CC2 /* AudioToolbox.framework in Frameworks */,
				18DF8DF81ADE8BD400352CC2 /* libclanSound.a in Frameworks */,
				18D4BB681AAA9113005B9D81 /* OpenGL.framework in Frameworks */,
				18D4BB661AAA9108005B9D81 /* Cocoa.framework in Frameworks */,
				18D4BB561AAA8798005B9D81 /* libclanDisplay.a in Frameworks */,
				18D4BB551AAA8798005B9D81 /* libclanCore.a in Frameworks */,
				18D4BB571AAA8798005B9D81 /* libclanGL.a in Frameworks */,
				18D4BB541AAA8798005B9D81 /* libclanApp.a in Frameworks */,
			);
			runOnlyForDeploymentPostprocessing = 0;
		};
/* End PBXFrameworksBuildPhase section */

/* Begin PBXGroup section */
		186AF4051AAA7648007E3F0A = {
			isa = PBXGroup;
			children = (
				18D4BB581AAA87A4005B9D81 /* Frameworks */,
				186AF4111AAA7675007E3F0A /* Products */,
				186AF4121AAA7675007E3F0A /* Sources */,
			);
			sourceTree = "<group>";
			usesTabs = 1;
		};
		186AF4111AAA7675007E3F0A /* Products */ = {
			isa = PBXGroup;
			children = (
				186AF4101AAA7675007E3F0A /* Sound.app */,
			);
			name = Products;
			sourceTree = "<group>";
		};
		186AF4121AAA7675007E3F0A /* Sources */ = {
			isa = PBXGroup;
			children = (
				18A08A621ADE8AF700E1BAF8 /* app.cpp */,
				18A08A631ADE8AF700E1BAF8 /* app.h */,
				186AF4141AAA7675007E3F0A /* Info.plist */,
				18077C8A1AAA781D00A2196B /* precomp.cpp */,
				18077C8B1AAA781D00A2196B /* precomp.h */,
			);
			path = Sources;
			sourceTree = "<group>";
		};
		18D4BB581AAA87A4005B9D81 /* Frameworks */ = {
			isa = PBXGroup;
			children = (
				18DF8DFD1ADE8C3000352CC2 /* AudioToolbox.framework */,
				18DF8DFB1ADE8C0F00352CC2 /* CoreAudioKit.framework */,
				18DF8DF91ADE8BE900352CC2 /* CoreAudio.framework */,
				18D4BB671AAA9113005B9D81 /* OpenGL.framework */,
				18D4BB651AAA9108005B9D81 /* Cocoa.framework */,
				18D4BB501AAA8798005B9D81 /* libclanApp.a */,
				18D4BB511AAA8798005B9D81 /* libclanCore.a */,
				18D4BB521AAA8798005B9D81 /* libclanDisplay.a */,
				18D4BB531AAA8798005B9D81 /* libclanGL.a */,
				18DF8DF71ADE8BD400352CC2 /* libclanSound.a */,
			);
			name = Frameworks;
			sourceTree = "<group>";
		};
/* End PBXGroup section */

/* Begin PBXNativeTarget section */
		186AF40F1AAA7675007E3F0A /* Sound */ = {
			isa = PBXNativeTarget;
			buildConfigurationList = 186AF42B1AAA7675007E3F0A /* Build configuration list for PBXNativeTarget "Sound" */;
			buildPhases = (
				186AF40C1AAA7675007E3F0A /* Sources */,
				186AF40D1AAA7675007E3F0A /* Frameworks */,
				186AF40E1AAA7675007E3F0A /* Resources */,
			);
			buildRules = (
			);
			dependencies = (
			);
			name = Sound;
			productName = Sound;
			productReference = 186AF4101AAA7675007E3F0A /* Sound.app */;
			productType = "com.apple.product-type.application";
		};
/* End PBXNativeTarget section */

/* Begin PBXProject section */
		186AF4061AAA7648007E3F0A /* Project object */ = {
			isa = PBXProject;
			attributes = {
				LastUpgradeCheck = 0610;
				TargetAttributes = {
					186AF40F1AAA7675007E3F0A = {
						CreatedOnToolsVersion = 6.1.1;
					};
				};
			};
			buildConfigurationList = 186AF4091AAA7648007E3F0A /* Build configuration list for PBXProject "Sound" */;
			compatibilityVersion = "Xcode 3.2";
			developmentRegion = English;
			hasScannedForEncodings = 0;
			knownRegions = (
				en,
				Base,
			);
			mainGroup = 186AF4051AAA7648007E3F0A;
			productRefGroup = 186AF4111AAA7675007E3F0A /* Products */;
			projectDirPath = "";
			projectRoot = "";
			targets = (
				186AF40F1AAA7675007E3F0A /* Sound */,
			);
		};
/* End PBXProject section */

/* Begin PBXResourcesBuildPhase section */
		186AF40E1AAA7675007E3F0A /* Resources */ = {
			isa = PBXResourcesBuildPhase;
			buildActionMask = 2147483647;
			files = (
			);
			runOnlyForDeploymentPostprocessing = 0;
		};
/* End PBXResourcesBuildPhase section */

/* Begin PBXSourcesBuildPhase section */
		186AF40C1AAA7675007E3F0A /* Sources */ = {
			isa = PBXSourcesBuildPhase;
			buildActionMask = 2147483647;
			files = (
				18077C8D1AAA781D00A2196B /* precomp.cpp in Sources */,
				18A08A641ADE8AF700E1BAF8 /* app.cpp in Sources */,
			);
			runOnlyForDeploymentPostprocessing = 0;
		};
/* End PBXSourcesBuildPhase section */

/* Begin XCBuildConfiguration section */
		186AF40A1AAA7648007E3F0A /* Debug */ = {
			isa = XCBuildConfiguration;
			buildSettings = {
				ALWAYS_SEARCH_USER_PATHS = NO;
				HEADER_SEARCH_PATHS = (
					"$(PROJECT_DIR)/../../../Build/include",
					"$(inherited)",
					/Applications/Xcode.app/Contents/Developer/Toolchains/XcodeDefault.xctoolchain/usr/include,
				);
			};
			name = Debug;
		};
		186AF40B1AAA7648007E3F0A /* Release */ = {
			isa = XCBuildConfiguration;
			buildSettings = {
				ALWAYS_SEARCH_USER_PATHS = NO;
				HEADER_SEARCH_PATHS = (
					"$(PROJECT_DIR)/../../../Build/include",
					"$(inherited)",
					/Applications/Xcode.app/Contents/Developer/Toolchains/XcodeDefault.xctoolchain/usr/include,
				);
			};
			name = Release;
		};
		186AF42C1AAA7675007E3F0A /* Debug */ = {
			isa = XCBuildConfiguration;
			buildSettings = {
				ALWAYS_SEARCH_USER_PATHS = NO;
				ASSETCATALOG_COMPILER_APPICON_NAME = AppIcon;
				CLANG_CXX_LANGUAGE_STANDARD = "gnu++0x";
				CLANG_CXX_LIBRARY = "libc++";
				CLANG_ENABLE_MODULES = YES;
				CLANG_ENABLE_OBJC_ARC = YES;
				CLANG_WARN_BOOL_CONVERSION = YES;
				CLANG_WARN_CONSTANT_CONVERSION = YES;
				CLANG_WARN_DIRECT_OBJC_ISA_USAGE = YES_ERROR;
				CLANG_WARN_EMPTY_BODY = YES;
				CLANG_WARN_ENUM_CONVERSION = YES;
				CLANG_WARN_INT_CONVERSION = YES;
				CLANG_WARN_OBJC_ROOT_CLASS = YES_ERROR;
				CLANG_WARN_UNREACHABLE_CODE = YES;
				CLANG_WARN__DUPLICATE_METHOD_MATCH = YES;
				CODE_SIGN_IDENTITY = "-";
				COMBINE_HIDPI_IMAGES = YES;
				COPY_PHASE_STRIP = NO;
				ENABLE_STRICT_OBJC_MSGSEND = YES;
				GCC_C_LANGUAGE_STANDARD = gnu99;
				GCC_DYNAMIC_NO_PIC = NO;
				GCC_OPTIMIZATION_LEVEL = 0;
				GCC_PREPROCESSOR_DEFINITIONS = (
					"DEBUG=1",
					"$(inherited)",
				);
				GCC_SYMBOLS_PRIVATE_EXTERN = NO;
				GCC_WARN_64_TO_32_BIT_CONVERSION = YES;
				GCC_WARN_ABOUT_RETURN_TYPE = YES_ERROR;
				GCC_WARN_UNDECLARED_SELECTOR = YES;
				GCC_WARN_UNINITIALIZED_AUTOS = YES_AGGRESSIVE;
				GCC_WARN_UNUSED_FUNCTION = YES;
				GCC_WARN_UNUSED_VARIABLE = YES;
				INFOPLIST_FILE = "$(SRCROOT)/Sources/Info.plist";
				LD_RUNPATH_SEARCH_PATHS = "$(inherited) @executable_path/../Frameworks";
				LIBRARY_SEARCH_PATHS = (
					"$(inherited)",
					/Users/mbn/Development/ClanLib/Build/lib/osx,
					/Users/mbn/Development/ClanLib/build/Debug,
				);
				MACOSX_DEPLOYMENT_TARGET = 10.10;
				MTL_ENABLE_DEBUG_INFO = YES;
				ONLY_ACTIVE_ARCH = YES;
				PRODUCT_NAME = "$(TARGET_NAME)";
				SDKROOT = macosx;
			};
			name = Debug;
		};
		186AF42D1AAA7675007E3F0A /* Release */ = {
			isa = XCBuildConfiguration;
			buildSettings = {
				ALWAYS_SEARCH_USER_PATHS = NO;
				ASSETCATALOG_COMPILER_APPICON_NAME = AppIcon;
				CLANG_CXX_LANGUAGE_STANDARD = "gnu++0x";
				CLANG_CXX_LIBRARY = "libc++";
				CLANG_ENABLE_MODULES = YES;
				CLANG_ENABLE_OBJC_ARC = YES;
				CLANG_WARN_BOOL_CONVERSION = YES;
				CLANG_WARN_CONSTANT_CONVERSION = YES;
				CLANG_WARN_DIRECT_OBJC_ISA_USAGE = YES_ERROR;
				CLANG_WARN_EMPTY_BODY = YES;
				CLANG_WARN_ENUM_CONVERSION = YES;
				CLANG_WARN_INT_CONVERSION = YES;
				CLANG_WARN_OBJC_ROOT_CLASS = YES_ERROR;
				CLANG_WARN_UNREACHABLE_CODE = YES;
				CLANG_WARN__DUPLICATE_METHOD_MATCH = YES;
				CODE_SIGN_IDENTITY = "-";
				COMBINE_HIDPI_IMAGES = YES;
				COPY_PHASE_STRIP = YES;
				DEBUG_INFORMATION_FORMAT = "dwarf-with-dsym";
				ENABLE_NS_ASSERTIONS = NO;
				ENABLE_STRICT_OBJC_MSGSEND = YES;
				GCC_C_LANGUAGE_STANDARD = gnu99;
				GCC_WARN_64_TO_32_BIT_CONVERSION = YES;
				GCC_WARN_ABOUT_RETURN_TYPE = YES_ERROR;
				GCC_WARN_UNDECLARED_SELECTOR = YES;
				GCC_WARN_UNINITIALIZED_AUTOS = YES_AGGRESSIVE;
				GCC_WARN_UNUSED_FUNCTION = YES;
				GCC_WARN_UNUSED_VARIABLE = YES;
				INFOPLIST_FILE = "$(SRCROOT)/Sources/Info.plist";
				LD_RUNPATH_SEARCH_PATHS = "$(inherited) @executable_path/../Frameworks";
				LIBRARY_SEARCH_PATHS = (
					"$(inherited)",
					/Users/mbn/Development/ClanLib/Build/lib/osx,
					/Users/mbn/Development/ClanLib/build/Debug,
				);
				MACOSX_DEPLOYMENT_TARGET = 10.10;
				MTL_ENABLE_DEBUG_INFO = NO;
				PRODUCT_NAME = "$(TARGET_NAME)";
				SDKROOT = macosx;
			};
			name = Release;
		};
/* End XCBuildConfiguration section */

/* Begin XCConfigurationList section */
		186AF4091AAA7648007E3F0A /* Build configuration list for PBXProject "Sound" */ = {
			isa = XCConfigurationList;
			buildConfigurations = (
				186AF40A1AAA7648007E3F0A /* Debug */,
				186AF40B1AAA7648007E3F0A /* Release */,
			);
			defaultConfigurationIsVisible = 0;
			defaultConfigurationName = Release;
		};
		186AF42B1AAA7675007E3F0A /* Build configuration list for PBXNativeTarget "Sound" */ = {
			isa = XCConfigurationList;
			buildConfigurations = (
				186AF42C1AAA7675007E3F0A /* Debug */,
				186AF42D1AAA7675007E3F0A /* Release */,
			);
			defaultConfigurationIsVisible = 0;
			defaultConfigurationName = Release;
		};
/* End XCConfigurationList section */
	};
	rootObject = 186AF4061AAA7648007E3F0A /* Project object */;
}
