
Microsoft Visual Studio Solution File, Format Version 11.00
# Visual Studio 2010
Project("{8BC9CEB8-8B4A-11D0-8D11-00A0C91BC942}") = "CSSDocument2", "CSSDocument2.vcxproj", "{81CCAF83-5D9A-45F9-81E2-FE4272CFE711}"
EndProject
Project("{2150E333-8FDC-42A3-9474-1A3956D46DE8}") = "AeroTheme", "AeroTheme", "{3ED05041-CD98-4974-825E-8F52F1E60D69}"
	ProjectSection(SolutionItems) = preProject
		..\..\..\Resources\GUIThemeAero\checkbox.css = ..\..\..\Resources\GUIThemeAero\checkbox.css
		..\..\..\Resources\GUIThemeAero\combobox.css = ..\..\..\Resources\GUIThemeAero\combobox.css
		..\..\..\Resources\GUIThemeAero\frame.css = ..\..\..\Resources\GUIThemeAero\frame.css
		..\..\..\Resources\GUIThemeAero\groupbox.css = ..\..\..\Resources\GUIThemeAero\groupbox.css
		..\..\..\Resources\GUIThemeAero\image.css = ..\..\..\Resources\GUIThemeAero\image.css
		..\..\..\Resources\GUIThemeAero\label.css = ..\..\..\Resources\GUIThemeAero\label.css
		..\..\..\Resources\GUIThemeAero\layout.css = ..\..\..\Resources\GUIThemeAero\layout.css
		..\..\..\Resources\GUIThemeAero\layout_disabed_file.xml = ..\..\..\Resources\GUIThemeAero\layout_disabed_file.xml
		..\..\..\Resources\GUIThemeAero\lineedit.css = ..\..\..\Resources\GUIThemeAero\lineedit.css
		..\..\..\Resources\GUIThemeAero\listview.css = ..\..\..\Resources\GUIThemeAero\listview.css
		..\..\..\Resources\GUIThemeAero\menubar.css = ..\..\..\Resources\GUIThemeAero\menubar.css
		..\..\..\Resources\GUIThemeAero\messagebox.css = ..\..\..\Resources\GUIThemeAero\messagebox.css
		..\..\..\Resources\GUIThemeAero\popupmenu.css = ..\..\..\Resources\GUIThemeAero\popupmenu.css
		..\..\..\Resources\GUIThemeAero\progressbar.css = ..\..\..\Resources\GUIThemeAero\progressbar.css
		..\..\..\Resources\GUIThemeAero\pushbutton.css = ..\..\..\Resources\GUIThemeAero\pushbutton.css
		..\..\..\Resources\GUIThemeAero\radiobutton.css = ..\..\..\Resources\GUIThemeAero\radiobutton.css
		..\..\..\Resources\GUIThemeAero\resources.xml = ..\..\..\Resources\GUIThemeAero\resources.xml
		..\..\..\Resources\GUIThemeAero\ribbon.css = ..\..\..\Resources\GUIThemeAero\ribbon.css
		..\..\..\Resources\GUIThemeAero\scrollbar_horizontal.css = ..\..\..\Resources\GUIThemeAero\scrollbar_horizontal.css
		..\..\..\Resources\GUIThemeAero\scrollbar_vertical.css = ..\..\..\Resources\GUIThemeAero\scrollbar_vertical.css
		..\..\..\Resources\GUIThemeAero\slider.css = ..\..\..\Resources\GUIThemeAero\slider.css
		..\..\..\Resources\GUIThemeAero\spin.css = ..\..\..\Resources\GUIThemeAero\spin.css
		..\..\..\Resources\GUIThemeAero\statusbar.css = ..\..\..\Resources\GUIThemeAero\statusbar.css
		..\..\..\Resources\GUIThemeAero\tab.css = ..\..\..\Resources\GUIThemeAero\tab.css
		..\..\..\Resources\GUIThemeAero\tabpage.css = ..\..\..\Resources\GUIThemeAero\tabpage.css
		..\..\..\Resources\GUIThemeAero\textedit.css = ..\..\..\Resources\GUIThemeAero\textedit.css
		..\..\..\Resources\GUIThemeAero\theme.css = ..\..\..\Resources\GUIThemeAero\theme.css
		..\..\..\Resources\GUIThemeAero\toolbar.css = ..\..\..\Resources\GUIThemeAero\toolbar.css
		..\..\..\Resources\GUIThemeAero\tooltip.css = ..\..\..\Resources\GUIThemeAero\tooltip.css
		..\..\..\Resources\GUIThemeAero\window.css = ..\..\..\Resources\GUIThemeAero\window.css
	EndProjectSection
EndProject
Global
	GlobalSection(SolutionConfigurationPlatforms) = preSolution
		Debug|Win32 = Debug|Win32
		Release|Win32 = Release|Win32
	EndGlobalSection
	GlobalSection(ProjectConfigurationPlatforms) = postSolution
		{81CCAF83-5D9A-45F9-81E2-FE4272CFE711}.Debug|Win32.ActiveCfg = Debug|Win32
		{81CCAF83-5D9A-45F9-81E2-FE4272CFE711}.Debug|Win32.Build.0 = Debug|Win32
		{81CCAF83-5D9A-45F9-81E2-FE4272CFE711}.Release|Win32.ActiveCfg = Release|Win32
		{81CCAF83-5D9A-45F9-81E2-FE4272CFE711}.Release|Win32.Build.0 = Release|Win32
	EndGlobalSection
	GlobalSection(SolutionProperties) = preSolution
		HideSolutionNode = FALSE
	EndGlobalSection
EndGlobal
