
Microsoft Visual Studio Solution File, Format Version 12.00
# Visual C++ Express 2013
Project("{8BC9CEB8-8B4A-11D0-8D11-00A0C91BC942}") = "WebBrowser", "WebBrowser.vcxproj", "{52FD82E0-6197-4C4A-BCFC-9D012DA0AF64}"
EndProject
Global
	GlobalSection(SolutionConfigurationPlatforms) = preSolution
		Debug|Win32 = Debug|Win32
		Release|Win32 = Release|Win32
	EndGlobalSection
	GlobalSection(ProjectConfigurationPlatforms) = postSolution
		{52FD82E0-6197-4C4A-BCFC-9D012DA0AF64}.Debug|Win32.ActiveCfg = Debug|Win32
		{52FD82E0-6197-4C4A-BCFC-9D012DA0AF64}.Debug|Win32.Build.0 = Debug|Win32
		{52FD82E0-6197-4C4A-BCFC-9D012DA0AF64}.Release|Win32.ActiveCfg = Release|Win32
		{52FD82E0-6197-4C4A-BCFC-9D012DA0AF64}.Release|Win32.Build.0 = Release|Win32
	EndGlobalSection
	GlobalSection(SolutionProperties) = preSolution
		HideSolutionNode = FALSE
	EndGlobalSection
EndGlobal
