
Microsoft Visual Studio Solution File, Format Version 10.00
# Visual Studio 2008
Project("{8BC9CEB8-8B4A-11D0-8D11-00A0C91BC942}") = "Basic2D", "Examples\Basic2D\Basic2D-vc90.vcproj", "{4E27E943-27C7-4F00-A431-B6ACA236FFE4}"
EndProject
Project("{8BC9CEB8-8B4A-11D0-8D11-00A0C91BC942}") = "Canvas", "Examples\Canvas\Canvas-vc90.vcproj", "{903374C5-87EA-4010-BD44-95D54D95D529}"
EndProject
Project("{8BC9CEB8-8B4A-11D0-8D11-00A0C91BC942}") = "CommandLine", "Examples\CommandLine\CommandLine-vc90.vcproj", "{4A8A4039-02D6-4CF7-97BB-58B494706C94}"
EndProject
Project("{8BC9CEB8-8B4A-11D0-8D11-00A0C91BC942}") = "CTalk", "Examples\CTalk\CTalk-vc90.vcproj", "{73EAA586-10CA-4977-8807-B4231EF5502E}"
EndProject
Project("{8BC9CEB8-8B4A-11D0-8D11-00A0C91BC942}") = "Font", "Examples\Font\Font-vc90.vcproj", "{BAB64109-DBA5-439B-A821-5AFF2D8AC4A6}"
EndProject
Project("{2150E333-8FDC-42A3-9474-1A3956D46DE8}") = "DiceWar", "DiceWar", "{3281A3E9-2166-45BA-AED3-B5359255A3BC}"
EndProject
Project("{8BC9CEB8-8B4A-11D0-8D11-00A0C91BC942}") = "DiceWar-Client", "Examples\DiceWar\DiceWar-Client-vc90.vcproj", "{E40CA023-9C41-441B-8354-7803E63AB758}"
	ProjectSection(ProjectDependencies) = postProject
		{9BBBD143-5043-4C8D-B6FC-7F3D02739FFF} = {9BBBD143-5043-4C8D-B6FC-7F3D02739FFF}
	EndProjectSection
EndProject
Project("{8BC9CEB8-8B4A-11D0-8D11-00A0C91BC942}") = "DiceWar-Lib", "Examples\DiceWar\DiceWar-Lib-vc90.vcproj", "{9BBBD143-5043-4C8D-B6FC-7F3D02739FFF}"
EndProject
Project("{8BC9CEB8-8B4A-11D0-8D11-00A0C91BC942}") = "DiceWar-Server", "Examples\DiceWar\DiceWar-Server-vc90.vcproj", "{4528B1BE-1B77-4D43-9E56-47946D542FFC}"
	ProjectSection(ProjectDependencies) = postProject
		{9BBBD143-5043-4C8D-B6FC-7F3D02739FFF} = {9BBBD143-5043-4C8D-B6FC-7F3D02739FFF}
	EndProjectSection
EndProject
Project("{2150E333-8FDC-42A3-9474-1A3956D46DE8}") = "NetGame", "NetGame", "{3C63253D-10A6-4BE0-AF82-43263A8ABC00}"
EndProject
Project("{8BC9CEB8-8B4A-11D0-8D11-00A0C91BC942}") = "TestClient", "Examples\NetGame\Client-vc90.vcproj", "{D4E85A72-C5E8-40CA-A8B4-789582115EAF}"
EndProject
Project("{8BC9CEB8-8B4A-11D0-8D11-00A0C91BC942}") = "TestServer", "Examples\NetGame\Server-vc90.vcproj", "{F182A2F3-21ED-4E67-B88F-B434716110CE}"
EndProject
Project("{8BC9CEB8-8B4A-11D0-8D11-00A0C91BC942}") = "Pacman", "Examples\Pacman\Pacman-vc90.vcproj", "{BEDE1F93-9C8C-4EB2-9033-05AB652FCE0F}"
EndProject
Project("{8BC9CEB8-8B4A-11D0-8D11-00A0C91BC942}") = "ShadowOfTheBeast", "Examples\ShadowOfTheBeast\ShadowOfTheBeast-vc90.vcproj", "{B9ADC4C0-4DFC-4EA5-9FA3-44C251BC6DC1}"
EndProject
Project("{8BC9CEB8-8B4A-11D0-8D11-00A0C91BC942}") = "SpritesRTS", "Examples\SpritesRTS\SpritesRTS-vc90.vcproj", "{D9CE0CB9-BDC8-4306-A1C8-7C9D0C1E61EB}"
EndProject
Project("{2150E333-8FDC-42A3-9474-1A3956D46DE8}") = "Documentation", "Documentation", "{8BB7E604-1C88-4F27-AA9B-48611E16110A}"
	ProjectSection(SolutionItems) = preProject
		Examples\DiceWar\events_game.txt = Examples\DiceWar\events_game.txt
		Examples\DiceWar\events_lobby.txt = Examples\DiceWar\events_lobby.txt
		Examples\DiceWar\readme.txt = Examples\DiceWar\readme.txt
	EndProjectSection
EndProject
Project("{8BC9CEB8-8B4A-11D0-8D11-00A0C91BC942}") = "GUI", "Examples\GUI\GUI-vc90.vcproj", "{BC3ED51C-8A02-4EE7-98DA-9E3106DDA590}"
EndProject
Project("{2150E333-8FDC-42A3-9474-1A3956D46DE8}") = "Utilities", "Utilities", "{E06C74F3-6BEF-4BFB-85B0-B2E73FBC5C47}"
EndProject
Project("{8BC9CEB8-8B4A-11D0-8D11-00A0C91BC942}") = "TexturePacker", "Utilities\TexturePacker\TexturePacker.vcproj", "{2EAAC185-8D7F-4570-9AC6-B07D5AB4FDAC}"
EndProject
Project("{8BC9CEB8-8B4A-11D0-8D11-00A0C91BC942}") = "GuiEditor", "Utilities\GUIEditor\GuiEditor-vc90.vcproj", "{5C1AAF8C-7FF0-447E-B01D-AED0A0B2849F}"
EndProject
Project("{8BC9CEB8-8B4A-11D0-8D11-00A0C91BC942}") = "Text", "Examples\Text\Text-vc90.vcproj", "{903374C5-87EA-4010-BD44-95D54D95D234}"
EndProject
Project("{8BC9CEB8-8B4A-11D0-8D11-00A0C91BC942}") = "PostProcessing", "Examples\PostProcessing\PostProcessing-vc90.vcproj", "{C40C2488-5052-4581-A9A5-392CC19418D8}"
EndProject
Project("{8BC9CEB8-8B4A-11D0-8D11-00A0C91BC942}") = "GUICustomComponent", "Examples\GUICustomComponent\GUICustomComponent-vc90.vcproj", "{0AFAE68D-FFDB-46E2-8C9A-158D58F93BD8}"
EndProject
Project("{8BC9CEB8-8B4A-11D0-8D11-00A0C91BC942}") = "Input", "Examples\Input\input-vc90.vcproj", "{BAB64109-DBA5-439B-A821-5AFF2D8133A9}"
EndProject
Project("{8BC9CEB8-8B4A-11D0-8D11-00A0C91BC942}") = "GUI3d", "Examples\GUI3D\gui3d-vc90.vcproj", "{BAB64109-DBA5-439B-A821-5AFF2D81144C}"
EndProject
Project("{8BC9CEB8-8B4A-11D0-8D11-00A0C91BC942}") = "Sound", "Examples\Sound\sound-vc90.vcproj", "{BAB64109-DBA5-439B-A821-5AFF2D8166FF}"
EndProject
Project("{8BC9CEB8-8B4A-11D0-8D11-00A0C91BC942}") = "CanvasAdvanced", "Examples\CanvasAdvanced\CanvasAdvanced-vc90.vcproj", "{6367F40C-5DAC-40FB-BC55-4B1D3BCA7D0D}"
EndProject
Project("{8BC9CEB8-8B4A-11D0-8D11-00A0C91BC942}") = "SQL", "Examples\SQL\SQL-vc90.vcproj", "{0E7C035C-9855-466F-9468-9FF06750C64D}"
EndProject
Global
	GlobalSection(SolutionConfigurationPlatforms) = preSolution
		Debug|Win32 = Debug|Win32
		Release|Win32 = Release|Win32
	EndGlobalSection
	GlobalSection(ProjectConfigurationPlatforms) = postSolution
		{4E27E943-27C7-4F00-A431-B6ACA236FFE4}.Debug|Win32.ActiveCfg = Debug|Win32
		{4E27E943-27C7-4F00-A431-B6ACA236FFE4}.Debug|Win32.Build.0 = Debug|Win32
		{4E27E943-27C7-4F00-A431-B6ACA236FFE4}.Release|Win32.ActiveCfg = Release|Win32
		{4E27E943-27C7-4F00-A431-B6ACA236FFE4}.Release|Win32.Build.0 = Release|Win32
		{903374C5-87EA-4010-BD44-95D54D95D529}.Debug|Win32.ActiveCfg = Debug|Win32
		{903374C5-87EA-4010-BD44-95D54D95D529}.Debug|Win32.Build.0 = Debug|Win32
		{903374C5-87EA-4010-BD44-95D54D95D529}.Release|Win32.ActiveCfg = Release|Win32
		{903374C5-87EA-4010-BD44-95D54D95D529}.Release|Win32.Build.0 = Release|Win32
		{4A8A4039-02D6-4CF7-97BB-58B494706C94}.Debug|Win32.ActiveCfg = Debug|Win32
		{4A8A4039-02D6-4CF7-97BB-58B494706C94}.Debug|Win32.Build.0 = Debug|Win32
		{4A8A4039-02D6-4CF7-97BB-58B494706C94}.Release|Win32.ActiveCfg = Release|Win32
		{4A8A4039-02D6-4CF7-97BB-58B494706C94}.Release|Win32.Build.0 = Release|Win32
		{73EAA586-10CA-4977-8807-B4231EF5502E}.Debug|Win32.ActiveCfg = Debug|Win32
		{73EAA586-10CA-4977-8807-B4231EF5502E}.Debug|Win32.Build.0 = Debug|Win32
		{73EAA586-10CA-4977-8807-B4231EF5502E}.Release|Win32.ActiveCfg = Release|Win32
		{73EAA586-10CA-4977-8807-B4231EF5502E}.Release|Win32.Build.0 = Release|Win32
		{BAB64109-DBA5-439B-A821-5AFF2D8AC4A6}.Debug|Win32.ActiveCfg = Debug|Win32
		{BAB64109-DBA5-439B-A821-5AFF2D8AC4A6}.Debug|Win32.Build.0 = Debug|Win32
		{BAB64109-DBA5-439B-A821-5AFF2D8AC4A6}.Release|Win32.ActiveCfg = Release|Win32
		{BAB64109-DBA5-439B-A821-5AFF2D8AC4A6}.Release|Win32.Build.0 = Release|Win32
		{E40CA023-9C41-441B-8354-7803E63AB758}.Debug|Win32.ActiveCfg = Debug|Win32
		{E40CA023-9C41-441B-8354-7803E63AB758}.Debug|Win32.Build.0 = Debug|Win32
		{E40CA023-9C41-441B-8354-7803E63AB758}.Release|Win32.ActiveCfg = Release|Win32
		{E40CA023-9C41-441B-8354-7803E63AB758}.Release|Win32.Build.0 = Release|Win32
		{9BBBD143-5043-4C8D-B6FC-7F3D02739FFF}.Debug|Win32.ActiveCfg = Debug|Win32
		{9BBBD143-5043-4C8D-B6FC-7F3D02739FFF}.Debug|Win32.Build.0 = Debug|Win32
		{9BBBD143-5043-4C8D-B6FC-7F3D02739FFF}.Release|Win32.ActiveCfg = Release|Win32
		{9BBBD143-5043-4C8D-B6FC-7F3D02739FFF}.Release|Win32.Build.0 = Release|Win32
		{4528B1BE-1B77-4D43-9E56-47946D542FFC}.Debug|Win32.ActiveCfg = Debug|Win32
		{4528B1BE-1B77-4D43-9E56-47946D542FFC}.Debug|Win32.Build.0 = Debug|Win32
		{4528B1BE-1B77-4D43-9E56-47946D542FFC}.Release|Win32.ActiveCfg = Release|Win32
		{4528B1BE-1B77-4D43-9E56-47946D542FFC}.Release|Win32.Build.0 = Release|Win32
		{D4E85A72-C5E8-40CA-A8B4-789582115EAF}.Debug|Win32.ActiveCfg = Debug|Win32
		{D4E85A72-C5E8-40CA-A8B4-789582115EAF}.Debug|Win32.Build.0 = Debug|Win32
		{D4E85A72-C5E8-40CA-A8B4-789582115EAF}.Release|Win32.ActiveCfg = Release|Win32
		{D4E85A72-C5E8-40CA-A8B4-789582115EAF}.Release|Win32.Build.0 = Release|Win32
		{F182A2F3-21ED-4E67-B88F-B434716110CE}.Debug|Win32.ActiveCfg = Debug|Win32
		{F182A2F3-21ED-4E67-B88F-B434716110CE}.Debug|Win32.Build.0 = Debug|Win32
		{F182A2F3-21ED-4E67-B88F-B434716110CE}.Release|Win32.ActiveCfg = Release|Win32
		{F182A2F3-21ED-4E67-B88F-B434716110CE}.Release|Win32.Build.0 = Release|Win32
		{BEDE1F93-9C8C-4EB2-9033-05AB652FCE0F}.Debug|Win32.ActiveCfg = Debug|Win32
		{BEDE1F93-9C8C-4EB2-9033-05AB652FCE0F}.Debug|Win32.Build.0 = Debug|Win32
		{BEDE1F93-9C8C-4EB2-9033-05AB652FCE0F}.Release|Win32.ActiveCfg = Release|Win32
		{BEDE1F93-9C8C-4EB2-9033-05AB652FCE0F}.Release|Win32.Build.0 = Release|Win32
		{B9ADC4C0-4DFC-4EA5-9FA3-44C251BC6DC1}.Debug|Win32.ActiveCfg = Debug|Win32
		{B9ADC4C0-4DFC-4EA5-9FA3-44C251BC6DC1}.Debug|Win32.Build.0 = Debug|Win32
		{B9ADC4C0-4DFC-4EA5-9FA3-44C251BC6DC1}.Release|Win32.ActiveCfg = Release|Win32
		{B9ADC4C0-4DFC-4EA5-9FA3-44C251BC6DC1}.Release|Win32.Build.0 = Release|Win32
		{D9CE0CB9-BDC8-4306-A1C8-7C9D0C1E61EB}.Debug|Win32.ActiveCfg = Debug|Win32
		{D9CE0CB9-BDC8-4306-A1C8-7C9D0C1E61EB}.Debug|Win32.Build.0 = Debug|Win32
		{D9CE0CB9-BDC8-4306-A1C8-7C9D0C1E61EB}.Release|Win32.ActiveCfg = Release|Win32
		{D9CE0CB9-BDC8-4306-A1C8-7C9D0C1E61EB}.Release|Win32.Build.0 = Release|Win32
		{BC3ED51C-8A02-4EE7-98DA-9E3106DDA590}.Debug|Win32.ActiveCfg = Debug|Win32
		{BC3ED51C-8A02-4EE7-98DA-9E3106DDA590}.Debug|Win32.Build.0 = Debug|Win32
		{BC3ED51C-8A02-4EE7-98DA-9E3106DDA590}.Release|Win32.ActiveCfg = Release|Win32
		{BC3ED51C-8A02-4EE7-98DA-9E3106DDA590}.Release|Win32.Build.0 = Release|Win32
		{2EAAC185-8D7F-4570-9AC6-B07D5AB4FDAC}.Debug|Win32.ActiveCfg = Debug|Win32
		{2EAAC185-8D7F-4570-9AC6-B07D5AB4FDAC}.Debug|Win32.Build.0 = Debug|Win32
		{2EAAC185-8D7F-4570-9AC6-B07D5AB4FDAC}.Release|Win32.ActiveCfg = Release|Win32
		{2EAAC185-8D7F-4570-9AC6-B07D5AB4FDAC}.Release|Win32.Build.0 = Release|Win32
		{5C1AAF8C-7FF0-447E-B01D-AED0A0B2849F}.Debug|Win32.ActiveCfg = Debug|Win32
		{5C1AAF8C-7FF0-447E-B01D-AED0A0B2849F}.Debug|Win32.Build.0 = Debug|Win32
		{5C1AAF8C-7FF0-447E-B01D-AED0A0B2849F}.Release|Win32.ActiveCfg = Release|Win32
		{5C1AAF8C-7FF0-447E-B01D-AED0A0B2849F}.Release|Win32.Build.0 = Release|Win32
		{903374C5-87EA-4010-BD44-95D54D95D234}.Debug|Win32.ActiveCfg = Debug|Win32
		{903374C5-87EA-4010-BD44-95D54D95D234}.Debug|Win32.Build.0 = Debug|Win32
		{903374C5-87EA-4010-BD44-95D54D95D234}.Release|Win32.ActiveCfg = Release|Win32
		{903374C5-87EA-4010-BD44-95D54D95D234}.Release|Win32.Build.0 = Release|Win32
		{C40C2488-5052-4581-A9A5-392CC19418D8}.Debug|Win32.ActiveCfg = Debug|Win32
		{C40C2488-5052-4581-A9A5-392CC19418D8}.Debug|Win32.Build.0 = Debug|Win32
		{C40C2488-5052-4581-A9A5-392CC19418D8}.Release|Win32.ActiveCfg = Release|Win32
		{C40C2488-5052-4581-A9A5-392CC19418D8}.Release|Win32.Build.0 = Release|Win32
		{0AFAE68D-FFDB-46E2-8C9A-158D58F93BD8}.Debug|Win32.ActiveCfg = Debug|Win32
		{0AFAE68D-FFDB-46E2-8C9A-158D58F93BD8}.Debug|Win32.Build.0 = Debug|Win32
		{0AFAE68D-FFDB-46E2-8C9A-158D58F93BD8}.Release|Win32.ActiveCfg = Release|Win32
		{0AFAE68D-FFDB-46E2-8C9A-158D58F93BD8}.Release|Win32.Build.0 = Release|Win32
		{BAB64109-DBA5-439B-A821-5AFF2D8133A9}.Debug|Win32.ActiveCfg = Debug|Win32
		{BAB64109-DBA5-439B-A821-5AFF2D8133A9}.Debug|Win32.Build.0 = Debug|Win32
		{BAB64109-DBA5-439B-A821-5AFF2D8133A9}.Release|Win32.ActiveCfg = Release|Win32
		{BAB64109-DBA5-439B-A821-5AFF2D8133A9}.Release|Win32.Build.0 = Release|Win32
		{BAB64109-DBA5-439B-A821-5AFF2D81144C}.Debug|Win32.ActiveCfg = Debug|Win32
		{BAB64109-DBA5-439B-A821-5AFF2D81144C}.Debug|Win32.Build.0 = Debug|Win32
		{BAB64109-DBA5-439B-A821-5AFF2D81144C}.Release|Win32.ActiveCfg = Release|Win32
		{BAB64109-DBA5-439B-A821-5AFF2D81144C}.Release|Win32.Build.0 = Release|Win32
		{BAB64109-DBA5-439B-A821-5AFF2D8166FF}.Debug|Win32.ActiveCfg = Debug|Win32
		{BAB64109-DBA5-439B-A821-5AFF2D8166FF}.Debug|Win32.Build.0 = Debug|Win32
		{BAB64109-DBA5-439B-A821-5AFF2D8166FF}.Release|Win32.ActiveCfg = Release|Win32
		{BAB64109-DBA5-439B-A821-5AFF2D8166FF}.Release|Win32.Build.0 = Release|Win32
		{6367F40C-5DAC-40FB-BC55-4B1D3BCA7D0D}.Debug|Win32.ActiveCfg = Debug|Win32
		{6367F40C-5DAC-40FB-BC55-4B1D3BCA7D0D}.Debug|Win32.Build.0 = Debug|Win32
		{6367F40C-5DAC-40FB-BC55-4B1D3BCA7D0D}.Release|Win32.ActiveCfg = Release|Win32
		{6367F40C-5DAC-40FB-BC55-4B1D3BCA7D0D}.Release|Win32.Build.0 = Release|Win32
		{0E7C035C-9855-466F-9468-9FF06750C64D}.Debug|Win32.ActiveCfg = Debug|Win32
		{0E7C035C-9855-466F-9468-9FF06750C64D}.Debug|Win32.Build.0 = Debug|Win32
		{0E7C035C-9855-466F-9468-9FF06750C64D}.Release|Win32.ActiveCfg = Release|Win32
		{0E7C035C-9855-466F-9468-9FF06750C64D}.Release|Win32.Build.0 = Release|Win32
	EndGlobalSection
	GlobalSection(SolutionProperties) = preSolution
		HideSolutionNode = FALSE
	EndGlobalSection
	GlobalSection(NestedProjects) = preSolution
		{E40CA023-9C41-441B-8354-7803E63AB758} = {3281A3E9-2166-45BA-AED3-B5359255A3BC}
		{9BBBD143-5043-4C8D-B6FC-7F3D02739FFF} = {3281A3E9-2166-45BA-AED3-B5359255A3BC}
		{4528B1BE-1B77-4D43-9E56-47946D542FFC} = {3281A3E9-2166-45BA-AED3-B5359255A3BC}
		{8BB7E604-1C88-4F27-AA9B-48611E16110A} = {3281A3E9-2166-45BA-AED3-B5359255A3BC}
		{D4E85A72-C5E8-40CA-A8B4-789582115EAF} = {3C63253D-10A6-4BE0-AF82-43263A8ABC00}
		{F182A2F3-21ED-4E67-B88F-B434716110CE} = {3C63253D-10A6-4BE0-AF82-43263A8ABC00}
		{2EAAC185-8D7F-4570-9AC6-B07D5AB4FDAC} = {E06C74F3-6BEF-4BFB-85B0-B2E73FBC5C47}
		{5C1AAF8C-7FF0-447E-B01D-AED0A0B2849F} = {E06C74F3-6BEF-4BFB-85B0-B2E73FBC5C47}
	EndGlobalSection
EndGlobal
