
Microsoft Visual Studio Solution File, Format Version 11.00
# Visual C++ Express 2010
Project("{8BC9CEB8-8B4A-11D0-8D11-00A0C91BC942}") = "TexturePacker", "Utilities\TexturePacker\TexturePacker-vc2010.vcxproj", "{2EAAC185-8D7F-4570-9AC6-B07D5AB4FDAC}"
EndProject
Project("{8BC9CEB8-8B4A-11D0-8D11-00A0C91BC942}") = "SQL", "Examples\Database\SQL\SQL-vc2010.vcxproj", "{0E7C035C-9855-466F-9468-9FF06750C64D}"
EndProject
Project("{8BC9CEB8-8B4A-11D0-8D11-00A0C91BC942}") = "HSVSprite", "Examples\Display_Shaders\HSVSprite\HSVSprite-vc2010.vcxproj", "{77173D24-4CBD-4925-9307-D75442CAD4AD}"
EndProject
Project("{8BC9CEB8-8B4A-11D0-8D11-00A0C91BC942}") = "HSVExample", "Examples\Display_Shaders\HSVExample\HSVExample-vc2010.vcxproj", "{F9064476-6989-4521-9E0A-2D758FB584DE}"
EndProject
Project("{8BC9CEB8-8B4A-11D0-8D11-00A0C91BC942}") = "PostProcessing", "Examples\Display_Shaders\PostProcessing\PostProcessing-vc2010.vcxproj", "{C40C2488-5052-4581-A9A5-392CC19418D8}"
EndProject
Project("{8BC9CEB8-8B4A-11D0-8D11-00A0C91BC942}") = "Pacman", "Examples\Game\Pacman\Pacman-vc2010.vcxproj", "{BEDE1F93-9C8C-4EB2-9033-05AB652FCE0F}"
EndProject
Project("{8BC9CEB8-8B4A-11D0-8D11-00A0C91BC942}") = "DiceWar-Lib", "Examples\Game\DiceWar\DiceWar-Lib-vc2010.vcxproj", "{9BBBD143-5043-4C8D-B6FC-7F3D02739FFF}"
EndProject
Project("{8BC9CEB8-8B4A-11D0-8D11-00A0C91BC942}") = "DiceWar-Client", "Examples\Game\DiceWar\DiceWar-Client-vc2010.vcxproj", "{E40CA023-9C41-441B-8354-7803E63AB758}"
	ProjectSection(ProjectDependencies) = postProject
		{9BBBD143-5043-4C8D-B6FC-7F3D02739FFF} = {9BBBD143-5043-4C8D-B6FC-7F3D02739FFF}
	EndProjectSection
EndProject
Project("{8BC9CEB8-8B4A-11D0-8D11-00A0C91BC942}") = "DiceWar-Server", "Examples\Game\DiceWar\DiceWar-Server-vc2010.vcxproj", "{4528B1BE-1B77-4D43-9E56-47946D542FFC}"
	ProjectSection(ProjectDependencies) = postProject
		{9BBBD143-5043-4C8D-B6FC-7F3D02739FFF} = {9BBBD143-5043-4C8D-B6FC-7F3D02739FFF}
	EndProjectSection
EndProject
Project("{8BC9CEB8-8B4A-11D0-8D11-00A0C91BC942}") = "SpritesRTS", "Examples\Game\SpritesRTS\SpritesRTS-vc2010.vcxproj", "{D9CE0CB9-BDC8-4306-A1C8-7C9D0C1E61EB}"
EndProject
Project("{8BC9CEB8-8B4A-11D0-8D11-00A0C91BC942}") = "Input", "Examples\Input\Input\input-vc2010.vcxproj", "{BAB64109-DBA5-439B-A821-5AFF2D8133A9}"
EndProject
Project("{8BC9CEB8-8B4A-11D0-8D11-00A0C91BC942}") = "Sound", "Examples\Sound\Sound\sound-vc2010.vcxproj", "{BAB64109-DBA5-439B-A821-5AFF2D8166FF}"
EndProject
Project("{8BC9CEB8-8B4A-11D0-8D11-00A0C91BC942}") = "Object3D", "Examples\3D\Object3D\Object3D-vc2010.vcxproj", "{4E27E943-27C7-4F00-A431-B6ACA23672AA}"
EndProject
Project("{8BC9CEB8-8B4A-11D0-8D11-00A0C91BC942}") = "GeometryShader", "Examples\3D\GeometryShader\GeometryShader-vc2010.vcxproj", "{4E27E943-27C7-4F00-A431-B6ACA2954333}"
EndProject
Project("{8BC9CEB8-8B4A-11D0-8D11-00A0C91BC942}") = "VertexBuffer", "Examples\3D\VertexBuffer\VertexBuffer-vc2010.vcxproj", "{BAB64109-DBA5-439B-A821-5AFF2A455AE1}"
EndProject
Project("{8BC9CEB8-8B4A-11D0-8D11-00A0C91BC942}") = "CpuExt", "Examples\Core\CpuExt\CpuExt-vc2010.vcxproj", "{4A8A4039-02D6-4CF7-97BB-58B494123AAA}"
EndProject
Project("{8BC9CEB8-8B4A-11D0-8D11-00A0C91BC942}") = "DisplayTarget", "Examples\Display\DisplayTarget\DisplayTarget-vc2010.vcxproj", "{4E27E943-27C7-4F00-A431-B6ACADEFAA99}"
EndProject
Project("{8BC9CEB8-8B4A-11D0-8D11-00A0C91BC942}") = "Basic2D", "Examples\Display\Basic2D\Basic2D-vc2010.vcxproj", "{4E27E943-27C7-4F00-A431-B6ACA236FFE4}"
EndProject
Project("{8BC9CEB8-8B4A-11D0-8D11-00A0C91BC942}") = "MultiWindow", "Examples\Display\MultiWindow\MultiWindow-vc2010.vcxproj", "{4E27E943-27C7-4F00-A431-B6ACA2319911}"
EndProject
Project("{8BC9CEB8-8B4A-11D0-8D11-00A0C91BC942}") = "Canvas", "Examples\Display_Render\Canvas\Canvas-vc2010.vcxproj", "{903374C5-87EA-4010-BD44-95D54D95D529}"
EndProject
Project("{8BC9CEB8-8B4A-11D0-8D11-00A0C91BC942}") = "MapMode", "Examples\Display_Render\MapMode\mapmode-vc2010.vcxproj", "{BAB64109-DBA5-439B-A821-5AFF2D111AA2}"
EndProject
Project("{8BC9CEB8-8B4A-11D0-8D11-00A0C91BC942}") = "Stencil", "Examples\Display_Render\Stencil\stencil-vc2010.vcxproj", "{BAB64109-DBA5-439B-A821-5AFF2D123AAD}"
EndProject
Project("{8BC9CEB8-8B4A-11D0-8D11-00A0C91BC942}") = "Blend", "Examples\Display_Render\Blend\blend-vc2010.vcxproj", "{BAB64109-DBA5-439B-A821-5AFF2D877AEE}"
EndProject
Project("{8BC9CEB8-8B4A-11D0-8D11-00A0C91BC942}") = "CanvasAdvanced", "Examples\Display_Render\CanvasAdvanced\CanvasAdvanced-vc2010.vcxproj", "{6367F40C-5DAC-40FB-BC55-4B1D3BCA7D0D}"
EndProject
Project("{8BC9CEB8-8B4A-11D0-8D11-00A0C91BC942}") = "PixelBuffer", "Examples\Display_Render\PixelBuffer\PixelBuffer-vc2010.vcxproj", "{BAB64109-DBA5-439B-A821-5AFF2D3FF4C0}"
EndProject
Project("{8BC9CEB8-8B4A-11D0-8D11-00A0C91BC942}") = "Text", "Examples\Display_Text\Text\Text-vc2010.vcxproj", "{903374C5-87EA-4010-BD44-95D54D95D234}"
EndProject
Project("{8BC9CEB8-8B4A-11D0-8D11-00A0C91BC942}") = "Font", "Examples\Display_Text\Font\Font-vc2010.vcxproj", "{BAB64109-DBA5-439B-A821-5AFF2D8AC4A6}"
EndProject
Project("{8BC9CEB8-8B4A-11D0-8D11-00A0C91BC942}") = "GUIBasic", "Examples\GUI\GUIBasic\GUIBasic-vc2010.vcxproj", "{4E27E943-27C7-4F00-A431-B6ACA1234AAA}"
EndProject
Project("{8BC9CEB8-8B4A-11D0-8D11-00A0C91BC942}") = "GUILayout", "Examples\GUI\GUILayout\GUILayout-vc2010.vcxproj", "{4E27E943-27C7-4F00-A431-B6ACA44DDDEF}"
EndProject
Project("{8BC9CEB8-8B4A-11D0-8D11-00A0C91BC942}") = "GUI3d", "Examples\GUI\GUI3D\gui3d-vc2010.vcxproj", "{BAB64109-DBA5-439B-A821-5AFF2D81144C}"
EndProject
Project("{8BC9CEB8-8B4A-11D0-8D11-00A0C91BC942}") = "GUICustomComponent", "Examples\GUI\GUICustomComponent\GUICustomComponent-vc2010.vcxproj", "{0AFAE68D-FFDB-46E2-8C9A-158D58F93BD8}"
EndProject
Project("{8BC9CEB8-8B4A-11D0-8D11-00A0C91BC942}") = "NetworkTestClient", "Examples\Network\NetGame\Client-vc2010.vcxproj", "{D4E85A72-C5E8-40CA-A8B4-789582115EAF}"
EndProject
Project("{8BC9CEB8-8B4A-11D0-8D11-00A0C91BC942}") = "NetworkTestServer", "Examples\Network\NetGame\Server-vc2010.vcxproj", "{F182A2F3-21ED-4E67-B88F-B434716110CE}"
EndProject
Project("{8BC9CEB8-8B4A-11D0-8D11-00A0C91BC942}") = "Quaternion", "Examples\3D\Quaternion\Quaternion-vc2010.vcxproj", "{4E27E943-27C7-4F00-A431-B6ACA2366543}"
EndProject
Project("{8BC9CEB8-8B4A-11D0-8D11-00A0C91BC942}") = "ColorWheel", "Examples\Display_Render\ColorWheel\ColorWheel-vc2010.vcxproj", "{BAB64109-DBA5-439B-A821-5AFF2D121133}"
EndProject
Project("{8BC9CEB8-8B4A-11D0-8D11-00A0C91BC942}") = "Particle", "Examples\Display\Particle\Particle-vc2010.vcxproj", "{4E27E943-27C7-4F00-A431-B6ACA57423A2}"
EndProject
Project("{8BC9CEB8-8B4A-11D0-8D11-00A0C91BC942}") = "Gaussian", "Examples\Display_Shaders\Gaussian\Gaussian-vc2010.vcxproj", "{C40C2488-5052-4581-A9A5-392CC19418D9}"
EndProject
Project("{8BC9CEB8-8B4A-11D0-8D11-00A0C91BC942}") = "Bloom", "Examples\Display_Shaders\Bloom\Bloom-vc2010.vcxproj", "{C40C2488-5052-4581-A9A5-392CC19418DA}"
EndProject
Project("{8BC9CEB8-8B4A-11D0-8D11-00A0C91BC942}") = "NightVision", "Examples\Display_Shaders\NightVision\NightVision-vc2010.vcxproj", "{C40C2488-5052-4581-A9A5-392CC19418DB}"
EndProject
Project("{8BC9CEB8-8B4A-11D0-8D11-00A0C91BC942}") = "Shockwave", "Examples\Display_Shaders\Shockwave\Shockwave-vc2010.vcxproj", "{C40C2488-5052-4581-A9A5-392CC19418AA}"
EndProject
Project("{8BC9CEB8-8B4A-11D0-8D11-00A0C91BC942}") = "Timing", "Examples\Display\Timing\Timing-vc2010.vcxproj", "{4E27E943-27C7-4F00-A431-B6ACA23EAFE4}"
EndProject
Project("{8BC9CEB8-8B4A-11D0-8D11-00A0C91BC942}") = "Thread", "Examples\Display\Thread\Thread-vc2010.vcxproj", "{C40C2488-5052-4581-A9A5-392CC19418BA}"
EndProject
Project("{8BC9CEB8-8B4A-11D0-8D11-00A0C91BC942}") = "TileMap", "Examples\Game\TileMap\TileMap-vc2010.vcxproj", "{55672B55-E5EA-4CF2-80CB-0350A8CAB0B3}"
EndProject
Project("{8BC9CEB8-8B4A-11D0-8D11-00A0C91BC942}") = "LayeredWindow", "Examples\Display\LayeredWindow\LayeredWindow-vc2010.vcxproj", "{4E27E943-27C7-4F00-A431-B6ACA237766A}"
EndProject
Project("{8BC9CEB8-8B4A-11D0-8D11-00A0C91BC942}") = "LayeredWindow2", "Examples\Display\LayeredWindow2\LayeredWindow2-vc2010.vcxproj", "{4E27E943-27C7-4F00-A431-B6ACA23EA32F}"
EndProject
Project("{8BC9CEB8-8B4A-11D0-8D11-00A0C91BC942}") = "GUI_Direct", "Examples\GUI\GUI_Direct\GUI_Direct-vc2010.vcxproj", "{BC3ED51C-8A02-4EE7-98DA-9E3106DDA592}"
EndProject
Project("{8BC9CEB8-8B4A-11D0-8D11-00A0C91BC942}") = "GUI_Layered", "Examples\GUI\GUI_Layered\GUI_Layered-vc2010.vcxproj", "{BC3ED51C-8A02-4EE7-98DA-9E3106DDA594}"
EndProject
Project("{8BC9CEB8-8B4A-11D0-8D11-00A0C91BC942}") = "GUI_System", "Examples\GUI\GUI_System\GUI_System-vc2010.vcxproj", "{BC3ED51C-8A02-4EE7-98DA-9E3106DDA591}"
EndProject
Project("{8BC9CEB8-8B4A-11D0-8D11-00A0C91BC942}") = "GUI_Texture", "Examples\GUI\GUI_Texture\GUI_Texture-vc2010.vcxproj", "{BC3ED51C-8A02-4EE7-98DA-9E3106DDA590}"
EndProject
Project("{8BC9CEB8-8B4A-11D0-8D11-00A0C91BC942}") = "Perlin_Noise", "Examples\Display\PerlinNoise\perlin_noise-vc2010.vcxproj", "{BAB64109-DBA5-439B-A821-5AFA2233354A}"
EndProject
Project("{8BC9CEB8-8B4A-11D0-8D11-00A0C91BC942}") = "Language", "Examples\Display_Text\Language\Language-vc2010.vcxproj", "{4E27E943-27C7-4F00-A431-3AACA936FFE4}"
EndProject
Project("{8BC9CEB8-8B4A-11D0-8D11-00A0C91BC942}") = "FullScreen", "Examples\Display\FullScreen\FullScreen-vc2010.vcxproj", "{4E27E943-27C7-4F00-A431-E6ACA2D6FFE4}"
EndProject
Project("{8BC9CEB8-8B4A-11D0-8D11-00A0C91BC942}") = "Scroller", "Examples\Display_Text\Scroller\Scroller-vc2010.vcxproj", "{4E27E943-27C7-4F00-A431-B6DDD136FFE4}"
EndProject
Project("{8BC9CEB8-8B4A-11D0-8D11-00A0C91BC942}") = "SineScroll", "Examples\Display\SineScroll\SineScroll-vc2010.vcxproj", "{4E27E943-27C7-4F00-A431-B6FACE22FFE4}"
EndProject
Project("{8BC9CEB8-8B4A-11D0-8D11-00A0C91BC942}") = "Collision", "Examples\Display\Collision\Collision-vc2010.vcxproj", "{4E27E943-27C7-4F00-A431-B6111236ACE4}"
EndProject
Project("{8BC9CEB8-8B4A-11D0-8D11-00A0C91BC942}") = "TextFade", "Examples\Display_Text\TextFade\TextFade-vc2010.vcxproj", "{4E27E943-27C7-4F00-A431-12345676FFE4}"
EndProject
Project("{8BC9CEB8-8B4A-11D0-8D11-00A0C91BC942}") = "alpha", "Examples\Display\Alpha\Alpha-vc2010.vcxproj", "{4E27E943-27C7-4F00-A431-B6ACAEDCFFE4}"
EndProject
Project("{8BC9CEB8-8B4A-11D0-8D11-00A0C91BC942}") = "PointSprite", "Examples\Display_Render\PointSprite\pointsprite-vc2010.vcxproj", "{BAB64109-DBA5-439B-A821-5AFAABB11AA2}"
EndProject
Project("{8BC9CEB8-8B4A-11D0-8D11-00A0C91BC942}") = "PacmanEvolutions", "Examples\Game\PacmanEvolutions\PacmanEvolutions.vcxproj", "{67340DA3-FC66-437E-85EE-BE6EED4B10C0}"
EndProject
Project("{8BC9CEB8-8B4A-11D0-8D11-00A0C91BC942}") = "Roadgeddon", "Examples\Game\Roadgeddon\Roadgeddon-vc2010.vcxproj", "{11B5A777-05FB-47D4-B197-273E2F877370}"
EndProject
Project("{8BC9CEB8-8B4A-11D0-8D11-00A0C91BC942}") = "MikMod", "Examples\Sound\MikMod\MikMod-vc2010.vcxproj", "{4E27E943-27C7-4F00-A431-B6ACA2316161}"
EndProject
Project("{8BC9CEB8-8B4A-11D0-8D11-00A0C91BC942}") = "CharacterController-vc2010", "Examples\3D\CharacterController\CharacterController-vc2010.vcxproj", "{E90892B0-3EE6-47BD-A3F3-7FF329AF351C}"
EndProject
Global
	GlobalSection(SolutionConfigurationPlatforms) = preSolution
		Debug|Win32 = Debug|Win32
		Debug|x64 = Debug|x64
		Release|Win32 = Release|Win32
		Release|x64 = Release|x64
	EndGlobalSection
	GlobalSection(ProjectConfigurationPlatforms) = postSolution
		{2EAAC185-8D7F-4570-9AC6-B07D5AB4FDAC}.Debug|Win32.ActiveCfg = Debug|Win32
		{2EAAC185-8D7F-4570-9AC6-B07D5AB4FDAC}.Debug|Win32.Build.0 = Debug|Win32
		{2EAAC185-8D7F-4570-9AC6-B07D5AB4FDAC}.Debug|x64.ActiveCfg = Debug|Win32
		{2EAAC185-8D7F-4570-9AC6-B07D5AB4FDAC}.Release|Win32.ActiveCfg = Release|Win32
		{2EAAC185-8D7F-4570-9AC6-B07D5AB4FDAC}.Release|Win32.Build.0 = Release|Win32
		{2EAAC185-8D7F-4570-9AC6-B07D5AB4FDAC}.Release|x64.ActiveCfg = Release|Win32
		{0E7C035C-9855-466F-9468-9FF06750C64D}.Debug|Win32.ActiveCfg = Debug|Win32
		{0E7C035C-9855-466F-9468-9FF06750C64D}.Debug|Win32.Build.0 = Debug|Win32
		{0E7C035C-9855-466F-9468-9FF06750C64D}.Debug|x64.ActiveCfg = Debug|Win32
		{0E7C035C-9855-466F-9468-9FF06750C64D}.Release|Win32.ActiveCfg = Release|Win32
		{0E7C035C-9855-466F-9468-9FF06750C64D}.Release|Win32.Build.0 = Release|Win32
		{0E7C035C-9855-466F-9468-9FF06750C64D}.Release|x64.ActiveCfg = Release|Win32
		{77173D24-4CBD-4925-9307-D75442CAD4AD}.Debug|Win32.ActiveCfg = Debug|Win32
		{77173D24-4CBD-4925-9307-D75442CAD4AD}.Debug|Win32.Build.0 = Debug|Win32
		{77173D24-4CBD-4925-9307-D75442CAD4AD}.Debug|x64.ActiveCfg = Debug|Win32
		{77173D24-4CBD-4925-9307-D75442CAD4AD}.Release|Win32.ActiveCfg = Release|Win32
		{77173D24-4CBD-4925-9307-D75442CAD4AD}.Release|Win32.Build.0 = Release|Win32
		{77173D24-4CBD-4925-9307-D75442CAD4AD}.Release|x64.ActiveCfg = Release|Win32
		{F9064476-6989-4521-9E0A-2D758FB584DE}.Debug|Win32.ActiveCfg = Debug|Win32
		{F9064476-6989-4521-9E0A-2D758FB584DE}.Debug|Win32.Build.0 = Debug|Win32
		{F9064476-6989-4521-9E0A-2D758FB584DE}.Debug|x64.ActiveCfg = Debug|Win32
		{F9064476-6989-4521-9E0A-2D758FB584DE}.Release|Win32.ActiveCfg = Release|Win32
		{F9064476-6989-4521-9E0A-2D758FB584DE}.Release|Win32.Build.0 = Release|Win32
		{F9064476-6989-4521-9E0A-2D758FB584DE}.Release|x64.ActiveCfg = Release|Win32
		{C40C2488-5052-4581-A9A5-392CC19418D8}.Debug|Win32.ActiveCfg = Debug|Win32
		{C40C2488-5052-4581-A9A5-392CC19418D8}.Debug|Win32.Build.0 = Debug|Win32
		{C40C2488-5052-4581-A9A5-392CC19418D8}.Debug|x64.ActiveCfg = Debug|Win32
		{C40C2488-5052-4581-A9A5-392CC19418D8}.Release|Win32.ActiveCfg = Release|Win32
		{C40C2488-5052-4581-A9A5-392CC19418D8}.Release|Win32.Build.0 = Release|Win32
		{C40C2488-5052-4581-A9A5-392CC19418D8}.Release|x64.ActiveCfg = Release|Win32
		{BEDE1F93-9C8C-4EB2-9033-05AB652FCE0F}.Debug|Win32.ActiveCfg = Debug|Win32
		{BEDE1F93-9C8C-4EB2-9033-05AB652FCE0F}.Debug|Win32.Build.0 = Debug|Win32
		{BEDE1F93-9C8C-4EB2-9033-05AB652FCE0F}.Debug|x64.ActiveCfg = Debug|x64
		{BEDE1F93-9C8C-4EB2-9033-05AB652FCE0F}.Debug|x64.Build.0 = Debug|x64
		{BEDE1F93-9C8C-4EB2-9033-05AB652FCE0F}.Release|Win32.ActiveCfg = Release|Win32
		{BEDE1F93-9C8C-4EB2-9033-05AB652FCE0F}.Release|Win32.Build.0 = Release|Win32
		{BEDE1F93-9C8C-4EB2-9033-05AB652FCE0F}.Release|x64.ActiveCfg = Release|x64
		{BEDE1F93-9C8C-4EB2-9033-05AB652FCE0F}.Release|x64.Build.0 = Release|x64
		{9BBBD143-5043-4C8D-B6FC-7F3D02739FFF}.Debug|Win32.ActiveCfg = Debug|Win32
		{9BBBD143-5043-4C8D-B6FC-7F3D02739FFF}.Debug|Win32.Build.0 = Debug|Win32
		{9BBBD143-5043-4C8D-B6FC-7F3D02739FFF}.Debug|x64.ActiveCfg = Debug|Win32
		{9BBBD143-5043-4C8D-B6FC-7F3D02739FFF}.Release|Win32.ActiveCfg = Release|Win32
		{9BBBD143-5043-4C8D-B6FC-7F3D02739FFF}.Release|Win32.Build.0 = Release|Win32
		{9BBBD143-5043-4C8D-B6FC-7F3D02739FFF}.Release|x64.ActiveCfg = Release|Win32
		{E40CA023-9C41-441B-8354-7803E63AB758}.Debug|Win32.ActiveCfg = Debug|Win32
		{E40CA023-9C41-441B-8354-7803E63AB758}.Debug|Win32.Build.0 = Debug|Win32
		{E40CA023-9C41-441B-8354-7803E63AB758}.Debug|x64.ActiveCfg = Debug|Win32
		{E40CA023-9C41-441B-8354-7803E63AB758}.Release|Win32.ActiveCfg = Release|Win32
		{E40CA023-9C41-441B-8354-7803E63AB758}.Release|Win32.Build.0 = Release|Win32
		{E40CA023-9C41-441B-8354-7803E63AB758}.Release|x64.ActiveCfg = Release|Win32
		{4528B1BE-1B77-4D43-9E56-47946D542FFC}.Debug|Win32.ActiveCfg = Debug|Win32
		{4528B1BE-1B77-4D43-9E56-47946D542FFC}.Debug|Win32.Build.0 = Debug|Win32
		{4528B1BE-1B77-4D43-9E56-47946D542FFC}.Debug|x64.ActiveCfg = Debug|Win32
		{4528B1BE-1B77-4D43-9E56-47946D542FFC}.Release|Win32.ActiveCfg = Release|Win32
		{4528B1BE-1B77-4D43-9E56-47946D542FFC}.Release|Win32.Build.0 = Release|Win32
		{4528B1BE-1B77-4D43-9E56-47946D542FFC}.Release|x64.ActiveCfg = Release|Win32
		{D9CE0CB9-BDC8-4306-A1C8-7C9D0C1E61EB}.Debug|Win32.ActiveCfg = Debug|Win32
		{D9CE0CB9-BDC8-4306-A1C8-7C9D0C1E61EB}.Debug|Win32.Build.0 = Debug|Win32
		{D9CE0CB9-BDC8-4306-A1C8-7C9D0C1E61EB}.Debug|x64.ActiveCfg = Debug|Win32
		{D9CE0CB9-BDC8-4306-A1C8-7C9D0C1E61EB}.Release|Win32.ActiveCfg = Release|Win32
		{D9CE0CB9-BDC8-4306-A1C8-7C9D0C1E61EB}.Release|Win32.Build.0 = Release|Win32
		{D9CE0CB9-BDC8-4306-A1C8-7C9D0C1E61EB}.Release|x64.ActiveCfg = Release|Win32
		{BAB64109-DBA5-439B-A821-5AFF2D8133A9}.Debug|Win32.ActiveCfg = Debug|Win32
		{BAB64109-DBA5-439B-A821-5AFF2D8133A9}.Debug|Win32.Build.0 = Debug|Win32
		{BAB64109-DBA5-439B-A821-5AFF2D8133A9}.Debug|x64.ActiveCfg = Debug|Win32
		{BAB64109-DBA5-439B-A821-5AFF2D8133A9}.Release|Win32.ActiveCfg = Release|Win32
		{BAB64109-DBA5-439B-A821-5AFF2D8133A9}.Release|Win32.Build.0 = Release|Win32
		{BAB64109-DBA5-439B-A821-5AFF2D8133A9}.Release|x64.ActiveCfg = Release|Win32
		{BAB64109-DBA5-439B-A821-5AFF2D8166FF}.Debug|Win32.ActiveCfg = Debug|Win32
		{BAB64109-DBA5-439B-A821-5AFF2D8166FF}.Debug|Win32.Build.0 = Debug|Win32
		{BAB64109-DBA5-439B-A821-5AFF2D8166FF}.Debug|x64.ActiveCfg = Debug|Win32
		{BAB64109-DBA5-439B-A821-5AFF2D8166FF}.Release|Win32.ActiveCfg = Release|Win32
		{BAB64109-DBA5-439B-A821-5AFF2D8166FF}.Release|Win32.Build.0 = Release|Win32
		{BAB64109-DBA5-439B-A821-5AFF2D8166FF}.Release|x64.ActiveCfg = Release|Win32
		{4E27E943-27C7-4F00-A431-B6ACA23672AA}.Debug|Win32.ActiveCfg = Debug|Win32
		{4E27E943-27C7-4F00-A431-B6ACA23672AA}.Debug|Win32.Build.0 = Debug|Win32
		{4E27E943-27C7-4F00-A431-B6ACA23672AA}.Debug|x64.ActiveCfg = Debug|Win32
		{4E27E943-27C7-4F00-A431-B6ACA23672AA}.Release|Win32.ActiveCfg = Release|Win32
		{4E27E943-27C7-4F00-A431-B6ACA23672AA}.Release|Win32.Build.0 = Release|Win32
		{4E27E943-27C7-4F00-A431-B6ACA23672AA}.Release|x64.ActiveCfg = Release|Win32
		{4E27E943-27C7-4F00-A431-B6ACA2954333}.Debug|Win32.ActiveCfg = Debug|Win32
		{4E27E943-27C7-4F00-A431-B6ACA2954333}.Debug|Win32.Build.0 = Debug|Win32
		{4E27E943-27C7-4F00-A431-B6ACA2954333}.Debug|x64.ActiveCfg = Debug|Win32
		{4E27E943-27C7-4F00-A431-B6ACA2954333}.Release|Win32.ActiveCfg = Release|Win32
		{4E27E943-27C7-4F00-A431-B6ACA2954333}.Release|Win32.Build.0 = Release|Win32
		{4E27E943-27C7-4F00-A431-B6ACA2954333}.Release|x64.ActiveCfg = Release|Win32
		{BAB64109-DBA5-439B-A821-5AFF2A455AE1}.Debug|Win32.ActiveCfg = Debug|Win32
		{BAB64109-DBA5-439B-A821-5AFF2A455AE1}.Debug|Win32.Build.0 = Debug|Win32
		{BAB64109-DBA5-439B-A821-5AFF2A455AE1}.Debug|x64.ActiveCfg = Debug|Win32
		{BAB64109-DBA5-439B-A821-5AFF2A455AE1}.Release|Win32.ActiveCfg = Release|Win32
		{BAB64109-DBA5-439B-A821-5AFF2A455AE1}.Release|Win32.Build.0 = Release|Win32
		{BAB64109-DBA5-439B-A821-5AFF2A455AE1}.Release|x64.ActiveCfg = Release|Win32
		{4A8A4039-02D6-4CF7-97BB-58B494123AAA}.Debug|Win32.ActiveCfg = Debug|Win32
		{4A8A4039-02D6-4CF7-97BB-58B494123AAA}.Debug|Win32.Build.0 = Debug|Win32
		{4A8A4039-02D6-4CF7-97BB-58B494123AAA}.Debug|x64.ActiveCfg = Debug|Win32
		{4A8A4039-02D6-4CF7-97BB-58B494123AAA}.Release|Win32.ActiveCfg = Release|Win32
		{4A8A4039-02D6-4CF7-97BB-58B494123AAA}.Release|Win32.Build.0 = Release|Win32
		{4A8A4039-02D6-4CF7-97BB-58B494123AAA}.Release|x64.ActiveCfg = Release|Win32
		{4E27E943-27C7-4F00-A431-B6ACADEFAA99}.Debug|Win32.ActiveCfg = Debug|Win32
		{4E27E943-27C7-4F00-A431-B6ACADEFAA99}.Debug|Win32.Build.0 = Debug|Win32
		{4E27E943-27C7-4F00-A431-B6ACADEFAA99}.Debug|x64.ActiveCfg = Debug|Win32
		{4E27E943-27C7-4F00-A431-B6ACADEFAA99}.Release|Win32.ActiveCfg = Release|Win32
		{4E27E943-27C7-4F00-A431-B6ACADEFAA99}.Release|Win32.Build.0 = Release|Win32
		{4E27E943-27C7-4F00-A431-B6ACADEFAA99}.Release|x64.ActiveCfg = Release|Win32
		{4E27E943-27C7-4F00-A431-B6ACA236FFE4}.Debug|Win32.ActiveCfg = Debug|Win32
		{4E27E943-27C7-4F00-A431-B6ACA236FFE4}.Debug|Win32.Build.0 = Debug|Win32
		{4E27E943-27C7-4F00-A431-B6ACA236FFE4}.Debug|x64.ActiveCfg = Debug|Win32
		{4E27E943-27C7-4F00-A431-B6ACA236FFE4}.Release|Win32.ActiveCfg = Release|Win32
		{4E27E943-27C7-4F00-A431-B6ACA236FFE4}.Release|Win32.Build.0 = Release|Win32
		{4E27E943-27C7-4F00-A431-B6ACA236FFE4}.Release|x64.ActiveCfg = Release|Win32
		{4E27E943-27C7-4F00-A431-B6ACA2319911}.Debug|Win32.ActiveCfg = Debug|Win32
		{4E27E943-27C7-4F00-A431-B6ACA2319911}.Debug|Win32.Build.0 = Debug|Win32
		{4E27E943-27C7-4F00-A431-B6ACA2319911}.Debug|x64.ActiveCfg = Debug|Win32
		{4E27E943-27C7-4F00-A431-B6ACA2319911}.Release|Win32.ActiveCfg = Release|Win32
		{4E27E943-27C7-4F00-A431-B6ACA2319911}.Release|Win32.Build.0 = Release|Win32
		{4E27E943-27C7-4F00-A431-B6ACA2319911}.Release|x64.ActiveCfg = Release|Win32
		{903374C5-87EA-4010-BD44-95D54D95D529}.Debug|Win32.ActiveCfg = Debug|Win32
		{903374C5-87EA-4010-BD44-95D54D95D529}.Debug|Win32.Build.0 = Debug|Win32
		{903374C5-87EA-4010-BD44-95D54D95D529}.Debug|x64.ActiveCfg = Debug|Win32
		{903374C5-87EA-4010-BD44-95D54D95D529}.Release|Win32.ActiveCfg = Release|Win32
		{903374C5-87EA-4010-BD44-95D54D95D529}.Release|Win32.Build.0 = Release|Win32
		{903374C5-87EA-4010-BD44-95D54D95D529}.Release|x64.ActiveCfg = Release|Win32
		{BAB64109-DBA5-439B-A821-5AFF2D111AA2}.Debug|Win32.ActiveCfg = Debug|Win32
		{BAB64109-DBA5-439B-A821-5AFF2D111AA2}.Debug|Win32.Build.0 = Debug|Win32
		{BAB64109-DBA5-439B-A821-5AFF2D111AA2}.Debug|x64.ActiveCfg = Debug|Win32
		{BAB64109-DBA5-439B-A821-5AFF2D111AA2}.Release|Win32.ActiveCfg = Release|Win32
		{BAB64109-DBA5-439B-A821-5AFF2D111AA2}.Release|Win32.Build.0 = Release|Win32
		{BAB64109-DBA5-439B-A821-5AFF2D111AA2}.Release|x64.ActiveCfg = Release|Win32
		{BAB64109-DBA5-439B-A821-5AFF2D123AAD}.Debug|Win32.ActiveCfg = Debug|Win32
		{BAB64109-DBA5-439B-A821-5AFF2D123AAD}.Debug|Win32.Build.0 = Debug|Win32
		{BAB64109-DBA5-439B-A821-5AFF2D123AAD}.Debug|x64.ActiveCfg = Debug|Win32
		{BAB64109-DBA5-439B-A821-5AFF2D123AAD}.Release|Win32.ActiveCfg = Release|Win32
		{BAB64109-DBA5-439B-A821-5AFF2D123AAD}.Release|Win32.Build.0 = Release|Win32
		{BAB64109-DBA5-439B-A821-5AFF2D123AAD}.Release|x64.ActiveCfg = Release|Win32
		{BAB64109-DBA5-439B-A821-5AFF2D877AEE}.Debug|Win32.ActiveCfg = Debug|Win32
		{BAB64109-DBA5-439B-A821-5AFF2D877AEE}.Debug|Win32.Build.0 = Debug|Win32
		{BAB64109-DBA5-439B-A821-5AFF2D877AEE}.Debug|x64.ActiveCfg = Debug|Win32
		{BAB64109-DBA5-439B-A821-5AFF2D877AEE}.Release|Win32.ActiveCfg = Release|Win32
		{BAB64109-DBA5-439B-A821-5AFF2D877AEE}.Release|Win32.Build.0 = Release|Win32
		{BAB64109-DBA5-439B-A821-5AFF2D877AEE}.Release|x64.ActiveCfg = Release|Win32
		{6367F40C-5DAC-40FB-BC55-4B1D3BCA7D0D}.Debug|Win32.ActiveCfg = Debug|Win32
		{6367F40C-5DAC-40FB-BC55-4B1D3BCA7D0D}.Debug|Win32.Build.0 = Debug|Win32
		{6367F40C-5DAC-40FB-BC55-4B1D3BCA7D0D}.Debug|x64.ActiveCfg = Debug|Win32
		{6367F40C-5DAC-40FB-BC55-4B1D3BCA7D0D}.Release|Win32.ActiveCfg = Release|Win32
		{6367F40C-5DAC-40FB-BC55-4B1D3BCA7D0D}.Release|Win32.Build.0 = Release|Win32
		{6367F40C-5DAC-40FB-BC55-4B1D3BCA7D0D}.Release|x64.ActiveCfg = Release|Win32
		{BAB64109-DBA5-439B-A821-5AFF2D3FF4C0}.Debug|Win32.ActiveCfg = Debug|Win32
		{BAB64109-DBA5-439B-A821-5AFF2D3FF4C0}.Debug|Win32.Build.0 = Debug|Win32
		{BAB64109-DBA5-439B-A821-5AFF2D3FF4C0}.Debug|x64.ActiveCfg = Debug|Win32
		{BAB64109-DBA5-439B-A821-5AFF2D3FF4C0}.Release|Win32.ActiveCfg = Release|Win32
		{BAB64109-DBA5-439B-A821-5AFF2D3FF4C0}.Release|Win32.Build.0 = Release|Win32
		{BAB64109-DBA5-439B-A821-5AFF2D3FF4C0}.Release|x64.ActiveCfg = Release|Win32
		{903374C5-87EA-4010-BD44-95D54D95D234}.Debug|Win32.ActiveCfg = Debug|Win32
		{903374C5-87EA-4010-BD44-95D54D95D234}.Debug|Win32.Build.0 = Debug|Win32
		{903374C5-87EA-4010-BD44-95D54D95D234}.Debug|x64.ActiveCfg = Debug|Win32
		{903374C5-87EA-4010-BD44-95D54D95D234}.Release|Win32.ActiveCfg = Release|Win32
		{903374C5-87EA-4010-BD44-95D54D95D234}.Release|Win32.Build.0 = Release|Win32
		{903374C5-87EA-4010-BD44-95D54D95D234}.Release|x64.ActiveCfg = Release|Win32
		{BAB64109-DBA5-439B-A821-5AFF2D8AC4A6}.Debug|Win32.ActiveCfg = Debug|Win32
		{BAB64109-DBA5-439B-A821-5AFF2D8AC4A6}.Debug|Win32.Build.0 = Debug|Win32
		{BAB64109-DBA5-439B-A821-5AFF2D8AC4A6}.Debug|x64.ActiveCfg = Debug|Win32
		{BAB64109-DBA5-439B-A821-5AFF2D8AC4A6}.Release|Win32.ActiveCfg = Release|Win32
		{BAB64109-DBA5-439B-A821-5AFF2D8AC4A6}.Release|Win32.Build.0 = Release|Win32
		{BAB64109-DBA5-439B-A821-5AFF2D8AC4A6}.Release|x64.ActiveCfg = Release|Win32
		{4E27E943-27C7-4F00-A431-B6ACA1234AAA}.Debug|Win32.ActiveCfg = Debug|Win32
		{4E27E943-27C7-4F00-A431-B6ACA1234AAA}.Debug|Win32.Build.0 = Debug|Win32
		{4E27E943-27C7-4F00-A431-B6ACA1234AAA}.Debug|x64.ActiveCfg = Debug|Win32
		{4E27E943-27C7-4F00-A431-B6ACA1234AAA}.Release|Win32.ActiveCfg = Release|Win32
		{4E27E943-27C7-4F00-A431-B6ACA1234AAA}.Release|Win32.Build.0 = Release|Win32
		{4E27E943-27C7-4F00-A431-B6ACA1234AAA}.Release|x64.ActiveCfg = Release|Win32
		{4E27E943-27C7-4F00-A431-B6ACA44DDDEF}.Debug|Win32.ActiveCfg = Debug|Win32
		{4E27E943-27C7-4F00-A431-B6ACA44DDDEF}.Debug|Win32.Build.0 = Debug|Win32
		{4E27E943-27C7-4F00-A431-B6ACA44DDDEF}.Debug|x64.ActiveCfg = Debug|Win32
		{4E27E943-27C7-4F00-A431-B6ACA44DDDEF}.Release|Win32.ActiveCfg = Release|Win32
		{4E27E943-27C7-4F00-A431-B6ACA44DDDEF}.Release|Win32.Build.0 = Release|Win32
		{4E27E943-27C7-4F00-A431-B6ACA44DDDEF}.Release|x64.ActiveCfg = Release|Win32
		{BAB64109-DBA5-439B-A821-5AFF2D81144C}.Debug|Win32.ActiveCfg = Debug|Win32
		{BAB64109-DBA5-439B-A821-5AFF2D81144C}.Debug|Win32.Build.0 = Debug|Win32
		{BAB64109-DBA5-439B-A821-5AFF2D81144C}.Debug|x64.ActiveCfg = Debug|Win32
		{BAB64109-DBA5-439B-A821-5AFF2D81144C}.Release|Win32.ActiveCfg = Release|Win32
		{BAB64109-DBA5-439B-A821-5AFF2D81144C}.Release|Win32.Build.0 = Release|Win32
		{BAB64109-DBA5-439B-A821-5AFF2D81144C}.Release|x64.ActiveCfg = Release|Win32
		{0AFAE68D-FFDB-46E2-8C9A-158D58F93BD8}.Debug|Win32.ActiveCfg = Debug|Win32
		{0AFAE68D-FFDB-46E2-8C9A-158D58F93BD8}.Debug|Win32.Build.0 = Debug|Win32
		{0AFAE68D-FFDB-46E2-8C9A-158D58F93BD8}.Debug|x64.ActiveCfg = Debug|Win32
		{0AFAE68D-FFDB-46E2-8C9A-158D58F93BD8}.Release|Win32.ActiveCfg = Release|Win32
		{0AFAE68D-FFDB-46E2-8C9A-158D58F93BD8}.Release|Win32.Build.0 = Release|Win32
		{0AFAE68D-FFDB-46E2-8C9A-158D58F93BD8}.Release|x64.ActiveCfg = Release|Win32
		{D4E85A72-C5E8-40CA-A8B4-789582115EAF}.Debug|Win32.ActiveCfg = Debug|Win32
		{D4E85A72-C5E8-40CA-A8B4-789582115EAF}.Debug|Win32.Build.0 = Debug|Win32
		{D4E85A72-C5E8-40CA-A8B4-789582115EAF}.Debug|x64.ActiveCfg = Debug|Win32
		{D4E85A72-C5E8-40CA-A8B4-789582115EAF}.Release|Win32.ActiveCfg = Release|Win32
		{D4E85A72-C5E8-40CA-A8B4-789582115EAF}.Release|Win32.Build.0 = Release|Win32
		{D4E85A72-C5E8-40CA-A8B4-789582115EAF}.Release|x64.ActiveCfg = Release|Win32
		{F182A2F3-21ED-4E67-B88F-B434716110CE}.Debug|Win32.ActiveCfg = Debug|Win32
		{F182A2F3-21ED-4E67-B88F-B434716110CE}.Debug|Win32.Build.0 = Debug|Win32
		{F182A2F3-21ED-4E67-B88F-B434716110CE}.Debug|x64.ActiveCfg = Debug|Win32
		{F182A2F3-21ED-4E67-B88F-B434716110CE}.Release|Win32.ActiveCfg = Release|Win32
		{F182A2F3-21ED-4E67-B88F-B434716110CE}.Release|Win32.Build.0 = Release|Win32
		{F182A2F3-21ED-4E67-B88F-B434716110CE}.Release|x64.ActiveCfg = Release|Win32
		{4E27E943-27C7-4F00-A431-B6ACA2366543}.Debug|Win32.ActiveCfg = Debug|Win32
		{4E27E943-27C7-4F00-A431-B6ACA2366543}.Debug|Win32.Build.0 = Debug|Win32
		{4E27E943-27C7-4F00-A431-B6ACA2366543}.Debug|x64.ActiveCfg = Debug|Win32
		{4E27E943-27C7-4F00-A431-B6ACA2366543}.Release|Win32.ActiveCfg = Release|Win32
		{4E27E943-27C7-4F00-A431-B6ACA2366543}.Release|Win32.Build.0 = Release|Win32
		{4E27E943-27C7-4F00-A431-B6ACA2366543}.Release|x64.ActiveCfg = Release|Win32
		{BAB64109-DBA5-439B-A821-5AFF2D121133}.Debug|Win32.ActiveCfg = Debug|Win32
		{BAB64109-DBA5-439B-A821-5AFF2D121133}.Debug|Win32.Build.0 = Debug|Win32
		{BAB64109-DBA5-439B-A821-5AFF2D121133}.Debug|x64.ActiveCfg = Debug|Win32
		{BAB64109-DBA5-439B-A821-5AFF2D121133}.Release|Win32.ActiveCfg = Release|Win32
		{BAB64109-DBA5-439B-A821-5AFF2D121133}.Release|Win32.Build.0 = Release|Win32
		{BAB64109-DBA5-439B-A821-5AFF2D121133}.Release|x64.ActiveCfg = Release|Win32
		{4E27E943-27C7-4F00-A431-B6ACA57423A2}.Debug|Win32.ActiveCfg = Debug|Win32
		{4E27E943-27C7-4F00-A431-B6ACA57423A2}.Debug|Win32.Build.0 = Debug|Win32
		{4E27E943-27C7-4F00-A431-B6ACA57423A2}.Debug|x64.ActiveCfg = Debug|Win32
		{4E27E943-27C7-4F00-A431-B6ACA57423A2}.Release|Win32.ActiveCfg = Release|Win32
		{4E27E943-27C7-4F00-A431-B6ACA57423A2}.Release|Win32.Build.0 = Release|Win32
		{4E27E943-27C7-4F00-A431-B6ACA57423A2}.Release|x64.ActiveCfg = Release|Win32
		{C40C2488-5052-4581-A9A5-392CC19418D9}.Debug|Win32.ActiveCfg = Debug|Win32
		{C40C2488-5052-4581-A9A5-392CC19418D9}.Debug|Win32.Build.0 = Debug|Win32
		{C40C2488-5052-4581-A9A5-392CC19418D9}.Debug|x64.ActiveCfg = Debug|Win32
		{C40C2488-5052-4581-A9A5-392CC19418D9}.Release|Win32.ActiveCfg = Release|Win32
		{C40C2488-5052-4581-A9A5-392CC19418D9}.Release|Win32.Build.0 = Release|Win32
		{C40C2488-5052-4581-A9A5-392CC19418D9}.Release|x64.ActiveCfg = Release|Win32
		{C40C2488-5052-4581-A9A5-392CC19418DA}.Debug|Win32.ActiveCfg = Debug|Win32
		{C40C2488-5052-4581-A9A5-392CC19418DA}.Debug|Win32.Build.0 = Debug|Win32
		{C40C2488-5052-4581-A9A5-392CC19418DA}.Debug|x64.ActiveCfg = Debug|Win32
		{C40C2488-5052-4581-A9A5-392CC19418DA}.Release|Win32.ActiveCfg = Release|Win32
		{C40C2488-5052-4581-A9A5-392CC19418DA}.Release|Win32.Build.0 = Release|Win32
		{C40C2488-5052-4581-A9A5-392CC19418DA}.Release|x64.ActiveCfg = Release|Win32
		{C40C2488-5052-4581-A9A5-392CC19418DB}.Debug|Win32.ActiveCfg = Debug|Win32
		{C40C2488-5052-4581-A9A5-392CC19418DB}.Debug|Win32.Build.0 = Debug|Win32
		{C40C2488-5052-4581-A9A5-392CC19418DB}.Debug|x64.ActiveCfg = Debug|Win32
		{C40C2488-5052-4581-A9A5-392CC19418DB}.Release|Win32.ActiveCfg = Release|Win32
		{C40C2488-5052-4581-A9A5-392CC19418DB}.Release|Win32.Build.0 = Release|Win32
		{C40C2488-5052-4581-A9A5-392CC19418DB}.Release|x64.ActiveCfg = Release|Win32
		{C40C2488-5052-4581-A9A5-392CC19418AA}.Debug|Win32.ActiveCfg = Debug|Win32
		{C40C2488-5052-4581-A9A5-392CC19418AA}.Debug|Win32.Build.0 = Debug|Win32
		{C40C2488-5052-4581-A9A5-392CC19418AA}.Debug|x64.ActiveCfg = Debug|Win32
		{C40C2488-5052-4581-A9A5-392CC19418AA}.Release|Win32.ActiveCfg = Release|Win32
		{C40C2488-5052-4581-A9A5-392CC19418AA}.Release|Win32.Build.0 = Release|Win32
		{C40C2488-5052-4581-A9A5-392CC19418AA}.Release|x64.ActiveCfg = Release|Win32
		{4E27E943-27C7-4F00-A431-B6ACA23EAFE4}.Debug|Win32.ActiveCfg = Debug|Win32
		{4E27E943-27C7-4F00-A431-B6ACA23EAFE4}.Debug|Win32.Build.0 = Debug|Win32
		{4E27E943-27C7-4F00-A431-B6ACA23EAFE4}.Debug|x64.ActiveCfg = Debug|Win32
		{4E27E943-27C7-4F00-A431-B6ACA23EAFE4}.Release|Win32.ActiveCfg = Release|Win32
		{4E27E943-27C7-4F00-A431-B6ACA23EAFE4}.Release|Win32.Build.0 = Release|Win32
		{4E27E943-27C7-4F00-A431-B6ACA23EAFE4}.Release|x64.ActiveCfg = Release|Win32
		{C40C2488-5052-4581-A9A5-392CC19418BA}.Debug|Win32.ActiveCfg = Debug|Win32
		{C40C2488-5052-4581-A9A5-392CC19418BA}.Debug|Win32.Build.0 = Debug|Win32
		{C40C2488-5052-4581-A9A5-392CC19418BA}.Debug|x64.ActiveCfg = Debug|Win32
		{C40C2488-5052-4581-A9A5-392CC19418BA}.Release|Win32.ActiveCfg = Release|Win32
		{C40C2488-5052-4581-A9A5-392CC19418BA}.Release|Win32.Build.0 = Release|Win32
		{C40C2488-5052-4581-A9A5-392CC19418BA}.Release|x64.ActiveCfg = Release|Win32
		{55672B55-E5EA-4CF2-80CB-0350A8CAB0B3}.Debug|Win32.ActiveCfg = Debug|Win32
		{55672B55-E5EA-4CF2-80CB-0350A8CAB0B3}.Debug|Win32.Build.0 = Debug|Win32
		{55672B55-E5EA-4CF2-80CB-0350A8CAB0B3}.Debug|x64.ActiveCfg = Debug|Win32
		{55672B55-E5EA-4CF2-80CB-0350A8CAB0B3}.Release|Win32.ActiveCfg = Release|Win32
		{55672B55-E5EA-4CF2-80CB-0350A8CAB0B3}.Release|Win32.Build.0 = Release|Win32
		{55672B55-E5EA-4CF2-80CB-0350A8CAB0B3}.Release|x64.ActiveCfg = Release|Win32
		{4E27E943-27C7-4F00-A431-B6ACA237766A}.Debug|Win32.ActiveCfg = Debug|Win32
		{4E27E943-27C7-4F00-A431-B6ACA237766A}.Debug|Win32.Build.0 = Debug|Win32
		{4E27E943-27C7-4F00-A431-B6ACA237766A}.Debug|x64.ActiveCfg = Debug|Win32
		{4E27E943-27C7-4F00-A431-B6ACA237766A}.Release|Win32.ActiveCfg = Release|Win32
		{4E27E943-27C7-4F00-A431-B6ACA237766A}.Release|Win32.Build.0 = Release|Win32
		{4E27E943-27C7-4F00-A431-B6ACA237766A}.Release|x64.ActiveCfg = Release|Win32
		{4E27E943-27C7-4F00-A431-B6ACA23EA32F}.Debug|Win32.ActiveCfg = Debug|Win32
		{4E27E943-27C7-4F00-A431-B6ACA23EA32F}.Debug|Win32.Build.0 = Debug|Win32
		{4E27E943-27C7-4F00-A431-B6ACA23EA32F}.Debug|x64.ActiveCfg = Debug|Win32
		{4E27E943-27C7-4F00-A431-B6ACA23EA32F}.Release|Win32.ActiveCfg = Release|Win32
		{4E27E943-27C7-4F00-A431-B6ACA23EA32F}.Release|Win32.Build.0 = Release|Win32
		{4E27E943-27C7-4F00-A431-B6ACA23EA32F}.Release|x64.ActiveCfg = Release|Win32
		{BC3ED51C-8A02-4EE7-98DA-9E3106DDA592}.Debug|Win32.ActiveCfg = Debug|Win32
		{BC3ED51C-8A02-4EE7-98DA-9E3106DDA592}.Debug|Win32.Build.0 = Debug|Win32
		{BC3ED51C-8A02-4EE7-98DA-9E3106DDA592}.Debug|x64.ActiveCfg = Debug|x64
		{BC3ED51C-8A02-4EE7-98DA-9E3106DDA592}.Debug|x64.Build.0 = Debug|x64
		{BC3ED51C-8A02-4EE7-98DA-9E3106DDA592}.Release|Win32.ActiveCfg = Release|Win32
		{BC3ED51C-8A02-4EE7-98DA-9E3106DDA592}.Release|Win32.Build.0 = Release|Win32
		{BC3ED51C-8A02-4EE7-98DA-9E3106DDA592}.Release|x64.ActiveCfg = Release|x64
		{BC3ED51C-8A02-4EE7-98DA-9E3106DDA592}.Release|x64.Build.0 = Release|x64
		{BC3ED51C-8A02-4EE7-98DA-9E3106DDA594}.Debug|Win32.ActiveCfg = Debug|Win32
		{BC3ED51C-8A02-4EE7-98DA-9E3106DDA594}.Debug|Win32.Build.0 = Debug|Win32
		{BC3ED51C-8A02-4EE7-98DA-9E3106DDA594}.Debug|x64.ActiveCfg = Debug|x64
		{BC3ED51C-8A02-4EE7-98DA-9E3106DDA594}.Debug|x64.Build.0 = Debug|x64
		{BC3ED51C-8A02-4EE7-98DA-9E3106DDA594}.Release|Win32.ActiveCfg = Release|Win32
		{BC3ED51C-8A02-4EE7-98DA-9E3106DDA594}.Release|Win32.Build.0 = Release|Win32
		{BC3ED51C-8A02-4EE7-98DA-9E3106DDA594}.Release|x64.ActiveCfg = Release|x64
		{BC3ED51C-8A02-4EE7-98DA-9E3106DDA594}.Release|x64.Build.0 = Release|x64
		{BC3ED51C-8A02-4EE7-98DA-9E3106DDA591}.Debug|Win32.ActiveCfg = Debug|Win32
		{BC3ED51C-8A02-4EE7-98DA-9E3106DDA591}.Debug|Win32.Build.0 = Debug|Win32
		{BC3ED51C-8A02-4EE7-98DA-9E3106DDA591}.Debug|x64.ActiveCfg = Debug|x64
		{BC3ED51C-8A02-4EE7-98DA-9E3106DDA591}.Debug|x64.Build.0 = Debug|x64
		{BC3ED51C-8A02-4EE7-98DA-9E3106DDA591}.Release|Win32.ActiveCfg = Release|Win32
		{BC3ED51C-8A02-4EE7-98DA-9E3106DDA591}.Release|Win32.Build.0 = Release|Win32
		{BC3ED51C-8A02-4EE7-98DA-9E3106DDA591}.Release|x64.ActiveCfg = Release|x64
		{BC3ED51C-8A02-4EE7-98DA-9E3106DDA591}.Release|x64.Build.0 = Release|x64
		{BC3ED51C-8A02-4EE7-98DA-9E3106DDA590}.Debug|Win32.ActiveCfg = Debug|Win32
		{BC3ED51C-8A02-4EE7-98DA-9E3106DDA590}.Debug|Win32.Build.0 = Debug|Win32
		{BC3ED51C-8A02-4EE7-98DA-9E3106DDA590}.Debug|x64.ActiveCfg = Debug|x64
		{BC3ED51C-8A02-4EE7-98DA-9E3106DDA590}.Debug|x64.Build.0 = Debug|x64
		{BC3ED51C-8A02-4EE7-98DA-9E3106DDA590}.Release|Win32.ActiveCfg = Release|Win32
		{BC3ED51C-8A02-4EE7-98DA-9E3106DDA590}.Release|Win32.Build.0 = Release|Win32
		{BC3ED51C-8A02-4EE7-98DA-9E3106DDA590}.Release|x64.ActiveCfg = Release|x64
		{BC3ED51C-8A02-4EE7-98DA-9E3106DDA590}.Release|x64.Build.0 = Release|x64
		{BAB64109-DBA5-439B-A821-5AFA2233354A}.Debug|Win32.ActiveCfg = Debug|Win32
		{BAB64109-DBA5-439B-A821-5AFA2233354A}.Debug|Win32.Build.0 = Debug|Win32
		{BAB64109-DBA5-439B-A821-5AFA2233354A}.Debug|x64.ActiveCfg = Debug|Win32
		{BAB64109-DBA5-439B-A821-5AFA2233354A}.Release|Win32.ActiveCfg = Release|Win32
		{BAB64109-DBA5-439B-A821-5AFA2233354A}.Release|Win32.Build.0 = Release|Win32
		{BAB64109-DBA5-439B-A821-5AFA2233354A}.Release|x64.ActiveCfg = Release|Win32
		{4E27E943-27C7-4F00-A431-3AACA936FFE4}.Debug|Win32.ActiveCfg = Debug|Win32
		{4E27E943-27C7-4F00-A431-3AACA936FFE4}.Debug|Win32.Build.0 = Debug|Win32
		{4E27E943-27C7-4F00-A431-3AACA936FFE4}.Debug|x64.ActiveCfg = Debug|Win32
		{4E27E943-27C7-4F00-A431-3AACA936FFE4}.Release|Win32.ActiveCfg = Release|Win32
		{4E27E943-27C7-4F00-A431-3AACA936FFE4}.Release|Win32.Build.0 = Release|Win32
		{4E27E943-27C7-4F00-A431-3AACA936FFE4}.Release|x64.ActiveCfg = Release|Win32
		{4E27E943-27C7-4F00-A431-E6ACA2D6FFE4}.Debug|Win32.ActiveCfg = Debug|Win32
		{4E27E943-27C7-4F00-A431-E6ACA2D6FFE4}.Debug|Win32.Build.0 = Debug|Win32
		{4E27E943-27C7-4F00-A431-E6ACA2D6FFE4}.Debug|x64.ActiveCfg = Debug|Win32
		{4E27E943-27C7-4F00-A431-E6ACA2D6FFE4}.Release|Win32.ActiveCfg = Release|Win32
		{4E27E943-27C7-4F00-A431-E6ACA2D6FFE4}.Release|Win32.Build.0 = Release|Win32
		{4E27E943-27C7-4F00-A431-E6ACA2D6FFE4}.Release|x64.ActiveCfg = Release|Win32
		{4E27E943-27C7-4F00-A431-B6DDD136FFE4}.Debug|Win32.ActiveCfg = Debug|Win32
		{4E27E943-27C7-4F00-A431-B6DDD136FFE4}.Debug|Win32.Build.0 = Debug|Win32
		{4E27E943-27C7-4F00-A431-B6DDD136FFE4}.Debug|x64.ActiveCfg = Debug|Win32
		{4E27E943-27C7-4F00-A431-B6DDD136FFE4}.Release|Win32.ActiveCfg = Release|Win32
		{4E27E943-27C7-4F00-A431-B6DDD136FFE4}.Release|Win32.Build.0 = Release|Win32
		{4E27E943-27C7-4F00-A431-B6DDD136FFE4}.Release|x64.ActiveCfg = Release|Win32
		{4E27E943-27C7-4F00-A431-B6FACE22FFE4}.Debug|Win32.ActiveCfg = Debug|Win32
		{4E27E943-27C7-4F00-A431-B6FACE22FFE4}.Debug|Win32.Build.0 = Debug|Win32
		{4E27E943-27C7-4F00-A431-B6FACE22FFE4}.Debug|x64.ActiveCfg = Debug|Win32
		{4E27E943-27C7-4F00-A431-B6FACE22FFE4}.Release|Win32.ActiveCfg = Release|Win32
		{4E27E943-27C7-4F00-A431-B6FACE22FFE4}.Release|Win32.Build.0 = Release|Win32
		{4E27E943-27C7-4F00-A431-B6FACE22FFE4}.Release|x64.ActiveCfg = Release|Win32
		{4E27E943-27C7-4F00-A431-B6111236ACE4}.Debug|Win32.ActiveCfg = Debug|Win32
		{4E27E943-27C7-4F00-A431-B6111236ACE4}.Debug|Win32.Build.0 = Debug|Win32
		{4E27E943-27C7-4F00-A431-B6111236ACE4}.Debug|x64.ActiveCfg = Debug|Win32
		{4E27E943-27C7-4F00-A431-B6111236ACE4}.Release|Win32.ActiveCfg = Release|Win32
		{4E27E943-27C7-4F00-A431-B6111236ACE4}.Release|Win32.Build.0 = Release|Win32
		{4E27E943-27C7-4F00-A431-B6111236ACE4}.Release|x64.ActiveCfg = Release|Win32
		{4E27E943-27C7-4F00-A431-12345676FFE4}.Debug|Win32.ActiveCfg = Debug|Win32
		{4E27E943-27C7-4F00-A431-12345676FFE4}.Debug|Win32.Build.0 = Debug|Win32
		{4E27E943-27C7-4F00-A431-12345676FFE4}.Debug|x64.ActiveCfg = Debug|Win32
		{4E27E943-27C7-4F00-A431-12345676FFE4}.Release|Win32.ActiveCfg = Release|Win32
		{4E27E943-27C7-4F00-A431-12345676FFE4}.Release|Win32.Build.0 = Release|Win32
		{4E27E943-27C7-4F00-A431-12345676FFE4}.Release|x64.ActiveCfg = Release|Win32
		{4E27E943-27C7-4F00-A431-B6ACAEDCFFE4}.Debug|Win32.ActiveCfg = Debug|Win32
		{4E27E943-27C7-4F00-A431-B6ACAEDCFFE4}.Debug|Win32.Build.0 = Debug|Win32
		{4E27E943-27C7-4F00-A431-B6ACAEDCFFE4}.Debug|x64.ActiveCfg = Debug|Win32
		{4E27E943-27C7-4F00-A431-B6ACAEDCFFE4}.Release|Win32.ActiveCfg = Release|Win32
		{4E27E943-27C7-4F00-A431-B6ACAEDCFFE4}.Release|Win32.Build.0 = Release|Win32
		{4E27E943-27C7-4F00-A431-B6ACAEDCFFE4}.Release|x64.ActiveCfg = Release|Win32
		{BAB64109-DBA5-439B-A821-5AFAABB11AA2}.Debug|Win32.ActiveCfg = Debug|Win32
		{BAB64109-DBA5-439B-A821-5AFAABB11AA2}.Debug|Win32.Build.0 = Debug|Win32
		{BAB64109-DBA5-439B-A821-5AFAABB11AA2}.Debug|x64.ActiveCfg = Debug|Win32
		{BAB64109-DBA5-439B-A821-5AFAABB11AA2}.Release|Win32.ActiveCfg = Release|Win32
		{BAB64109-DBA5-439B-A821-5AFAABB11AA2}.Release|Win32.Build.0 = Release|Win32
		{BAB64109-DBA5-439B-A821-5AFAABB11AA2}.Release|x64.ActiveCfg = Release|Win32
		{67340DA3-FC66-437E-85EE-BE6EED4B10C0}.Debug|Win32.ActiveCfg = Debug|Win32
		{67340DA3-FC66-437E-85EE-BE6EED4B10C0}.Debug|Win32.Build.0 = Debug|Win32
		{67340DA3-FC66-437E-85EE-BE6EED4B10C0}.Debug|x64.ActiveCfg = Debug|Win32
		{67340DA3-FC66-437E-85EE-BE6EED4B10C0}.Release|Win32.ActiveCfg = Release|Win32
		{67340DA3-FC66-437E-85EE-BE6EED4B10C0}.Release|Win32.Build.0 = Release|Win32
		{67340DA3-FC66-437E-85EE-BE6EED4B10C0}.Release|x64.ActiveCfg = Release|Win32
		{11B5A777-05FB-47D4-B197-273E2F877370}.Debug|Win32.ActiveCfg = Debug|Win32
		{11B5A777-05FB-47D4-B197-273E2F877370}.Debug|Win32.Build.0 = Debug|Win32
		{11B5A777-05FB-47D4-B197-273E2F877370}.Debug|x64.ActiveCfg = Debug|Win32
		{11B5A777-05FB-47D4-B197-273E2F877370}.Release|Win32.ActiveCfg = Release|Win32
		{11B5A777-05FB-47D4-B197-273E2F877370}.Release|Win32.Build.0 = Release|Win32
		{11B5A777-05FB-47D4-B197-273E2F877370}.Release|x64.ActiveCfg = Release|Win32
		{4E27E943-27C7-4F00-A431-B6ACA2316161}.Debug|Win32.ActiveCfg = Debug|Win32
		{4E27E943-27C7-4F00-A431-B6ACA2316161}.Debug|Win32.Build.0 = Debug|Win32
		{4E27E943-27C7-4F00-A431-B6ACA2316161}.Debug|x64.ActiveCfg = Debug|Win32
		{4E27E943-27C7-4F00-A431-B6ACA2316161}.Release|Win32.ActiveCfg = Release|Win32
		{4E27E943-27C7-4F00-A431-B6ACA2316161}.Release|Win32.Build.0 = Release|Win32
		{4E27E943-27C7-4F00-A431-B6ACA2316161}.Release|x64.ActiveCfg = Release|Win32
		{E90892B0-3EE6-47BD-A3F3-7FF329AF351C}.Debug|Win32.ActiveCfg = Debug|Win32
		{E90892B0-3EE6-47BD-A3F3-7FF329AF351C}.Debug|Win32.Build.0 = Debug|Win32
		{E90892B0-3EE6-47BD-A3F3-7FF329AF351C}.Debug|x64.ActiveCfg = Debug|Win32
		{E90892B0-3EE6-47BD-A3F3-7FF329AF351C}.Release|Win32.ActiveCfg = Release|Win32
		{E90892B0-3EE6-47BD-A3F3-7FF329AF351C}.Release|Win32.Build.0 = Release|Win32
		{E90892B0-3EE6-47BD-A3F3-7FF329AF351C}.Release|x64.ActiveCfg = Release|Win32
	EndGlobalSection
	GlobalSection(SolutionProperties) = preSolution
		HideSolutionNode = FALSE
	EndGlobalSection
EndGlobal
