
Microsoft Visual Studio Solution File, Format Version 10.00
# Visual C++ Express 2008
Project("{8BC9CEB8-8B4A-11D0-8D11-00A0C91BC942}") = "Button1", "Tests\GUI\Button1\Button1-vc90.vcproj", "{39894959-F657-4A12-B5EA-166F1DFBD7EE}"
EndProject
Project("{8BC9CEB8-8B4A-11D0-8D11-00A0C91BC942}") = "CheckBox1", "Tests\GUI\CheckBox1\CheckBox1-vc90.vcproj", "{5C1AAF8C-7FF0-447E-B01D-AED0A0B2849F}"
EndProject
Project("{8BC9CEB8-8B4A-11D0-8D11-00A0C91BC942}") = "Label1", "Tests\GUI\Label1\Label1-vc90.vcproj", "{82340246-4105-43D5-8D48-5FC35A5D6EB5}"
EndProject
Project("{8BC9CEB8-8B4A-11D0-8D11-00A0C91BC942}") = "LineEdit1", "Tests\GUI\LineEdit1\LineEdit1-vc90.vcproj", "{901C2B2F-158F-4E2E-B29D-C078FF4B8B84}"
EndProject
Project("{8BC9CEB8-8B4A-11D0-8D11-00A0C91BC942}") = "ListView1", "Tests\GUI\ListView1\ListView1-vc90.vcproj", "{9C60FB49-EC7C-4E71-9D75-BCC855EDF814}"
EndProject
Project("{8BC9CEB8-8B4A-11D0-8D11-00A0C91BC942}") = "PopupMenu1", "Tests\GUI\PopupMenu1\PopupMenu1-vc90.vcproj", "{82C358DB-3A9C-4C15-869A-53CF1BE6B8A6}"
EndProject
Project("{8BC9CEB8-8B4A-11D0-8D11-00A0C91BC942}") = "ProgressBar1", "Tests\GUI\ProgressBar1\ProgressBar1-vc90.vcproj", "{36668BAD-1A0D-469C-BFAF-04E01A0100F2}"
EndProject
Project("{8BC9CEB8-8B4A-11D0-8D11-00A0C91BC942}") = "RadioButton1", "Tests\GUI\RadioButton1\RadioButton1-vc90.vcproj", "{62BE6238-B6B7-4FC0-8306-EDC14CC970DB}"
EndProject
Project("{8BC9CEB8-8B4A-11D0-8D11-00A0C91BC942}") = "Scrollbar1", "Tests\GUI\Scrollbar1\Scrollbar1-vc90.vcproj", "{DB6D65A3-E602-4639-996C-EE986C429BE0}"
EndProject
Project("{8BC9CEB8-8B4A-11D0-8D11-00A0C91BC942}") = "Slider1", "Tests\GUI\Slider1\Slider1-vc90.vcproj", "{5E6E0E4A-AF6A-41A5-803F-A6C626D7720A}"
EndProject
Project("{8BC9CEB8-8B4A-11D0-8D11-00A0C91BC942}") = "Window1", "Tests\GUI\Window1\Window1-vc90.vcproj", "{9DFD68EB-23FA-421A-9399-CF459EBF71BD}"
EndProject
Project("{8BC9CEB8-8B4A-11D0-8D11-00A0C91BC942}") = "Button2", "Tests\GUI\Button2\Button2-vc90.vcproj", "{528FA806-2702-496E-ABA3-90036E001C0D}"
EndProject
Project("{8BC9CEB8-8B4A-11D0-8D11-00A0C91BC942}") = "Themes1", "Tests\GUI\Themes1\Themes1-vc90.vcproj", "{2CAE88F9-CA79-4960-9E01-566E6B49CD4D}"
EndProject
Project("{2150E333-8FDC-42A3-9474-1A3956D46DE8}") = "GUI", "GUI", "{A790E23B-A75D-4FAA-B2FF-E8F6AFE2A64B}"
EndProject
Project("{2150E333-8FDC-42A3-9474-1A3956D46DE8}") = "Display", "Display", "{61A03E9F-D306-4EE5-B38E-4138C1DEC02E}"
EndProject
Project("{2150E333-8FDC-42A3-9474-1A3956D46DE8}") = "Core", "Core", "{8A39FBB6-6161-467E-9CA5-401F12831AA6}"
EndProject
Project("{8BC9CEB8-8B4A-11D0-8D11-00A0C91BC942}") = "CSSBox", "Tests\Core\CSSBox\CSSBox-vc90.vcproj", "{BAB9F701-4F2D-4D08-A3ED-02F84BD8FEE1}"
EndProject
Project("{8BC9CEB8-8B4A-11D0-8D11-00A0C91BC942}") = "IOData", "Tests\Core\IOData\IOData-vc90.vcproj", "{95AE3D35-371F-4BF8-BD38-8F7FF7AD1BE1}"
EndProject
Project("{8BC9CEB8-8B4A-11D0-8D11-00A0C91BC942}") = "Math", "Tests\Core\Math\Math-vc90.vcproj", "{DD0EC1F8-78BC-4FAE-9870-BC48245C3B0C}"
EndProject
Project("{8BC9CEB8-8B4A-11D0-8D11-00A0C91BC942}") = "System", "Tests\Core\System\System-vc90.vcproj", "{9DE49AD8-388F-47E1-8C4E-2AB61F6E55C5}"
EndProject
Project("{8BC9CEB8-8B4A-11D0-8D11-00A0C91BC942}") = "Text", "Tests\Core\Text\Text-vc90.vcproj", "{1AF07737-64EA-466E-9171-0540134272D2}"
EndProject
Project("{8BC9CEB8-8B4A-11D0-8D11-00A0C91BC942}") = "XPath", "Tests\Core\XPath\XPath-vc90.vcproj", "{62CF6497-659F-4FA4-88B0-AD8DED99CA8D}"
EndProject
Project("{8BC9CEB8-8B4A-11D0-8D11-00A0C91BC942}") = "Zip", "Tests\Core\Zip\Zip-vc90.vcproj", "{88D84740-C9EA-4A97-9717-FF7ED74F1E9A}"
EndProject
Project("{8BC9CEB8-8B4A-11D0-8D11-00A0C91BC942}") = "2D", "Tests\Display\2D\2D-vc90.vcproj", "{4E27E943-27C7-4F00-A431-B6ACA236ACD2}"
EndProject
Project("{8BC9CEB8-8B4A-11D0-8D11-00A0C91BC942}") = "BlendShader1", "Tests\Display\BlendShader1\BlendShader1-vc90.vcproj", "{5F3F881B-0995-41C8-8F2B-66FA8EF38868}"
EndProject
Project("{8BC9CEB8-8B4A-11D0-8D11-00A0C91BC942}") = "Cube1", "Tests\Display\Cube1\Cube1-vc90.vcproj", "{0C3BD0DA-2B53-4FB0-AA6C-08D84118B59A}"
EndProject
Project("{8BC9CEB8-8B4A-11D0-8D11-00A0C91BC942}") = "Sprites1", "Tests\Display\Sprites1\Sprites1-vc90.vcproj", "{48750355-940C-4DB8-8E60-3C12A0D50D73}"
EndProject
Project("{8BC9CEB8-8B4A-11D0-8D11-00A0C91BC942}") = "SpriteSpeed1", "Tests\Display\SpriteSpeed1\SpriteSpeed1-CL09-vc90.vcproj", "{6D0EC7A4-83C6-45A4-8BC7-1D1C4EE4EC5D}"
EndProject
Project("{8BC9CEB8-8B4A-11D0-8D11-00A0C91BC942}") = "Viewport1", "Tests\Display\Viewport1\Viewport1-vc90.vcproj", "{3C5A0E78-4A05-4953-BA6F-A752C7F7AF92}"
EndProject
Project("{8BC9CEB8-8B4A-11D0-8D11-00A0C91BC942}") = "Window", "Tests\Display\Window\Window-vc90.vcproj", "{BAB9F701-4F2D-4D08-A3ED-02F84BD63AB2}"
EndProject
Project("{8BC9CEB8-8B4A-11D0-8D11-00A0C91BC942}") = "Button3", "Tests\GUI\Button3\Button3-vc90.vcproj", "{1FAC95A5-4B62-4621-859A-F43EB1A3BE1E}"
EndProject
Project("{8BC9CEB8-8B4A-11D0-8D11-00A0C91BC942}") = "GUIFont", "Tests\GUI\GUIFont\GUIFont-vc90.vcproj", "{B1BEBB08-625F-4899-906E-9E08D16E82F8}"
EndProject
Project("{8BC9CEB8-8B4A-11D0-8D11-00A0C91BC942}") = "RenderBox1", "Tests\GUI\RenderBox1\RenderBox1-vc90.vcproj", "{45F8FAD0-BFF2-40FC-A927-DAB6AA5286F4}"
EndProject
Project("{8BC9CEB8-8B4A-11D0-8D11-00A0C91BC942}") = "SpeedTest1", "Tests\GUI\SpeedTest1\SpeedTest1-vc90.vcproj", "{744835B7-0B6E-4926-8316-E98C8D2CE631}"
EndProject
Project("{8BC9CEB8-8B4A-11D0-8D11-00A0C91BC942}") = "Tab1", "Tests\GUI\Tab1\Tab1-vc90.vcproj", "{7F40FED0-920A-47E1-A37F-AB099ADBF542}"
EndProject
Project("{8BC9CEB8-8B4A-11D0-8D11-00A0C91BC942}") = "TabOrder1", "Tests\GUI\TabOrder1\TabOrder1-vc90.vcproj", "{7E76B628-AD35-4823-A62F-347A6C451D07}"
EndProject
Project("{8BC9CEB8-8B4A-11D0-8D11-00A0C91BC942}") = "TabOrder2", "Tests\GUI\TabOrder2\TabOrder2-vc90.vcproj", "{E1C5F02D-BB09-4ACD-8EB3-23105401AE1C}"
EndProject
Project("{2150E333-8FDC-42A3-9474-1A3956D46DE8}") = "Network", "Network", "{B59F93F1-638F-4FEB-824A-245F0B5D59A8}"
EndProject
Project("{8BC9CEB8-8B4A-11D0-8D11-00A0C91BC942}") = "DNS", "Tests\Network\DNS\DNS-vc90.vcproj", "{F795E727-F10C-4032-BB93-C9194955CB27}"
EndProject
Project("{8BC9CEB8-8B4A-11D0-8D11-00A0C91BC942}") = "TCPConnection", "Tests\Network\TCPConnection\TCPConnection-vc90.vcproj", "{4EBA0C76-44FB-4B5C-8CEF-54008DA70535}"
EndProject
Project("{8BC9CEB8-8B4A-11D0-8D11-00A0C91BC942}") = "Scrollbar2", "Tests\GUI\Scrollbar2\Scrollbar2-vc90.vcproj", "{415F53A0-F608-4D14-85C5-EEA69A6F488B}"
EndProject
Project("{8BC9CEB8-8B4A-11D0-8D11-00A0C91BC942}") = "framebuffer1", "Tests\Display\FrameBuffer1\framebuffer1_vc90.vcproj", "{903374C5-87EA-4010-BD44-95D54D9A3834}"
EndProject
Project("{8BC9CEB8-8B4A-11D0-8D11-00A0C91BC942}") = "texelcenter", "Tests\Display\TexelCenter\texelcenter-vc90.vcproj", "{BAB64109-DBA5-439B-A821-5AFF2D8124BC}"
EndProject
Global
	GlobalSection(SolutionConfigurationPlatforms) = preSolution
		Debug|Win32 = Debug|Win32
		Release|Win32 = Release|Win32
	EndGlobalSection
	GlobalSection(ProjectConfigurationPlatforms) = postSolution
		{39894959-F657-4A12-B5EA-166F1DFBD7EE}.Debug|Win32.ActiveCfg = Debug|Win32
		{39894959-F657-4A12-B5EA-166F1DFBD7EE}.Debug|Win32.Build.0 = Debug|Win32
		{39894959-F657-4A12-B5EA-166F1DFBD7EE}.Release|Win32.ActiveCfg = Release|Win32
		{39894959-F657-4A12-B5EA-166F1DFBD7EE}.Release|Win32.Build.0 = Release|Win32
		{5C1AAF8C-7FF0-447E-B01D-AED0A0B2849F}.Debug|Win32.ActiveCfg = Debug|Win32
		{5C1AAF8C-7FF0-447E-B01D-AED0A0B2849F}.Debug|Win32.Build.0 = Debug|Win32
		{5C1AAF8C-7FF0-447E-B01D-AED0A0B2849F}.Release|Win32.ActiveCfg = Release|Win32
		{5C1AAF8C-7FF0-447E-B01D-AED0A0B2849F}.Release|Win32.Build.0 = Release|Win32
		{82340246-4105-43D5-8D48-5FC35A5D6EB5}.Debug|Win32.ActiveCfg = Debug|Win32
		{82340246-4105-43D5-8D48-5FC35A5D6EB5}.Debug|Win32.Build.0 = Debug|Win32
		{82340246-4105-43D5-8D48-5FC35A5D6EB5}.Release|Win32.ActiveCfg = Release|Win32
		{82340246-4105-43D5-8D48-5FC35A5D6EB5}.Release|Win32.Build.0 = Release|Win32
		{901C2B2F-158F-4E2E-B29D-C078FF4B8B84}.Debug|Win32.ActiveCfg = Debug|Win32
		{901C2B2F-158F-4E2E-B29D-C078FF4B8B84}.Debug|Win32.Build.0 = Debug|Win32
		{901C2B2F-158F-4E2E-B29D-C078FF4B8B84}.Release|Win32.ActiveCfg = Release|Win32
		{901C2B2F-158F-4E2E-B29D-C078FF4B8B84}.Release|Win32.Build.0 = Release|Win32
		{9C60FB49-EC7C-4E71-9D75-BCC855EDF814}.Debug|Win32.ActiveCfg = Debug|Win32
		{9C60FB49-EC7C-4E71-9D75-BCC855EDF814}.Debug|Win32.Build.0 = Debug|Win32
		{9C60FB49-EC7C-4E71-9D75-BCC855EDF814}.Release|Win32.ActiveCfg = Release|Win32
		{9C60FB49-EC7C-4E71-9D75-BCC855EDF814}.Release|Win32.Build.0 = Release|Win32
		{82C358DB-3A9C-4C15-869A-53CF1BE6B8A6}.Debug|Win32.ActiveCfg = Debug|Win32
		{82C358DB-3A9C-4C15-869A-53CF1BE6B8A6}.Debug|Win32.Build.0 = Debug|Win32
		{82C358DB-3A9C-4C15-869A-53CF1BE6B8A6}.Release|Win32.ActiveCfg = Release|Win32
		{82C358DB-3A9C-4C15-869A-53CF1BE6B8A6}.Release|Win32.Build.0 = Release|Win32
		{36668BAD-1A0D-469C-BFAF-04E01A0100F2}.Debug|Win32.ActiveCfg = Debug|Win32
		{36668BAD-1A0D-469C-BFAF-04E01A0100F2}.Debug|Win32.Build.0 = Debug|Win32
		{36668BAD-1A0D-469C-BFAF-04E01A0100F2}.Release|Win32.ActiveCfg = Release|Win32
		{36668BAD-1A0D-469C-BFAF-04E01A0100F2}.Release|Win32.Build.0 = Release|Win32
		{62BE6238-B6B7-4FC0-8306-EDC14CC970DB}.Debug|Win32.ActiveCfg = Debug|Win32
		{62BE6238-B6B7-4FC0-8306-EDC14CC970DB}.Debug|Win32.Build.0 = Debug|Win32
		{62BE6238-B6B7-4FC0-8306-EDC14CC970DB}.Release|Win32.ActiveCfg = Release|Win32
		{62BE6238-B6B7-4FC0-8306-EDC14CC970DB}.Release|Win32.Build.0 = Release|Win32
		{DB6D65A3-E602-4639-996C-EE986C429BE0}.Debug|Win32.ActiveCfg = Debug|Win32
		{DB6D65A3-E602-4639-996C-EE986C429BE0}.Debug|Win32.Build.0 = Debug|Win32
		{DB6D65A3-E602-4639-996C-EE986C429BE0}.Release|Win32.ActiveCfg = Release|Win32
		{DB6D65A3-E602-4639-996C-EE986C429BE0}.Release|Win32.Build.0 = Release|Win32
		{5E6E0E4A-AF6A-41A5-803F-A6C626D7720A}.Debug|Win32.ActiveCfg = Debug|Win32
		{5E6E0E4A-AF6A-41A5-803F-A6C626D7720A}.Debug|Win32.Build.0 = Debug|Win32
		{5E6E0E4A-AF6A-41A5-803F-A6C626D7720A}.Release|Win32.ActiveCfg = Release|Win32
		{5E6E0E4A-AF6A-41A5-803F-A6C626D7720A}.Release|Win32.Build.0 = Release|Win32
		{9DFD68EB-23FA-421A-9399-CF459EBF71BD}.Debug|Win32.ActiveCfg = Debug|Win32
		{9DFD68EB-23FA-421A-9399-CF459EBF71BD}.Debug|Win32.Build.0 = Debug|Win32
		{9DFD68EB-23FA-421A-9399-CF459EBF71BD}.Release|Win32.ActiveCfg = Release|Win32
		{9DFD68EB-23FA-421A-9399-CF459EBF71BD}.Release|Win32.Build.0 = Release|Win32
		{528FA806-2702-496E-ABA3-90036E001C0D}.Debug|Win32.ActiveCfg = Debug|Win32
		{528FA806-2702-496E-ABA3-90036E001C0D}.Debug|Win32.Build.0 = Debug|Win32
		{528FA806-2702-496E-ABA3-90036E001C0D}.Release|Win32.ActiveCfg = Release|Win32
		{528FA806-2702-496E-ABA3-90036E001C0D}.Release|Win32.Build.0 = Release|Win32
		{2CAE88F9-CA79-4960-9E01-566E6B49CD4D}.Debug|Win32.ActiveCfg = Debug|Win32
		{2CAE88F9-CA79-4960-9E01-566E6B49CD4D}.Debug|Win32.Build.0 = Debug|Win32
		{2CAE88F9-CA79-4960-9E01-566E6B49CD4D}.Release|Win32.ActiveCfg = Release|Win32
		{2CAE88F9-CA79-4960-9E01-566E6B49CD4D}.Release|Win32.Build.0 = Release|Win32
		{BAB9F701-4F2D-4D08-A3ED-02F84BD8FEE1}.Debug|Win32.ActiveCfg = Debug|Win32
		{BAB9F701-4F2D-4D08-A3ED-02F84BD8FEE1}.Debug|Win32.Build.0 = Debug|Win32
		{BAB9F701-4F2D-4D08-A3ED-02F84BD8FEE1}.Release|Win32.ActiveCfg = Release|Win32
		{BAB9F701-4F2D-4D08-A3ED-02F84BD8FEE1}.Release|Win32.Build.0 = Release|Win32
		{95AE3D35-371F-4BF8-BD38-8F7FF7AD1BE1}.Debug|Win32.ActiveCfg = Debug|Win32
		{95AE3D35-371F-4BF8-BD38-8F7FF7AD1BE1}.Debug|Win32.Build.0 = Debug|Win32
		{95AE3D35-371F-4BF8-BD38-8F7FF7AD1BE1}.Release|Win32.ActiveCfg = Release|Win32
		{95AE3D35-371F-4BF8-BD38-8F7FF7AD1BE1}.Release|Win32.Build.0 = Release|Win32
		{DD0EC1F8-78BC-4FAE-9870-BC48245C3B0C}.Debug|Win32.ActiveCfg = Debug|Win32
		{DD0EC1F8-78BC-4FAE-9870-BC48245C3B0C}.Debug|Win32.Build.0 = Debug|Win32
		{DD0EC1F8-78BC-4FAE-9870-BC48245C3B0C}.Release|Win32.ActiveCfg = Release|Win32
		{DD0EC1F8-78BC-4FAE-9870-BC48245C3B0C}.Release|Win32.Build.0 = Release|Win32
		{9DE49AD8-388F-47E1-8C4E-2AB61F6E55C5}.Debug|Win32.ActiveCfg = Debug|Win32
		{9DE49AD8-388F-47E1-8C4E-2AB61F6E55C5}.Debug|Win32.Build.0 = Debug|Win32
		{9DE49AD8-388F-47E1-8C4E-2AB61F6E55C5}.Release|Win32.ActiveCfg = Release|Win32
		{9DE49AD8-388F-47E1-8C4E-2AB61F6E55C5}.Release|Win32.Build.0 = Release|Win32
		{1AF07737-64EA-466E-9171-0540134272D2}.Debug|Win32.ActiveCfg = Debug|Win32
		{1AF07737-64EA-466E-9171-0540134272D2}.Debug|Win32.Build.0 = Debug|Win32
		{1AF07737-64EA-466E-9171-0540134272D2}.Release|Win32.ActiveCfg = Release|Win32
		{1AF07737-64EA-466E-9171-0540134272D2}.Release|Win32.Build.0 = Release|Win32
		{62CF6497-659F-4FA4-88B0-AD8DED99CA8D}.Debug|Win32.ActiveCfg = Debug|Win32
		{62CF6497-659F-4FA4-88B0-AD8DED99CA8D}.Debug|Win32.Build.0 = Debug|Win32
		{62CF6497-659F-4FA4-88B0-AD8DED99CA8D}.Release|Win32.ActiveCfg = Release|Win32
		{62CF6497-659F-4FA4-88B0-AD8DED99CA8D}.Release|Win32.Build.0 = Release|Win32
		{88D84740-C9EA-4A97-9717-FF7ED74F1E9A}.Debug|Win32.ActiveCfg = Debug|Win32
		{88D84740-C9EA-4A97-9717-FF7ED74F1E9A}.Debug|Win32.Build.0 = Debug|Win32
		{88D84740-C9EA-4A97-9717-FF7ED74F1E9A}.Release|Win32.ActiveCfg = Release|Win32
		{88D84740-C9EA-4A97-9717-FF7ED74F1E9A}.Release|Win32.Build.0 = Release|Win32
		{4E27E943-27C7-4F00-A431-B6ACA236ACD2}.Debug|Win32.ActiveCfg = Debug|Win32
		{4E27E943-27C7-4F00-A431-B6ACA236ACD2}.Debug|Win32.Build.0 = Debug|Win32
		{4E27E943-27C7-4F00-A431-B6ACA236ACD2}.Release|Win32.ActiveCfg = Release|Win32
		{4E27E943-27C7-4F00-A431-B6ACA236ACD2}.Release|Win32.Build.0 = Release|Win32
		{5F3F881B-0995-41C8-8F2B-66FA8EF38868}.Debug|Win32.ActiveCfg = Debug|Win32
		{5F3F881B-0995-41C8-8F2B-66FA8EF38868}.Debug|Win32.Build.0 = Debug|Win32
		{5F3F881B-0995-41C8-8F2B-66FA8EF38868}.Release|Win32.ActiveCfg = Release|Win32
		{5F3F881B-0995-41C8-8F2B-66FA8EF38868}.Release|Win32.Build.0 = Release|Win32
		{0C3BD0DA-2B53-4FB0-AA6C-08D84118B59A}.Debug|Win32.ActiveCfg = Debug|Win32
		{0C3BD0DA-2B53-4FB0-AA6C-08D84118B59A}.Debug|Win32.Build.0 = Debug|Win32
		{0C3BD0DA-2B53-4FB0-AA6C-08D84118B59A}.Release|Win32.ActiveCfg = Release|Win32
		{0C3BD0DA-2B53-4FB0-AA6C-08D84118B59A}.Release|Win32.Build.0 = Release|Win32
		{48750355-940C-4DB8-8E60-3C12A0D50D73}.Debug|Win32.ActiveCfg = Debug|Win32
		{48750355-940C-4DB8-8E60-3C12A0D50D73}.Debug|Win32.Build.0 = Debug|Win32
		{48750355-940C-4DB8-8E60-3C12A0D50D73}.Release|Win32.ActiveCfg = Release|Win32
		{48750355-940C-4DB8-8E60-3C12A0D50D73}.Release|Win32.Build.0 = Release|Win32
		{6D0EC7A4-83C6-45A4-8BC7-1D1C4EE4EC5D}.Debug|Win32.ActiveCfg = Debug|Win32
		{6D0EC7A4-83C6-45A4-8BC7-1D1C4EE4EC5D}.Debug|Win32.Build.0 = Debug|Win32
		{6D0EC7A4-83C6-45A4-8BC7-1D1C4EE4EC5D}.Release|Win32.ActiveCfg = Release|Win32
		{6D0EC7A4-83C6-45A4-8BC7-1D1C4EE4EC5D}.Release|Win32.Build.0 = Release|Win32
		{3C5A0E78-4A05-4953-BA6F-A752C7F7AF92}.Debug|Win32.ActiveCfg = Debug|Win32
		{3C5A0E78-4A05-4953-BA6F-A752C7F7AF92}.Debug|Win32.Build.0 = Debug|Win32
		{3C5A0E78-4A05-4953-BA6F-A752C7F7AF92}.Release|Win32.ActiveCfg = Release|Win32
		{3C5A0E78-4A05-4953-BA6F-A752C7F7AF92}.Release|Win32.Build.0 = Release|Win32
		{BAB9F701-4F2D-4D08-A3ED-02F84BD63AB2}.Debug|Win32.ActiveCfg = Debug|Win32
		{BAB9F701-4F2D-4D08-A3ED-02F84BD63AB2}.Debug|Win32.Build.0 = Debug|Win32
		{BAB9F701-4F2D-4D08-A3ED-02F84BD63AB2}.Release|Win32.ActiveCfg = Release|Win32
		{BAB9F701-4F2D-4D08-A3ED-02F84BD63AB2}.Release|Win32.Build.0 = Release|Win32
		{1FAC95A5-4B62-4621-859A-F43EB1A3BE1E}.Debug|Win32.ActiveCfg = Debug|Win32
		{1FAC95A5-4B62-4621-859A-F43EB1A3BE1E}.Debug|Win32.Build.0 = Debug|Win32
		{1FAC95A5-4B62-4621-859A-F43EB1A3BE1E}.Release|Win32.ActiveCfg = Release|Win32
		{1FAC95A5-4B62-4621-859A-F43EB1A3BE1E}.Release|Win32.Build.0 = Release|Win32
		{B1BEBB08-625F-4899-906E-9E08D16E82F8}.Debug|Win32.ActiveCfg = Debug|Win32
		{B1BEBB08-625F-4899-906E-9E08D16E82F8}.Debug|Win32.Build.0 = Debug|Win32
		{B1BEBB08-625F-4899-906E-9E08D16E82F8}.Release|Win32.ActiveCfg = Release|Win32
		{B1BEBB08-625F-4899-906E-9E08D16E82F8}.Release|Win32.Build.0 = Release|Win32
		{45F8FAD0-BFF2-40FC-A927-DAB6AA5286F4}.Debug|Win32.ActiveCfg = Debug|Win32
		{45F8FAD0-BFF2-40FC-A927-DAB6AA5286F4}.Debug|Win32.Build.0 = Debug|Win32
		{45F8FAD0-BFF2-40FC-A927-DAB6AA5286F4}.Release|Win32.ActiveCfg = Release|Win32
		{45F8FAD0-BFF2-40FC-A927-DAB6AA5286F4}.Release|Win32.Build.0 = Release|Win32
		{744835B7-0B6E-4926-8316-E98C8D2CE631}.Debug|Win32.ActiveCfg = Debug|Win32
		{744835B7-0B6E-4926-8316-E98C8D2CE631}.Debug|Win32.Build.0 = Debug|Win32
		{744835B7-0B6E-4926-8316-E98C8D2CE631}.Release|Win32.ActiveCfg = Release|Win32
		{744835B7-0B6E-4926-8316-E98C8D2CE631}.Release|Win32.Build.0 = Release|Win32
		{7F40FED0-920A-47E1-A37F-AB099ADBF542}.Debug|Win32.ActiveCfg = Debug|Win32
		{7F40FED0-920A-47E1-A37F-AB099ADBF542}.Debug|Win32.Build.0 = Debug|Win32
		{7F40FED0-920A-47E1-A37F-AB099ADBF542}.Release|Win32.ActiveCfg = Release|Win32
		{7F40FED0-920A-47E1-A37F-AB099ADBF542}.Release|Win32.Build.0 = Release|Win32
		{7E76B628-AD35-4823-A62F-347A6C451D07}.Debug|Win32.ActiveCfg = Debug|Win32
		{7E76B628-AD35-4823-A62F-347A6C451D07}.Debug|Win32.Build.0 = Debug|Win32
		{7E76B628-AD35-4823-A62F-347A6C451D07}.Release|Win32.ActiveCfg = Release|Win32
		{7E76B628-AD35-4823-A62F-347A6C451D07}.Release|Win32.Build.0 = Release|Win32
		{E1C5F02D-BB09-4ACD-8EB3-23105401AE1C}.Debug|Win32.ActiveCfg = Debug|Win32
		{E1C5F02D-BB09-4ACD-8EB3-23105401AE1C}.Debug|Win32.Build.0 = Debug|Win32
		{E1C5F02D-BB09-4ACD-8EB3-23105401AE1C}.Release|Win32.ActiveCfg = Release|Win32
		{E1C5F02D-BB09-4ACD-8EB3-23105401AE1C}.Release|Win32.Build.0 = Release|Win32
		{F795E727-F10C-4032-BB93-C9194955CB27}.Debug|Win32.ActiveCfg = Debug|Win32
		{F795E727-F10C-4032-BB93-C9194955CB27}.Debug|Win32.Build.0 = Debug|Win32
		{F795E727-F10C-4032-BB93-C9194955CB27}.Release|Win32.ActiveCfg = Release|Win32
		{F795E727-F10C-4032-BB93-C9194955CB27}.Release|Win32.Build.0 = Release|Win32
		{4EBA0C76-44FB-4B5C-8CEF-54008DA70535}.Debug|Win32.ActiveCfg = Debug|Win32
		{4EBA0C76-44FB-4B5C-8CEF-54008DA70535}.Debug|Win32.Build.0 = Debug|Win32
		{4EBA0C76-44FB-4B5C-8CEF-54008DA70535}.Release|Win32.ActiveCfg = Release|Win32
		{4EBA0C76-44FB-4B5C-8CEF-54008DA70535}.Release|Win32.Build.0 = Release|Win32
		{415F53A0-F608-4D14-85C5-EEA69A6F488B}.Debug|Win32.ActiveCfg = Debug|Win32
		{415F53A0-F608-4D14-85C5-EEA69A6F488B}.Debug|Win32.Build.0 = Debug|Win32
		{415F53A0-F608-4D14-85C5-EEA69A6F488B}.Release|Win32.ActiveCfg = Release|Win32
		{415F53A0-F608-4D14-85C5-EEA69A6F488B}.Release|Win32.Build.0 = Release|Win32
		{903374C5-87EA-4010-BD44-95D54D9A3834}.Debug|Win32.ActiveCfg = Debug|Win32
		{903374C5-87EA-4010-BD44-95D54D9A3834}.Debug|Win32.Build.0 = Debug|Win32
		{903374C5-87EA-4010-BD44-95D54D9A3834}.Release|Win32.ActiveCfg = Release|Win32
		{903374C5-87EA-4010-BD44-95D54D9A3834}.Release|Win32.Build.0 = Release|Win32
		{BAB64109-DBA5-439B-A821-5AFF2D8124BC}.Debug|Win32.ActiveCfg = Debug|Win32
		{BAB64109-DBA5-439B-A821-5AFF2D8124BC}.Debug|Win32.Build.0 = Debug|Win32
		{BAB64109-DBA5-439B-A821-5AFF2D8124BC}.Release|Win32.ActiveCfg = Release|Win32
		{BAB64109-DBA5-439B-A821-5AFF2D8124BC}.Release|Win32.Build.0 = Release|Win32
	EndGlobalSection
	GlobalSection(SolutionProperties) = preSolution
		HideSolutionNode = FALSE
	EndGlobalSection
	GlobalSection(NestedProjects) = preSolution
		{5C1AAF8C-7FF0-447E-B01D-AED0A0B2849F} = {A790E23B-A75D-4FAA-B2FF-E8F6AFE2A64B}
		{82340246-4105-43D5-8D48-5FC35A5D6EB5} = {A790E23B-A75D-4FAA-B2FF-E8F6AFE2A64B}
		{901C2B2F-158F-4E2E-B29D-C078FF4B8B84} = {A790E23B-A75D-4FAA-B2FF-E8F6AFE2A64B}
		{9C60FB49-EC7C-4E71-9D75-BCC855EDF814} = {A790E23B-A75D-4FAA-B2FF-E8F6AFE2A64B}
		{82C358DB-3A9C-4C15-869A-53CF1BE6B8A6} = {A790E23B-A75D-4FAA-B2FF-E8F6AFE2A64B}
		{36668BAD-1A0D-469C-BFAF-04E01A0100F2} = {A790E23B-A75D-4FAA-B2FF-E8F6AFE2A64B}
		{62BE6238-B6B7-4FC0-8306-EDC14CC970DB} = {A790E23B-A75D-4FAA-B2FF-E8F6AFE2A64B}
		{DB6D65A3-E602-4639-996C-EE986C429BE0} = {A790E23B-A75D-4FAA-B2FF-E8F6AFE2A64B}
		{5E6E0E4A-AF6A-41A5-803F-A6C626D7720A} = {A790E23B-A75D-4FAA-B2FF-E8F6AFE2A64B}
		{9DFD68EB-23FA-421A-9399-CF459EBF71BD} = {A790E23B-A75D-4FAA-B2FF-E8F6AFE2A64B}
		{528FA806-2702-496E-ABA3-90036E001C0D} = {A790E23B-A75D-4FAA-B2FF-E8F6AFE2A64B}
		{2CAE88F9-CA79-4960-9E01-566E6B49CD4D} = {A790E23B-A75D-4FAA-B2FF-E8F6AFE2A64B}
		{39894959-F657-4A12-B5EA-166F1DFBD7EE} = {A790E23B-A75D-4FAA-B2FF-E8F6AFE2A64B}
		{1FAC95A5-4B62-4621-859A-F43EB1A3BE1E} = {A790E23B-A75D-4FAA-B2FF-E8F6AFE2A64B}
		{B1BEBB08-625F-4899-906E-9E08D16E82F8} = {A790E23B-A75D-4FAA-B2FF-E8F6AFE2A64B}
		{45F8FAD0-BFF2-40FC-A927-DAB6AA5286F4} = {A790E23B-A75D-4FAA-B2FF-E8F6AFE2A64B}
		{744835B7-0B6E-4926-8316-E98C8D2CE631} = {A790E23B-A75D-4FAA-B2FF-E8F6AFE2A64B}
		{7F40FED0-920A-47E1-A37F-AB099ADBF542} = {A790E23B-A75D-4FAA-B2FF-E8F6AFE2A64B}
		{7E76B628-AD35-4823-A62F-347A6C451D07} = {A790E23B-A75D-4FAA-B2FF-E8F6AFE2A64B}
		{E1C5F02D-BB09-4ACD-8EB3-23105401AE1C} = {A790E23B-A75D-4FAA-B2FF-E8F6AFE2A64B}
		{415F53A0-F608-4D14-85C5-EEA69A6F488B} = {A790E23B-A75D-4FAA-B2FF-E8F6AFE2A64B}
		{4E27E943-27C7-4F00-A431-B6ACA236ACD2} = {61A03E9F-D306-4EE5-B38E-4138C1DEC02E}
		{5F3F881B-0995-41C8-8F2B-66FA8EF38868} = {61A03E9F-D306-4EE5-B38E-4138C1DEC02E}
		{0C3BD0DA-2B53-4FB0-AA6C-08D84118B59A} = {61A03E9F-D306-4EE5-B38E-4138C1DEC02E}
		{48750355-940C-4DB8-8E60-3C12A0D50D73} = {61A03E9F-D306-4EE5-B38E-4138C1DEC02E}
		{6D0EC7A4-83C6-45A4-8BC7-1D1C4EE4EC5D} = {61A03E9F-D306-4EE5-B38E-4138C1DEC02E}
		{3C5A0E78-4A05-4953-BA6F-A752C7F7AF92} = {61A03E9F-D306-4EE5-B38E-4138C1DEC02E}
		{BAB9F701-4F2D-4D08-A3ED-02F84BD63AB2} = {61A03E9F-D306-4EE5-B38E-4138C1DEC02E}
		{BAB9F701-4F2D-4D08-A3ED-02F84BD8FEE1} = {8A39FBB6-6161-467E-9CA5-401F12831AA6}
		{95AE3D35-371F-4BF8-BD38-8F7FF7AD1BE1} = {8A39FBB6-6161-467E-9CA5-401F12831AA6}
		{DD0EC1F8-78BC-4FAE-9870-BC48245C3B0C} = {8A39FBB6-6161-467E-9CA5-401F12831AA6}
		{9DE49AD8-388F-47E1-8C4E-2AB61F6E55C5} = {8A39FBB6-6161-467E-9CA5-401F12831AA6}
		{1AF07737-64EA-466E-9171-0540134272D2} = {8A39FBB6-6161-467E-9CA5-401F12831AA6}
		{62CF6497-659F-4FA4-88B0-AD8DED99CA8D} = {8A39FBB6-6161-467E-9CA5-401F12831AA6}
		{88D84740-C9EA-4A97-9717-FF7ED74F1E9A} = {8A39FBB6-6161-467E-9CA5-401F12831AA6}
		{F795E727-F10C-4032-BB93-C9194955CB27} = {B59F93F1-638F-4FEB-824A-245F0B5D59A8}
		{4EBA0C76-44FB-4B5C-8CEF-54008DA70535} = {B59F93F1-638F-4FEB-824A-245F0B5D59A8}
	EndGlobalSection
EndGlobal
