
Microsoft Visual Studio Solution File, Format Version 11.00
# Visual C++ Express 2010
Project("{8BC9CEB8-8B4A-11D0-8D11-00A0C91BC942}") = "Button1", "Tests\GUI\Button1\Button1-vc2010.vcxproj", "{39894959-F657-4A12-B5EA-166F1DFBD7EE}"
EndProject
Project("{8BC9CEB8-8B4A-11D0-8D11-00A0C91BC942}") = "CheckBox1", "Tests\GUI\CheckBox1\CheckBox1-vc2010.vcxproj", "{5C1AAF8C-7FF0-447E-B01D-AED0A0B2849F}"
EndProject
Project("{8BC9CEB8-8B4A-11D0-8D11-00A0C91BC942}") = "Label1", "Tests\GUI\Label1\Label1-vc2010.vcxproj", "{82340246-4105-43D5-8D48-5FC35A5D6EB5}"
EndProject
Project("{8BC9CEB8-8B4A-11D0-8D11-00A0C91BC942}") = "LineEdit1", "Tests\GUI\LineEdit1\LineEdit1-vc2010.vcxproj", "{901C2B2F-158F-4E2E-B29D-C078FF4B8B84}"
EndProject
Project("{8BC9CEB8-8B4A-11D0-8D11-00A0C91BC942}") = "ListView1", "Tests\GUI\ListView1\ListView1-vc2010.vcxproj", "{9C60FB49-EC7C-4E71-9D75-BCC855EDF814}"
EndProject
Project("{8BC9CEB8-8B4A-11D0-8D11-00A0C91BC942}") = "PopupMenu1", "Tests\GUI\PopupMenu1\PopupMenu1-vc2010.vcxproj", "{82C358DB-3A9C-4C15-869A-53CF1BE6B8A6}"
EndProject
Project("{8BC9CEB8-8B4A-11D0-8D11-00A0C91BC942}") = "ProgressBar1", "Tests\GUI\ProgressBar1\ProgressBar1-vc2010.vcxproj", "{36668BAD-1A0D-469C-BFAF-04E01A0100F2}"
EndProject
Project("{8BC9CEB8-8B4A-11D0-8D11-00A0C91BC942}") = "RadioButton1", "Tests\GUI\RadioButton1\RadioButton1-vc2010.vcxproj", "{62BE6238-B6B7-4FC0-8306-EDC14CC970DB}"
EndProject
Project("{8BC9CEB8-8B4A-11D0-8D11-00A0C91BC942}") = "Scrollbar1", "Tests\GUI\Scrollbar1\Scrollbar1-vc2010.vcxproj", "{DB6D65A3-E602-4639-996C-EE986C429BE0}"
EndProject
Project("{8BC9CEB8-8B4A-11D0-8D11-00A0C91BC942}") = "Slider1", "Tests\GUI\Slider1\Slider1-vc2010.vcxproj", "{5E6E0E4A-AF6A-41A5-803F-A6C626D7720A}"
EndProject
Project("{8BC9CEB8-8B4A-11D0-8D11-00A0C91BC942}") = "Window1", "Tests\GUI\Window1\Window1-vc2010.vcxproj", "{9DFD68EB-23FA-421A-9399-CF459EBF71BD}"
EndProject
Project("{8BC9CEB8-8B4A-11D0-8D11-00A0C91BC942}") = "Button2", "Tests\GUI\Button2\Button2-vc2010.vcxproj", "{528FA806-2702-496E-ABA3-90036E001C0D}"
EndProject
Project("{8BC9CEB8-8B4A-11D0-8D11-00A0C91BC942}") = "Themes1", "Tests\GUI\Themes1\Themes1-vc2010.vcxproj", "{2CAE88F9-CA79-4960-9E01-566E6B49CD4D}"
EndProject
Project("{8BC9CEB8-8B4A-11D0-8D11-00A0C91BC942}") = "IOData", "Tests\Core\IOData\IOData-vc2010.vcxproj", "{95AE3D35-371F-4BF8-BD38-8F7FF7AD1BE1}"
EndProject
Project("{8BC9CEB8-8B4A-11D0-8D11-00A0C91BC942}") = "Math", "Tests\Core\Math\Math-vc2010.vcxproj", "{DD0EC1F8-78BC-4FAE-9870-BC48245C3B0C}"
EndProject
Project("{8BC9CEB8-8B4A-11D0-8D11-00A0C91BC942}") = "System", "Tests\Core\System\System-vc2010.vcxproj", "{9DE49AD8-388F-47E1-8C4E-2AB61F6E55C5}"
EndProject
Project("{8BC9CEB8-8B4A-11D0-8D11-00A0C91BC942}") = "Text1", "Tests\Core\Text\Text-vc2010.vcxproj", "{1AF07737-64EA-466E-9171-0540134272D2}"
EndProject
Project("{8BC9CEB8-8B4A-11D0-8D11-00A0C91BC942}") = "XPath", "Tests\Core\XPath\XPath-vc2010.vcxproj", "{62CF6497-659F-4FA4-88B0-AD8DED99CA8D}"
EndProject
Project("{8BC9CEB8-8B4A-11D0-8D11-00A0C91BC942}") = "Zip", "Tests\Core\Zip\Zip-vc2010.vcxproj", "{88D84740-C9EA-4A97-9717-FF7ED74F1E9A}"
EndProject
Project("{8BC9CEB8-8B4A-11D0-8D11-00A0C91BC942}") = "2D", "Tests\Display\2D\2D-vc2010.vcxproj", "{4E27E943-27C7-4F00-A431-B6ACA236ACD2}"
EndProject
Project("{8BC9CEB8-8B4A-11D0-8D11-00A0C91BC942}") = "Sprites1", "Tests\Display\Sprites1\Sprites1-vc2010.vcxproj", "{48750355-940C-4DB8-8E60-3C12A0D50D73}"
EndProject
Project("{8BC9CEB8-8B4A-11D0-8D11-00A0C91BC942}") = "SpriteSpeed1", "Tests\Display\SpriteSpeed1\SpriteSpeed1-CL09-vc2010.vcxproj", "{6D0EC7A4-83C6-45A4-8BC7-1D1C4EE4EC5D}"
EndProject
Project("{8BC9CEB8-8B4A-11D0-8D11-00A0C91BC942}") = "Viewport1", "Tests\Display\Viewport1\Viewport1-vc2010.vcxproj", "{3C5A0E78-4A05-4953-BA6F-A752C7F7AF92}"
EndProject
Project("{8BC9CEB8-8B4A-11D0-8D11-00A0C91BC942}") = "DisplayWindow1", "Tests\Display\Window\Window-vc2010.vcxproj", "{BAB9F701-4F2D-4D08-A3ED-02F84BD63AB2}"
EndProject
Project("{8BC9CEB8-8B4A-11D0-8D11-00A0C91BC942}") = "UXTheme", "Tests\GUI\Button3\Button3-vc2010.vcxproj", "{1FAC95A5-4B62-4621-859A-F43EB1A3BE1E}"
EndProject
Project("{8BC9CEB8-8B4A-11D0-8D11-00A0C91BC942}") = "GUIFont", "Tests\GUI\GUIFont\GUIFont-vc2010.vcxproj", "{B1BEBB08-625F-4899-906E-9E08D16E82F8}"
EndProject
Project("{8BC9CEB8-8B4A-11D0-8D11-00A0C91BC942}") = "RenderBox1", "Tests\GUI\RenderBox1\RenderBox1-vc2010.vcxproj", "{45F8FAD0-BFF2-40FC-A927-DAB6AA5286F4}"
EndProject
Project("{8BC9CEB8-8B4A-11D0-8D11-00A0C91BC942}") = "SpeedTest1", "Tests\GUI\SpeedTest1\SpeedTest1-vc2010.vcxproj", "{744835B7-0B6E-4926-8316-E98C8D2CE631}"
EndProject
Project("{8BC9CEB8-8B4A-11D0-8D11-00A0C91BC942}") = "Tab1", "Tests\GUI\Tab1\Tab1-vc2010.vcxproj", "{7F40FED0-920A-47E1-A37F-AB099ADBF542}"
EndProject
Project("{8BC9CEB8-8B4A-11D0-8D11-00A0C91BC942}") = "TabOrder1", "Tests\GUI\TabOrder1\TabOrder1-vc2010.vcxproj", "{7E76B628-AD35-4823-A62F-347A6C451D07}"
EndProject
Project("{8BC9CEB8-8B4A-11D0-8D11-00A0C91BC942}") = "TabOrder2", "Tests\GUI\TabOrder2\TabOrder2-vc2010.vcxproj", "{E1C5F02D-BB09-4ACD-8EB3-23105401AE1C}"
EndProject
Project("{8BC9CEB8-8B4A-11D0-8D11-00A0C91BC942}") = "DNS", "Tests\Network\DNS\DNS-vc2010.vcxproj", "{F795E727-F10C-4032-BB93-C9194955CB27}"
EndProject
Project("{8BC9CEB8-8B4A-11D0-8D11-00A0C91BC942}") = "TCPConnection", "Tests\Network\TCPConnection\TCPConnection-vc2010.vcxproj", "{4EBA0C76-44FB-4B5C-8CEF-54008DA70535}"
EndProject
Project("{8BC9CEB8-8B4A-11D0-8D11-00A0C91BC942}") = "Scrollbar2", "Tests\GUI\Scrollbar2\Scrollbar2-vc2010.vcxproj", "{415F53A0-F608-4D14-85C5-EEA69A6F488B}"
EndProject
Project("{8BC9CEB8-8B4A-11D0-8D11-00A0C91BC942}") = "Framebuffer1", "Tests\Display\FrameBuffer1\framebuffer1_vc2010.vcxproj", "{903374C5-87EA-4010-BD44-95D54D9A3834}"
EndProject
Project("{8BC9CEB8-8B4A-11D0-8D11-00A0C91BC942}") = "Texelcenter1", "Tests\Display\TexelCenter\texelcenter-vc2010.vcxproj", "{BAB64109-DBA5-439B-A821-5AFF2D8124BC}"
EndProject
Project("{8BC9CEB8-8B4A-11D0-8D11-00A0C91BC942}") = "Image1", "Tests\Display\Image1\Image1-vc2010.vcxproj", "{5DA9D14B-F5D4-4CA0-94D3-44564BD426FA}"
EndProject
Project("{8BC9CEB8-8B4A-11D0-8D11-00A0C91BC942}") = "WindowCreationSpeed", "Tests\Display\WindowCreationSpeed\WindowCreationSpeed-vc2010.vcxproj", "{EA15BD07-102D-48E1-AAA2-B58FA1A2452A}"
EndProject
Project("{8BC9CEB8-8B4A-11D0-8D11-00A0C91BC942}") = "Custom1", "Tests\GUI\Custom1\Custom1-vc2010.vcxproj", "{9AF08E24-01FA-47A5-8E4B-1CD5DA37F296}"
EndProject
Project("{8BC9CEB8-8B4A-11D0-8D11-00A0C91BC942}") = "XML1", "Tests\GUI\XML1\XML1-vc2010.vcxproj", "{855231D4-578D-4FD2-B5E0-042C6E81627A}"
EndProject
Project("{8BC9CEB8-8B4A-11D0-8D11-00A0C91BC942}") = "CopyPaste", "Tests\Display\CopyPaste\CopyPaste-vc2010.vcxproj", "{2516FB7B-F8D4-49CA-B62E-8CDDC9F3124A}"
EndProject
Project("{8BC9CEB8-8B4A-11D0-8D11-00A0C91BC942}") = "WindowSizing", "Tests\Display\WindowSizing\WindowSizing-vc2010.vcxproj", "{F26BCCD4-A628-49A0-B3B7-9935EBC5E608}"
EndProject
Project("{8BC9CEB8-8B4A-11D0-8D11-00A0C91BC942}") = "Timer1", "Tests\Core\Timer\Timer-vc2010.vcxproj", "{BAB9F701-4F2D-4D08-A3ED-02F84BD44433}"
EndProject
Project("{8BC9CEB8-8B4A-11D0-8D11-00A0C91BC942}") = "FullScreen", "Tests\Display\FullScreen\Fullscreen-vc2010.vcxproj", "{71383011-9EE6-409A-AB82-FC44836CF36D}"
EndProject
Project("{8BC9CEB8-8B4A-11D0-8D11-00A0C91BC942}") = "XML", "Tests\Core\XML\XML-vc2010.vcxproj", "{21706F40-5BB2-4BCA-BB88-59ACD7251007}"
EndProject
Project("{8BC9CEB8-8B4A-11D0-8D11-00A0C91BC942}") = "ScreenInfo", "Tests\Display\ScreenInfo\ScreenInfo-vc2010.vcxproj", "{24ADFDB0-7DAC-4F10-8C0B-6118B843B7B1}"
EndProject
Project("{8BC9CEB8-8B4A-11D0-8D11-00A0C91BC942}") = "RectPacker", "Tests\Core\RectPacker\RectPacker-vc2010.vcxproj", "{381E480C-447E-44A5-B89F-6C147CC91AB9}"
EndProject
Project("{8BC9CEB8-8B4A-11D0-8D11-00A0C91BC942}") = "Color", "Tests\Display\Color\Color-vc2010.vcxproj", "{DD0EC1F8-78BC-4FAE-9870-BC48245C9999}"
EndProject
Project("{8BC9CEB8-8B4A-11D0-8D11-00A0C91BC942}") = "HDR", "Tests\Display\HDR\hdr-vc2010.vcxproj", "{BAB64109-DBA5-439B-A821-5AFF2D111A1A}"
EndProject
Project("{8BC9CEB8-8B4A-11D0-8D11-00A0C91BC942}") = "Texture3D", "Tests\Display\Texture3D\Texture3D-vc2010.vcxproj", "{BAB64109-DBA5-439B-A821-5AFF2A4427AE}"
EndProject
Project("{8BC9CEB8-8B4A-11D0-8D11-00A0C91BC942}") = "DestructionOrder1", "Tests\GUI\DestructionOrder\DestructionOrder1-vc2010.vcxproj", "{BD0D7D76-D4C7-4FD4-9278-2B1F780841A0}"
EndProject
Project("{8BC9CEB8-8B4A-11D0-8D11-00A0C91BC942}") = "HttpFileUpload", "Tests\Network\HttpFileUpload\HttpFileUpload-vc2010.vcxproj", "{1063ECE5-D66A-4DA2-89D9-4DC7EC728C6D}"
EndProject
Project("{8BC9CEB8-8B4A-11D0-8D11-00A0C91BC942}") = "AnimCursor", "Tests\Display\AnimCursor\AnimCursor-vc2010.vcxproj", "{4E27E943-27C7-4F00-A431-B6ACA2362FEF}"
EndProject
Project("{8BC9CEB8-8B4A-11D0-8D11-00A0C91BC942}") = "Resources", "Tests\Core\Resources\Resources-vc2010.vcxproj", "{1AF07737-64EA-466E-9171-0540555572D2}"
EndProject
Project("{8BC9CEB8-8B4A-11D0-8D11-00A0C91BC942}") = "SSE", "Tests\Sound\SSE\SSE-vc2010.vcxproj", "{1AF07737-64EA-466E-9171-0553354272D2}"
EndProject
Project("{8BC9CEB8-8B4A-11D0-8D11-00A0C91BC942}") = "Collision", "Tests\Display\Collision\Collision-vc2010.vcxproj", "{85733360-9C4D-4040-8DC7-42D19611A2BD}"
EndProject
Project("{8BC9CEB8-8B4A-11D0-8D11-00A0C91BC942}") = "FontSprite", "Tests\Display\FontSprite\FontSprite-vc2010.vcxproj", "{8779285C-1EA9-43DA-BBAE-AC275A910273}"
EndProject
Project("{8BC9CEB8-8B4A-11D0-8D11-00A0C91BC942}") = "SpanLayout", "Tests\Display\SpanLayout\SpanLayout-vc2010.vcxproj", "{2406CAC2-ED47-4B89-85F0-0C3C4C56E7ED}"
EndProject
Project("{8BC9CEB8-8B4A-11D0-8D11-00A0C91BC942}") = "WM_Input", "Tests\Display\WM_Input\WM_Input-vc2010.vcxproj", "{3D4C085A-2901-4126-96EE-E5E0B1EB79CE}"
EndProject
Project("{8BC9CEB8-8B4A-11D0-8D11-00A0C91BC942}") = "Crypt", "Tests\Core\Crypt\Crypt-vc2010.vcxproj", "{A8995F04-3B46-4E2B-9390-B670006546ED}"
EndProject
Project("{8BC9CEB8-8B4A-11D0-8D11-00A0C91BC942}") = "WinPos", "Tests\Display\WinPos\WinPos-vc2010.vcxproj", "{4E27E943-27C7-4F00-A431-B6ACA237766A}"
EndProject
Project("{8BC9CEB8-8B4A-11D0-8D11-00A0C91BC942}") = "UniformBlock", "Tests\Display\UniformBlock\UniformBlock-vc2010.vcxproj", "{C40C2488-5052-4581-A9A5-392CC19418DB}"
EndProject
Project("{8BC9CEB8-8B4A-11D0-8D11-00A0C91BC942}") = "WebBrowser", "Tests\CSSLayout\WebBrowser\WebBrowser.vcxproj", "{52FD82E0-6197-4C4A-BCFC-9D012DA0AF64}"
EndProject
Project("{8BC9CEB8-8B4A-11D0-8D11-00A0C91BC942}") = "Basic", "Tests\D3D\Basic\Basic.vcxproj", "{FAF63430-738F-45DA-ADBF-4F0FB6EED2B9}"
EndProject
Project("{8BC9CEB8-8B4A-11D0-8D11-00A0C91BC942}") = "tls", "Tests\Network\TLS\tls-vc2010.vcxproj", "{E413D9A0-1CEB-4EA7-A7DF-7D796A554331}"
EndProject
Global
	GlobalSection(SolutionConfigurationPlatforms) = preSolution
		Debug|Win32 = Debug|Win32
		Release|Win32 = Release|Win32
	EndGlobalSection
	GlobalSection(ProjectConfigurationPlatforms) = postSolution
		{39894959-F657-4A12-B5EA-166F1DFBD7EE}.Debug|Win32.ActiveCfg = Debug|Win32
		{39894959-F657-4A12-B5EA-166F1DFBD7EE}.Debug|Win32.Build.0 = Debug|Win32
		{39894959-F657-4A12-B5EA-166F1DFBD7EE}.Release|Win32.ActiveCfg = Release|Win32
		{39894959-F657-4A12-B5EA-166F1DFBD7EE}.Release|Win32.Build.0 = Release|Win32
		{5C1AAF8C-7FF0-447E-B01D-AED0A0B2849F}.Debug|Win32.ActiveCfg = Debug|Win32
		{5C1AAF8C-7FF0-447E-B01D-AED0A0B2849F}.Debug|Win32.Build.0 = Debug|Win32
		{5C1AAF8C-7FF0-447E-B01D-AED0A0B2849F}.Release|Win32.ActiveCfg = Release|Win32
		{5C1AAF8C-7FF0-447E-B01D-AED0A0B2849F}.Release|Win32.Build.0 = Release|Win32
		{82340246-4105-43D5-8D48-5FC35A5D6EB5}.Debug|Win32.ActiveCfg = Debug|Win32
		{82340246-4105-43D5-8D48-5FC35A5D6EB5}.Debug|Win32.Build.0 = Debug|Win32
		{82340246-4105-43D5-8D48-5FC35A5D6EB5}.Release|Win32.ActiveCfg = Release|Win32
		{82340246-4105-43D5-8D48-5FC35A5D6EB5}.Release|Win32.Build.0 = Release|Win32
		{901C2B2F-158F-4E2E-B29D-C078FF4B8B84}.Debug|Win32.ActiveCfg = Debug|Win32
		{901C2B2F-158F-4E2E-B29D-C078FF4B8B84}.Debug|Win32.Build.0 = Debug|Win32
		{901C2B2F-158F-4E2E-B29D-C078FF4B8B84}.Release|Win32.ActiveCfg = Release|Win32
		{901C2B2F-158F-4E2E-B29D-C078FF4B8B84}.Release|Win32.Build.0 = Release|Win32
		{9C60FB49-EC7C-4E71-9D75-BCC855EDF814}.Debug|Win32.ActiveCfg = Debug|Win32
		{9C60FB49-EC7C-4E71-9D75-BCC855EDF814}.Debug|Win32.Build.0 = Debug|Win32
		{9C60FB49-EC7C-4E71-9D75-BCC855EDF814}.Release|Win32.ActiveCfg = Release|Win32
		{9C60FB49-EC7C-4E71-9D75-BCC855EDF814}.Release|Win32.Build.0 = Release|Win32
		{82C358DB-3A9C-4C15-869A-53CF1BE6B8A6}.Debug|Win32.ActiveCfg = Debug|Win32
		{82C358DB-3A9C-4C15-869A-53CF1BE6B8A6}.Debug|Win32.Build.0 = Debug|Win32
		{82C358DB-3A9C-4C15-869A-53CF1BE6B8A6}.Release|Win32.ActiveCfg = Release|Win32
		{82C358DB-3A9C-4C15-869A-53CF1BE6B8A6}.Release|Win32.Build.0 = Release|Win32
		{36668BAD-1A0D-469C-BFAF-04E01A0100F2}.Debug|Win32.ActiveCfg = Debug|Win32
		{36668BAD-1A0D-469C-BFAF-04E01A0100F2}.Debug|Win32.Build.0 = Debug|Win32
		{36668BAD-1A0D-469C-BFAF-04E01A0100F2}.Release|Win32.ActiveCfg = Release|Win32
		{36668BAD-1A0D-469C-BFAF-04E01A0100F2}.Release|Win32.Build.0 = Release|Win32
		{62BE6238-B6B7-4FC0-8306-EDC14CC970DB}.Debug|Win32.ActiveCfg = Debug|Win32
		{62BE6238-B6B7-4FC0-8306-EDC14CC970DB}.Debug|Win32.Build.0 = Debug|Win32
		{62BE6238-B6B7-4FC0-8306-EDC14CC970DB}.Release|Win32.ActiveCfg = Release|Win32
		{62BE6238-B6B7-4FC0-8306-EDC14CC970DB}.Release|Win32.Build.0 = Release|Win32
		{DB6D65A3-E602-4639-996C-EE986C429BE0}.Debug|Win32.ActiveCfg = Debug|Win32
		{DB6D65A3-E602-4639-996C-EE986C429BE0}.Debug|Win32.Build.0 = Debug|Win32
		{DB6D65A3-E602-4639-996C-EE986C429BE0}.Release|Win32.ActiveCfg = Release|Win32
		{DB6D65A3-E602-4639-996C-EE986C429BE0}.Release|Win32.Build.0 = Release|Win32
		{5E6E0E4A-AF6A-41A5-803F-A6C626D7720A}.Debug|Win32.ActiveCfg = Debug|Win32
		{5E6E0E4A-AF6A-41A5-803F-A6C626D7720A}.Debug|Win32.Build.0 = Debug|Win32
		{5E6E0E4A-AF6A-41A5-803F-A6C626D7720A}.Release|Win32.ActiveCfg = Release|Win32
		{5E6E0E4A-AF6A-41A5-803F-A6C626D7720A}.Release|Win32.Build.0 = Release|Win32
		{9DFD68EB-23FA-421A-9399-CF459EBF71BD}.Debug|Win32.ActiveCfg = Debug|Win32
		{9DFD68EB-23FA-421A-9399-CF459EBF71BD}.Debug|Win32.Build.0 = Debug|Win32
		{9DFD68EB-23FA-421A-9399-CF459EBF71BD}.Release|Win32.ActiveCfg = Release|Win32
		{9DFD68EB-23FA-421A-9399-CF459EBF71BD}.Release|Win32.Build.0 = Release|Win32
		{528FA806-2702-496E-ABA3-90036E001C0D}.Debug|Win32.ActiveCfg = Debug|Win32
		{528FA806-2702-496E-ABA3-90036E001C0D}.Debug|Win32.Build.0 = Debug|Win32
		{528FA806-2702-496E-ABA3-90036E001C0D}.Release|Win32.ActiveCfg = Release|Win32
		{528FA806-2702-496E-ABA3-90036E001C0D}.Release|Win32.Build.0 = Release|Win32
		{2CAE88F9-CA79-4960-9E01-566E6B49CD4D}.Debug|Win32.ActiveCfg = Debug|Win32
		{2CAE88F9-CA79-4960-9E01-566E6B49CD4D}.Debug|Win32.Build.0 = Debug|Win32
		{2CAE88F9-CA79-4960-9E01-566E6B49CD4D}.Release|Win32.ActiveCfg = Release|Win32
		{2CAE88F9-CA79-4960-9E01-566E6B49CD4D}.Release|Win32.Build.0 = Release|Win32
		{95AE3D35-371F-4BF8-BD38-8F7FF7AD1BE1}.Debug|Win32.ActiveCfg = Debug|Win32
		{95AE3D35-371F-4BF8-BD38-8F7FF7AD1BE1}.Debug|Win32.Build.0 = Debug|Win32
		{95AE3D35-371F-4BF8-BD38-8F7FF7AD1BE1}.Release|Win32.ActiveCfg = Release|Win32
		{95AE3D35-371F-4BF8-BD38-8F7FF7AD1BE1}.Release|Win32.Build.0 = Release|Win32
		{DD0EC1F8-78BC-4FAE-9870-BC48245C3B0C}.Debug|Win32.ActiveCfg = Debug|Win32
		{DD0EC1F8-78BC-4FAE-9870-BC48245C3B0C}.Debug|Win32.Build.0 = Debug|Win32
		{DD0EC1F8-78BC-4FAE-9870-BC48245C3B0C}.Release|Win32.ActiveCfg = Release|Win32
		{DD0EC1F8-78BC-4FAE-9870-BC48245C3B0C}.Release|Win32.Build.0 = Release|Win32
		{9DE49AD8-388F-47E1-8C4E-2AB61F6E55C5}.Debug|Win32.ActiveCfg = Debug|Win32
		{9DE49AD8-388F-47E1-8C4E-2AB61F6E55C5}.Debug|Win32.Build.0 = Debug|Win32
		{9DE49AD8-388F-47E1-8C4E-2AB61F6E55C5}.Release|Win32.ActiveCfg = Release|Win32
		{9DE49AD8-388F-47E1-8C4E-2AB61F6E55C5}.Release|Win32.Build.0 = Release|Win32
		{1AF07737-64EA-466E-9171-0540134272D2}.Debug|Win32.ActiveCfg = Debug|Win32
		{1AF07737-64EA-466E-9171-0540134272D2}.Debug|Win32.Build.0 = Debug|Win32
		{1AF07737-64EA-466E-9171-0540134272D2}.Release|Win32.ActiveCfg = Release|Win32
		{1AF07737-64EA-466E-9171-0540134272D2}.Release|Win32.Build.0 = Release|Win32
		{62CF6497-659F-4FA4-88B0-AD8DED99CA8D}.Debug|Win32.ActiveCfg = Debug|Win32
		{62CF6497-659F-4FA4-88B0-AD8DED99CA8D}.Debug|Win32.Build.0 = Debug|Win32
		{62CF6497-659F-4FA4-88B0-AD8DED99CA8D}.Release|Win32.ActiveCfg = Release|Win32
		{62CF6497-659F-4FA4-88B0-AD8DED99CA8D}.Release|Win32.Build.0 = Release|Win32
		{88D84740-C9EA-4A97-9717-FF7ED74F1E9A}.Debug|Win32.ActiveCfg = Debug|Win32
		{88D84740-C9EA-4A97-9717-FF7ED74F1E9A}.Debug|Win32.Build.0 = Debug|Win32
		{88D84740-C9EA-4A97-9717-FF7ED74F1E9A}.Release|Win32.ActiveCfg = Release|Win32
		{88D84740-C9EA-4A97-9717-FF7ED74F1E9A}.Release|Win32.Build.0 = Release|Win32
		{4E27E943-27C7-4F00-A431-B6ACA236ACD2}.Debug|Win32.ActiveCfg = Debug|Win32
		{4E27E943-27C7-4F00-A431-B6ACA236ACD2}.Debug|Win32.Build.0 = Debug|Win32
		{4E27E943-27C7-4F00-A431-B6ACA236ACD2}.Release|Win32.ActiveCfg = Release|Win32
		{4E27E943-27C7-4F00-A431-B6ACA236ACD2}.Release|Win32.Build.0 = Release|Win32
		{48750355-940C-4DB8-8E60-3C12A0D50D73}.Debug|Win32.ActiveCfg = Debug|Win32
		{48750355-940C-4DB8-8E60-3C12A0D50D73}.Debug|Win32.Build.0 = Debug|Win32
		{48750355-940C-4DB8-8E60-3C12A0D50D73}.Release|Win32.ActiveCfg = Release|Win32
		{48750355-940C-4DB8-8E60-3C12A0D50D73}.Release|Win32.Build.0 = Release|Win32
		{6D0EC7A4-83C6-45A4-8BC7-1D1C4EE4EC5D}.Debug|Win32.ActiveCfg = Debug|Win32
		{6D0EC7A4-83C6-45A4-8BC7-1D1C4EE4EC5D}.Debug|Win32.Build.0 = Debug|Win32
		{6D0EC7A4-83C6-45A4-8BC7-1D1C4EE4EC5D}.Release|Win32.ActiveCfg = Release|Win32
		{6D0EC7A4-83C6-45A4-8BC7-1D1C4EE4EC5D}.Release|Win32.Build.0 = Release|Win32
		{3C5A0E78-4A05-4953-BA6F-A752C7F7AF92}.Debug|Win32.ActiveCfg = Debug|Win32
		{3C5A0E78-4A05-4953-BA6F-A752C7F7AF92}.Debug|Win32.Build.0 = Debug|Win32
		{3C5A0E78-4A05-4953-BA6F-A752C7F7AF92}.Release|Win32.ActiveCfg = Release|Win32
		{3C5A0E78-4A05-4953-BA6F-A752C7F7AF92}.Release|Win32.Build.0 = Release|Win32
		{BAB9F701-4F2D-4D08-A3ED-02F84BD63AB2}.Debug|Win32.ActiveCfg = Debug|Win32
		{BAB9F701-4F2D-4D08-A3ED-02F84BD63AB2}.Debug|Win32.Build.0 = Debug|Win32
		{BAB9F701-4F2D-4D08-A3ED-02F84BD63AB2}.Release|Win32.ActiveCfg = Release|Win32
		{BAB9F701-4F2D-4D08-A3ED-02F84BD63AB2}.Release|Win32.Build.0 = Release|Win32
		{1FAC95A5-4B62-4621-859A-F43EB1A3BE1E}.Debug|Win32.ActiveCfg = Debug|Win32
		{1FAC95A5-4B62-4621-859A-F43EB1A3BE1E}.Debug|Win32.Build.0 = Debug|Win32
		{1FAC95A5-4B62-4621-859A-F43EB1A3BE1E}.Release|Win32.ActiveCfg = Release|Win32
		{1FAC95A5-4B62-4621-859A-F43EB1A3BE1E}.Release|Win32.Build.0 = Release|Win32
		{B1BEBB08-625F-4899-906E-9E08D16E82F8}.Debug|Win32.ActiveCfg = Debug|Win32
		{B1BEBB08-625F-4899-906E-9E08D16E82F8}.Debug|Win32.Build.0 = Debug|Win32
		{B1BEBB08-625F-4899-906E-9E08D16E82F8}.Release|Win32.ActiveCfg = Release|Win32
		{B1BEBB08-625F-4899-906E-9E08D16E82F8}.Release|Win32.Build.0 = Release|Win32
		{45F8FAD0-BFF2-40FC-A927-DAB6AA5286F4}.Debug|Win32.ActiveCfg = Debug|Win32
		{45F8FAD0-BFF2-40FC-A927-DAB6AA5286F4}.Debug|Win32.Build.0 = Debug|Win32
		{45F8FAD0-BFF2-40FC-A927-DAB6AA5286F4}.Release|Win32.ActiveCfg = Release|Win32
		{45F8FAD0-BFF2-40FC-A927-DAB6AA5286F4}.Release|Win32.Build.0 = Release|Win32
		{744835B7-0B6E-4926-8316-E98C8D2CE631}.Debug|Win32.ActiveCfg = Debug|Win32
		{744835B7-0B6E-4926-8316-E98C8D2CE631}.Debug|Win32.Build.0 = Debug|Win32
		{744835B7-0B6E-4926-8316-E98C8D2CE631}.Release|Win32.ActiveCfg = Release|Win32
		{744835B7-0B6E-4926-8316-E98C8D2CE631}.Release|Win32.Build.0 = Release|Win32
		{7F40FED0-920A-47E1-A37F-AB099ADBF542}.Debug|Win32.ActiveCfg = Debug|Win32
		{7F40FED0-920A-47E1-A37F-AB099ADBF542}.Debug|Win32.Build.0 = Debug|Win32
		{7F40FED0-920A-47E1-A37F-AB099ADBF542}.Release|Win32.ActiveCfg = Release|Win32
		{7F40FED0-920A-47E1-A37F-AB099ADBF542}.Release|Win32.Build.0 = Release|Win32
		{7E76B628-AD35-4823-A62F-347A6C451D07}.Debug|Win32.ActiveCfg = Debug|Win32
		{7E76B628-AD35-4823-A62F-347A6C451D07}.Debug|Win32.Build.0 = Debug|Win32
		{7E76B628-AD35-4823-A62F-347A6C451D07}.Release|Win32.ActiveCfg = Release|Win32
		{7E76B628-AD35-4823-A62F-347A6C451D07}.Release|Win32.Build.0 = Release|Win32
		{E1C5F02D-BB09-4ACD-8EB3-23105401AE1C}.Debug|Win32.ActiveCfg = Debug|Win32
		{E1C5F02D-BB09-4ACD-8EB3-23105401AE1C}.Debug|Win32.Build.0 = Debug|Win32
		{E1C5F02D-BB09-4ACD-8EB3-23105401AE1C}.Release|Win32.ActiveCfg = Release|Win32
		{E1C5F02D-BB09-4ACD-8EB3-23105401AE1C}.Release|Win32.Build.0 = Release|Win32
		{F795E727-F10C-4032-BB93-C9194955CB27}.Debug|Win32.ActiveCfg = Debug|Win32
		{F795E727-F10C-4032-BB93-C9194955CB27}.Debug|Win32.Build.0 = Debug|Win32
		{F795E727-F10C-4032-BB93-C9194955CB27}.Release|Win32.ActiveCfg = Release|Win32
		{F795E727-F10C-4032-BB93-C9194955CB27}.Release|Win32.Build.0 = Release|Win32
		{4EBA0C76-44FB-4B5C-8CEF-54008DA70535}.Debug|Win32.ActiveCfg = Debug|Win32
		{4EBA0C76-44FB-4B5C-8CEF-54008DA70535}.Debug|Win32.Build.0 = Debug|Win32
		{4EBA0C76-44FB-4B5C-8CEF-54008DA70535}.Release|Win32.ActiveCfg = Release|Win32
		{4EBA0C76-44FB-4B5C-8CEF-54008DA70535}.Release|Win32.Build.0 = Release|Win32
		{415F53A0-F608-4D14-85C5-EEA69A6F488B}.Debug|Win32.ActiveCfg = Debug|Win32
		{415F53A0-F608-4D14-85C5-EEA69A6F488B}.Debug|Win32.Build.0 = Debug|Win32
		{415F53A0-F608-4D14-85C5-EEA69A6F488B}.Release|Win32.ActiveCfg = Release|Win32
		{415F53A0-F608-4D14-85C5-EEA69A6F488B}.Release|Win32.Build.0 = Release|Win32
		{903374C5-87EA-4010-BD44-95D54D9A3834}.Debug|Win32.ActiveCfg = Debug|Win32
		{903374C5-87EA-4010-BD44-95D54D9A3834}.Debug|Win32.Build.0 = Debug|Win32
		{903374C5-87EA-4010-BD44-95D54D9A3834}.Release|Win32.ActiveCfg = Release|Win32
		{903374C5-87EA-4010-BD44-95D54D9A3834}.Release|Win32.Build.0 = Release|Win32
		{BAB64109-DBA5-439B-A821-5AFF2D8124BC}.Debug|Win32.ActiveCfg = Debug|Win32
		{BAB64109-DBA5-439B-A821-5AFF2D8124BC}.Debug|Win32.Build.0 = Debug|Win32
		{BAB64109-DBA5-439B-A821-5AFF2D8124BC}.Release|Win32.ActiveCfg = Release|Win32
		{BAB64109-DBA5-439B-A821-5AFF2D8124BC}.Release|Win32.Build.0 = Release|Win32
		{5DA9D14B-F5D4-4CA0-94D3-44564BD426FA}.Debug|Win32.ActiveCfg = Debug|Win32
		{5DA9D14B-F5D4-4CA0-94D3-44564BD426FA}.Debug|Win32.Build.0 = Debug|Win32
		{5DA9D14B-F5D4-4CA0-94D3-44564BD426FA}.Release|Win32.ActiveCfg = Release|Win32
		{5DA9D14B-F5D4-4CA0-94D3-44564BD426FA}.Release|Win32.Build.0 = Release|Win32
		{EA15BD07-102D-48E1-AAA2-B58FA1A2452A}.Debug|Win32.ActiveCfg = Debug|Win32
		{EA15BD07-102D-48E1-AAA2-B58FA1A2452A}.Debug|Win32.Build.0 = Debug|Win32
		{EA15BD07-102D-48E1-AAA2-B58FA1A2452A}.Release|Win32.ActiveCfg = Release|Win32
		{EA15BD07-102D-48E1-AAA2-B58FA1A2452A}.Release|Win32.Build.0 = Release|Win32
		{9AF08E24-01FA-47A5-8E4B-1CD5DA37F296}.Debug|Win32.ActiveCfg = Debug|Win32
		{9AF08E24-01FA-47A5-8E4B-1CD5DA37F296}.Debug|Win32.Build.0 = Debug|Win32
		{9AF08E24-01FA-47A5-8E4B-1CD5DA37F296}.Release|Win32.ActiveCfg = Release|Win32
		{9AF08E24-01FA-47A5-8E4B-1CD5DA37F296}.Release|Win32.Build.0 = Release|Win32
		{855231D4-578D-4FD2-B5E0-042C6E81627A}.Debug|Win32.ActiveCfg = Debug|Win32
		{855231D4-578D-4FD2-B5E0-042C6E81627A}.Debug|Win32.Build.0 = Debug|Win32
		{855231D4-578D-4FD2-B5E0-042C6E81627A}.Release|Win32.ActiveCfg = Release|Win32
		{855231D4-578D-4FD2-B5E0-042C6E81627A}.Release|Win32.Build.0 = Release|Win32
		{2516FB7B-F8D4-49CA-B62E-8CDDC9F3124A}.Debug|Win32.ActiveCfg = Debug|Win32
		{2516FB7B-F8D4-49CA-B62E-8CDDC9F3124A}.Debug|Win32.Build.0 = Debug|Win32
		{2516FB7B-F8D4-49CA-B62E-8CDDC9F3124A}.Release|Win32.ActiveCfg = Release|Win32
		{2516FB7B-F8D4-49CA-B62E-8CDDC9F3124A}.Release|Win32.Build.0 = Release|Win32
		{F26BCCD4-A628-49A0-B3B7-9935EBC5E608}.Debug|Win32.ActiveCfg = Debug|Win32
		{F26BCCD4-A628-49A0-B3B7-9935EBC5E608}.Debug|Win32.Build.0 = Debug|Win32
		{F26BCCD4-A628-49A0-B3B7-9935EBC5E608}.Release|Win32.ActiveCfg = Release|Win32
		{F26BCCD4-A628-49A0-B3B7-9935EBC5E608}.Release|Win32.Build.0 = Release|Win32
		{BAB9F701-4F2D-4D08-A3ED-02F84BD44433}.Debug|Win32.ActiveCfg = Debug|Win32
		{BAB9F701-4F2D-4D08-A3ED-02F84BD44433}.Debug|Win32.Build.0 = Debug|Win32
		{BAB9F701-4F2D-4D08-A3ED-02F84BD44433}.Release|Win32.ActiveCfg = Release|Win32
		{BAB9F701-4F2D-4D08-A3ED-02F84BD44433}.Release|Win32.Build.0 = Release|Win32
		{71383011-9EE6-409A-AB82-FC44836CF36D}.Debug|Win32.ActiveCfg = Debug|Win32
		{71383011-9EE6-409A-AB82-FC44836CF36D}.Debug|Win32.Build.0 = Debug|Win32
		{71383011-9EE6-409A-AB82-FC44836CF36D}.Release|Win32.ActiveCfg = Release|Win32
		{71383011-9EE6-409A-AB82-FC44836CF36D}.Release|Win32.Build.0 = Release|Win32
		{21706F40-5BB2-4BCA-BB88-59ACD7251007}.Debug|Win32.ActiveCfg = Debug|Win32
		{21706F40-5BB2-4BCA-BB88-59ACD7251007}.Debug|Win32.Build.0 = Debug|Win32
		{21706F40-5BB2-4BCA-BB88-59ACD7251007}.Release|Win32.ActiveCfg = Release|Win32
		{21706F40-5BB2-4BCA-BB88-59ACD7251007}.Release|Win32.Build.0 = Release|Win32
		{24ADFDB0-7DAC-4F10-8C0B-6118B843B7B1}.Debug|Win32.ActiveCfg = Debug|Win32
		{24ADFDB0-7DAC-4F10-8C0B-6118B843B7B1}.Debug|Win32.Build.0 = Debug|Win32
		{24ADFDB0-7DAC-4F10-8C0B-6118B843B7B1}.Release|Win32.ActiveCfg = Release|Win32
		{24ADFDB0-7DAC-4F10-8C0B-6118B843B7B1}.Release|Win32.Build.0 = Release|Win32
		{381E480C-447E-44A5-B89F-6C147CC91AB9}.Debug|Win32.ActiveCfg = Debug|Win32
		{381E480C-447E-44A5-B89F-6C147CC91AB9}.Debug|Win32.Build.0 = Debug|Win32
		{381E480C-447E-44A5-B89F-6C147CC91AB9}.Release|Win32.ActiveCfg = Release|Win32
		{381E480C-447E-44A5-B89F-6C147CC91AB9}.Release|Win32.Build.0 = Release|Win32
		{DD0EC1F8-78BC-4FAE-9870-BC48245C9999}.Debug|Win32.ActiveCfg = Debug|Win32
		{DD0EC1F8-78BC-4FAE-9870-BC48245C9999}.Debug|Win32.Build.0 = Debug|Win32
		{DD0EC1F8-78BC-4FAE-9870-BC48245C9999}.Release|Win32.ActiveCfg = Release|Win32
		{DD0EC1F8-78BC-4FAE-9870-BC48245C9999}.Release|Win32.Build.0 = Release|Win32
		{BAB64109-DBA5-439B-A821-5AFF2D111A1A}.Debug|Win32.ActiveCfg = Debug|Win32
		{BAB64109-DBA5-439B-A821-5AFF2D111A1A}.Debug|Win32.Build.0 = Debug|Win32
		{BAB64109-DBA5-439B-A821-5AFF2D111A1A}.Release|Win32.ActiveCfg = Release|Win32
		{BAB64109-DBA5-439B-A821-5AFF2D111A1A}.Release|Win32.Build.0 = Release|Win32
		{BAB64109-DBA5-439B-A821-5AFF2A4427AE}.Debug|Win32.ActiveCfg = Debug|Win32
		{BAB64109-DBA5-439B-A821-5AFF2A4427AE}.Debug|Win32.Build.0 = Debug|Win32
		{BAB64109-DBA5-439B-A821-5AFF2A4427AE}.Release|Win32.ActiveCfg = Release|Win32
		{BAB64109-DBA5-439B-A821-5AFF2A4427AE}.Release|Win32.Build.0 = Release|Win32
		{BD0D7D76-D4C7-4FD4-9278-2B1F780841A0}.Debug|Win32.ActiveCfg = Debug|Win32
		{BD0D7D76-D4C7-4FD4-9278-2B1F780841A0}.Debug|Win32.Build.0 = Debug|Win32
		{BD0D7D76-D4C7-4FD4-9278-2B1F780841A0}.Release|Win32.ActiveCfg = Release|Win32
		{BD0D7D76-D4C7-4FD4-9278-2B1F780841A0}.Release|Win32.Build.0 = Release|Win32
		{1063ECE5-D66A-4DA2-89D9-4DC7EC728C6D}.Debug|Win32.ActiveCfg = Debug|Win32
		{1063ECE5-D66A-4DA2-89D9-4DC7EC728C6D}.Debug|Win32.Build.0 = Debug|Win32
		{1063ECE5-D66A-4DA2-89D9-4DC7EC728C6D}.Release|Win32.ActiveCfg = Release|Win32
		{1063ECE5-D66A-4DA2-89D9-4DC7EC728C6D}.Release|Win32.Build.0 = Release|Win32
		{4E27E943-27C7-4F00-A431-B6ACA2362FEF}.Debug|Win32.ActiveCfg = Debug|Win32
		{4E27E943-27C7-4F00-A431-B6ACA2362FEF}.Debug|Win32.Build.0 = Debug|Win32
		{4E27E943-27C7-4F00-A431-B6ACA2362FEF}.Release|Win32.ActiveCfg = Release|Win32
		{4E27E943-27C7-4F00-A431-B6ACA2362FEF}.Release|Win32.Build.0 = Release|Win32
		{1AF07737-64EA-466E-9171-0540555572D2}.Debug|Win32.ActiveCfg = Debug|Win32
		{1AF07737-64EA-466E-9171-0540555572D2}.Debug|Win32.Build.0 = Debug|Win32
		{1AF07737-64EA-466E-9171-0540555572D2}.Release|Win32.ActiveCfg = Release|Win32
		{1AF07737-64EA-466E-9171-0540555572D2}.Release|Win32.Build.0 = Release|Win32
		{1AF07737-64EA-466E-9171-0553354272D2}.Debug|Win32.ActiveCfg = Debug|Win32
		{1AF07737-64EA-466E-9171-0553354272D2}.Debug|Win32.Build.0 = Debug|Win32
		{1AF07737-64EA-466E-9171-0553354272D2}.Release|Win32.ActiveCfg = Release|Win32
		{1AF07737-64EA-466E-9171-0553354272D2}.Release|Win32.Build.0 = Release|Win32
		{85733360-9C4D-4040-8DC7-42D19611A2BD}.Debug|Win32.ActiveCfg = Debug|Win32
		{85733360-9C4D-4040-8DC7-42D19611A2BD}.Debug|Win32.Build.0 = Debug|Win32
		{85733360-9C4D-4040-8DC7-42D19611A2BD}.Release|Win32.ActiveCfg = Release|Win32
		{85733360-9C4D-4040-8DC7-42D19611A2BD}.Release|Win32.Build.0 = Release|Win32
		{8779285C-1EA9-43DA-BBAE-AC275A910273}.Debug|Win32.ActiveCfg = Debug|Win32
		{8779285C-1EA9-43DA-BBAE-AC275A910273}.Debug|Win32.Build.0 = Debug|Win32
		{8779285C-1EA9-43DA-BBAE-AC275A910273}.Release|Win32.ActiveCfg = Release|Win32
		{8779285C-1EA9-43DA-BBAE-AC275A910273}.Release|Win32.Build.0 = Release|Win32
		{2406CAC2-ED47-4B89-85F0-0C3C4C56E7ED}.Debug|Win32.ActiveCfg = Debug|Win32
		{2406CAC2-ED47-4B89-85F0-0C3C4C56E7ED}.Debug|Win32.Build.0 = Debug|Win32
		{2406CAC2-ED47-4B89-85F0-0C3C4C56E7ED}.Release|Win32.ActiveCfg = Release|Win32
		{2406CAC2-ED47-4B89-85F0-0C3C4C56E7ED}.Release|Win32.Build.0 = Release|Win32
		{3D4C085A-2901-4126-96EE-E5E0B1EB79CE}.Debug|Win32.ActiveCfg = Debug|Win32
		{3D4C085A-2901-4126-96EE-E5E0B1EB79CE}.Debug|Win32.Build.0 = Debug|Win32
		{3D4C085A-2901-4126-96EE-E5E0B1EB79CE}.Release|Win32.ActiveCfg = Release|Win32
		{3D4C085A-2901-4126-96EE-E5E0B1EB79CE}.Release|Win32.Build.0 = Release|Win32
		{A8995F04-3B46-4E2B-9390-B670006546ED}.Debug|Win32.ActiveCfg = Debug|Win32
		{A8995F04-3B46-4E2B-9390-B670006546ED}.Debug|Win32.Build.0 = Debug|Win32
		{A8995F04-3B46-4E2B-9390-B670006546ED}.Release|Win32.ActiveCfg = Release|Win32
		{A8995F04-3B46-4E2B-9390-B670006546ED}.Release|Win32.Build.0 = Release|Win32
		{4E27E943-27C7-4F00-A431-B6ACA237766A}.Debug|Win32.ActiveCfg = Debug|Win32
		{4E27E943-27C7-4F00-A431-B6ACA237766A}.Debug|Win32.Build.0 = Debug|Win32
		{4E27E943-27C7-4F00-A431-B6ACA237766A}.Release|Win32.ActiveCfg = Release|Win32
		{4E27E943-27C7-4F00-A431-B6ACA237766A}.Release|Win32.Build.0 = Release|Win32
		{C40C2488-5052-4581-A9A5-392CC19418DB}.Debug|Win32.ActiveCfg = Debug|Win32
		{C40C2488-5052-4581-A9A5-392CC19418DB}.Debug|Win32.Build.0 = Debug|Win32
		{C40C2488-5052-4581-A9A5-392CC19418DB}.Release|Win32.ActiveCfg = Release|Win32
		{C40C2488-5052-4581-A9A5-392CC19418DB}.Release|Win32.Build.0 = Release|Win32
		{52FD82E0-6197-4C4A-BCFC-9D012DA0AF64}.Debug|Win32.ActiveCfg = Debug|Win32
		{52FD82E0-6197-4C4A-BCFC-9D012DA0AF64}.Debug|Win32.Build.0 = Debug|Win32
		{52FD82E0-6197-4C4A-BCFC-9D012DA0AF64}.Release|Win32.ActiveCfg = Release|Win32
		{52FD82E0-6197-4C4A-BCFC-9D012DA0AF64}.Release|Win32.Build.0 = Release|Win32
		{FAF63430-738F-45DA-ADBF-4F0FB6EED2B9}.Debug|Win32.ActiveCfg = Debug|Win32
		{FAF63430-738F-45DA-ADBF-4F0FB6EED2B9}.Debug|Win32.Build.0 = Debug|Win32
		{FAF63430-738F-45DA-ADBF-4F0FB6EED2B9}.Release|Win32.ActiveCfg = Release|Win32
		{FAF63430-738F-45DA-ADBF-4F0FB6EED2B9}.Release|Win32.Build.0 = Release|Win32
		{E413D9A0-1CEB-4EA7-A7DF-7D796A554331}.Debug|Win32.ActiveCfg = Debug|Win32
		{E413D9A0-1CEB-4EA7-A7DF-7D796A554331}.Debug|Win32.Build.0 = Debug|Win32
		{E413D9A0-1CEB-4EA7-A7DF-7D796A554331}.Release|Win32.ActiveCfg = Release|Win32
		{E413D9A0-1CEB-4EA7-A7DF-7D796A554331}.Release|Win32.Build.0 = Release|Win32
	EndGlobalSection
	GlobalSection(SolutionProperties) = preSolution
		HideSolutionNode = FALSE
	EndGlobalSection
EndGlobal
