Microsoft Visual Studio Solution File, Format Version 10.00
# Visual C++ Express 2008
Project("{8BC9CEB8-8B4A-11D0-8D11-00A0C91BC942}") = "TabOrder1", "TabOrder1-vc2008.vcproj", "{7E76B628-AD35-4823-A62F-347A6C451D07}"
EndProject
Global
	GlobalSection(SolutionConfigurationPlatforms) = preSolution
		Debug|Win32 = Debug|Win32
		Release|Win32 = Release|Win32
	EndGlobalSection
	GlobalSection(ProjectConfigurationPlatforms) = postSolution
		{7E76B628-AD35-4823-A62F-347A6C451D07}.Debug|Win32.ActiveCfg = Debug|Win32
		{7E76B628-AD35-4823-A62F-347A6C451D07}.Debug|Win32.Build.0 = Debug|Win32
		{7E76B628-AD35-4823-A62F-347A6C451D07}.Release|Win32.ActiveCfg = Release|Win32
		{7E76B628-AD35-4823-A62F-347A6C451D07}.Release|Win32.Build.0 = Release|Win32
	EndGlobalSection
	GlobalSection(SolutionProperties) = preSolution
		HideSolutionNode = FALSE
	EndGlobalSection
EndGlobal
