
Microsoft Visual Studio Solution File, Format Version 10.00
# Visual C++ Express 2008
Project("{8BC9CEB8-8B4A-11D0-8D11-00A0C91BC942}") = "CTalk", "CTalk-vc90.vcproj", "{F1E00ED3-196D-400E-9955-0955074F639C}"
EndProject
Global
	GlobalSection(SolutionConfigurationPlatforms) = preSolution
		Debug|Win32 = Debug|Win32
		Release|Win32 = Release|Win32
	EndGlobalSection
	GlobalSection(ProjectConfigurationPlatforms) = postSolution
		{F1E00ED3-196D-400E-9955-0955074F639C}.Debug|Win32.ActiveCfg = Debug|Win32
		{F1E00ED3-196D-400E-9955-0955074F639C}.Debug|Win32.Build.0 = Debug|Win32
		{F1E00ED3-196D-400E-9955-0955074F639C}.Release|Win32.ActiveCfg = Release|Win32
		{F1E00ED3-196D-400E-9955-0955074F639C}.Release|Win32.Build.0 = Release|Win32
	EndGlobalSection
	GlobalSection(SolutionProperties) = preSolution
		HideSolutionNode = FALSE
	EndGlobalSection
EndGlobal
