<?xml version="1.0" encoding="utf-8"?>
<Project ToolsVersion="4.0" xmlns="http://schemas.microsoft.com/developer/msbuild/2003">
  <ItemGroup>
    <Filter Include="Source Files">
      <UniqueIdentifier>{4FC737F1-C7A5-4376-A066-2A32D752A2FF}</UniqueIdentifier>
      <Extensions>cpp;c;cc;cxx;def;odl;idl;hpj;bat;asm;asmx</Extensions>
    </Filter>
    <Filter Include="Header Files">
      <UniqueIdentifier>{93995380-89BD-4b04-88EB-625FBE52EBFB}</UniqueIdentifier>
      <Extensions>h;hpp;hxx;hm;inl;inc;xsd</Extensions>
    </Filter>
    <Filter Include="Resource Files">
      <UniqueIdentifier>{67DA6AB6-F800-4c08-8B7A-83BB121AAD01}</UniqueIdentifier>
      <Extensions>rc;ico;cur;bmp;dlg;rc2;rct;bin;rgs;gif;jpg;jpeg;jpe;resx;tiff;tif;png;wav</Extensions>
    </Filter>
    <Filter Include="Resource Files\Mirage">
      <UniqueIdentifier>{0d78b2dd-b0f8-46bb-9c8f-60d257f3c584}</UniqueIdentifier>
    </Filter>
    <Filter Include="Resource Files\Default">
      <UniqueIdentifier>{a19d7ab8-dd6b-4cfa-aa85-c5d91425ba82}</UniqueIdentifier>
    </Filter>
  </ItemGroup>
  <ItemGroup>
    <ClCompile Include="test.cpp">
      <Filter>Source Files</Filter>
    </ClCompile>
  </ItemGroup>
  <ItemGroup>
    <None Include="..\..\..\Resources\GUIStyleMirage\resources.xml">
      <Filter>Resource Files\Mirage</Filter>
    </None>
    <None Include="..\..\..\Resources\GUIStyleMirage\theme.css">
      <Filter>Resource Files\Mirage</Filter>
    </None>
    <None Include="..\..\..\Resources\GUIThemeDefault\checkbox.css">
      <Filter>Resource Files\Default</Filter>
    </None>
    <None Include="..\..\..\Resources\GUIThemeDefault\label.css">
      <Filter>Resource Files\Default</Filter>
    </None>
    <None Include="..\..\..\Resources\GUIThemeDefault\lineedit.css">
      <Filter>Resource Files\Default</Filter>
    </None>
    <None Include="..\..\..\Resources\GUIThemeDefault\listview.css">
      <Filter>Resource Files\Default</Filter>
    </None>
    <None Include="..\..\..\Resources\GUIThemeDefault\menubar.css">
      <Filter>Resource Files\Default</Filter>
    </None>
    <None Include="..\..\..\Resources\GUIThemeDefault\popupmenu.css">
      <Filter>Resource Files\Default</Filter>
    </None>
    <None Include="..\..\..\Resources\GUIThemeDefault\pushbutton.css">
      <Filter>Resource Files\Default</Filter>
    </None>
    <None Include="..\..\..\Resources\GUIThemeDefault\radiobutton.css">
      <Filter>Resource Files\Default</Filter>
    </None>
    <None Include="..\..\..\Resources\GUIThemeDefault\resources.xml">
      <Filter>Resource Files\Default</Filter>
    </None>
    <None Include="..\..\..\Resources\GUIThemeDefault\scrollbar.css">
      <Filter>Resource Files\Default</Filter>
    </None>
    <None Include="..\..\..\Resources\GUIThemeDefault\slider.css">
      <Filter>Resource Files\Default</Filter>
    </None>
    <None Include="..\..\..\Resources\GUIThemeDefault\statusbar.css">
      <Filter>Resource Files\Default</Filter>
    </None>
    <None Include="..\..\..\Resources\GUIThemeDefault\tab.css">
      <Filter>Resource Files\Default</Filter>
    </None>
    <None Include="..\..\..\Resources\GUIThemeDefault\tabpage.css">
      <Filter>Resource Files\Default</Filter>
    </None>
    <None Include="..\..\..\Resources\GUIThemeDefault\theme.css">
      <Filter>Resource Files\Default</Filter>
    </None>
    <None Include="..\..\..\Resources\GUIThemeDefault\toolbar.css">
      <Filter>Resource Files\Default</Filter>
    </None>
    <None Include="..\..\..\Resources\GUIThemeDefault\window.css">
      <Filter>Resource Files\Default</Filter>
    </None>
  </ItemGroup>
</Project>