
Microsoft Visual Studio Solution File, Format Version 12.00
# Visual C++ Express 2013
Project("{8BC9CEB8-8B4A-11D0-8D11-00A0C91BC942}") = "GUI_Direct", "GUI_Direct-vc2013.vcxproj", "{BC3ED51C-8A02-4EE7-98DA-9E3106DDA592}"
EndProject
Global
	GlobalSection(SolutionConfigurationPlatforms) = preSolution
		Debug|Win32 = Debug|Win32
		Debug|x64 = Debug|x64
		Release|Win32 = Release|Win32
		Release|x64 = Release|x64
	EndGlobalSection
	GlobalSection(ProjectConfigurationPlatforms) = postSolution
		{BC3ED51C-8A02-4EE7-98DA-9E3106DDA592}.Debug|Win32.ActiveCfg = Debug|Win32
		{BC3ED51C-8A02-4EE7-98DA-9E3106DDA592}.Debug|Win32.Build.0 = Debug|Win32
		{BC3ED51C-8A02-4EE7-98DA-9E3106DDA592}.Debug|x64.ActiveCfg = Debug|x64
		{BC3ED51C-8A02-4EE7-98DA-9E3106DDA592}.Debug|x64.Build.0 = Debug|x64
		{BC3ED51C-8A02-4EE7-98DA-9E3106DDA592}.Release|Win32.ActiveCfg = Release|Win32
		{BC3ED51C-8A02-4EE7-98DA-9E3106DDA592}.Release|Win32.Build.0 = Release|Win32
		{BC3ED51C-8A02-4EE7-98DA-9E3106DDA592}.Release|x64.ActiveCfg = Release|x64
		{BC3ED51C-8A02-4EE7-98DA-9E3106DDA592}.Release|x64.Build.0 = Release|x64
	EndGlobalSection
	GlobalSection(SolutionProperties) = preSolution
		HideSolutionNode = FALSE
	EndGlobalSection
EndGlobal
