<?xml version="1.0" encoding="utf-8"?>
<Project ToolsVersion="4.0" xmlns="http://schemas.microsoft.com/developer/msbuild/2003">
  <ItemGroup>
    <Filter Include="Sources">
      <UniqueIdentifier>{94e29cfc-3694-42fc-a8d5-96df1151a6c6}</UniqueIdentifier>
    </Filter>
    <Filter Include="CollisionAPI">
      <UniqueIdentifier>{836c5188-db36-47c6-80aa-d24a76664cd7}</UniqueIdentifier>
    </Filter>
    <Filter Include="CollisionLIB">
      <UniqueIdentifier>{8ab1990a-ce0a-4411-9380-49f8171beafc}</UniqueIdentifier>
    </Filter>
  </ItemGroup>
  <ItemGroup>
    <ClCompile Include="Sources\collision.cpp">
      <Filter>Sources</Filter>
    </ClCompile>
    <ClCompile Include="Sources\precomp.cpp">
      <Filter>Sources</Filter>
    </ClCompile>
    <ClCompile Include="Sources\CollisionLIB\collision_outline.cpp">
      <Filter>CollisionLIB</Filter>
    </ClCompile>
    <ClCompile Include="Sources\CollisionLIB\collision_outline_impl.cpp">
      <Filter>CollisionLIB</Filter>
    </ClCompile>
    <ClCompile Include="Sources\CollisionLIB\contour.cpp">
      <Filter>CollisionLIB</Filter>
    </ClCompile>
    <ClCompile Include="Sources\CollisionLIB\outline_math.cpp">
      <Filter>CollisionLIB</Filter>
    </ClCompile>
    <ClCompile Include="Sources\CollisionLIB\outline_provider_bitmap.cpp">
      <Filter>CollisionLIB</Filter>
    </ClCompile>
    <ClCompile Include="Sources\CollisionLIB\outline_provider_bitmap_impl.cpp">
      <Filter>CollisionLIB</Filter>
    </ClCompile>
    <ClCompile Include="Sources\CollisionLIB\outline_provider_file.cpp">
      <Filter>CollisionLIB</Filter>
    </ClCompile>
    <ClCompile Include="Sources\CollisionLIB\outline_provider_file_impl.cpp">
      <Filter>CollisionLIB</Filter>
    </ClCompile>
  </ItemGroup>
  <ItemGroup>
    <ClInclude Include="Sources\collision.h">
      <Filter>Sources</Filter>
    </ClInclude>
    <ClInclude Include="Sources\precomp.h">
      <Filter>Sources</Filter>
    </ClInclude>
    <ClInclude Include="Sources\CollisionAPI\collision_outline.h">
      <Filter>CollisionAPI</Filter>
    </ClInclude>
    <ClInclude Include="Sources\CollisionAPI\contour.h">
      <Filter>CollisionAPI</Filter>
    </ClInclude>
    <ClInclude Include="Sources\CollisionAPI\outline_accuracy.h">
      <Filter>CollisionAPI</Filter>
    </ClInclude>
    <ClInclude Include="Sources\CollisionAPI\outline_circle.h">
      <Filter>CollisionAPI</Filter>
    </ClInclude>
    <ClInclude Include="Sources\CollisionAPI\outline_math.h">
      <Filter>CollisionAPI</Filter>
    </ClInclude>
    <ClInclude Include="Sources\CollisionLIB\collision_outline_impl.h">
      <Filter>CollisionLIB</Filter>
    </ClInclude>
    <ClInclude Include="Sources\CollisionLIB\outline_provider_bitmap.h">
      <Filter>CollisionLIB</Filter>
    </ClInclude>
    <ClInclude Include="Sources\CollisionLIB\outline_provider_bitmap_impl.h">
      <Filter>CollisionLIB</Filter>
    </ClInclude>
    <ClInclude Include="Sources\CollisionLIB\outline_provider_file.h">
      <Filter>CollisionLIB</Filter>
    </ClInclude>
    <ClInclude Include="Sources\CollisionLIB\outline_provider_file_impl.h">
      <Filter>CollisionLIB</Filter>
    </ClInclude>
  </ItemGroup>
</Project>