<?xml version="1.0" encoding="utf-8"?>
<Project ToolsVersion="4.0" xmlns="http://schemas.microsoft.com/developer/msbuild/2003">
  <ItemGroup>
    <Filter Include="Source Files">
      <UniqueIdentifier>{4FC737F1-C7A5-4376-A066-2A32D752A2FF}</UniqueIdentifier>
      <Extensions>cpp;c;cc;cxx;def;odl;idl;hpj;bat;asm;asmx;h;hpp;hxx;hm;inl;inc;xsd</Extensions>
    </Filter>
    <Filter Include="Source Files\ComponentTypes">
      <UniqueIdentifier>{ab82e945-0b69-400e-aa64-64b91e74d320}</UniqueIdentifier>
    </Filter>
    <Filter Include="Source Files\GridComponent">
      <UniqueIdentifier>{0a204b74-8637-426e-a21b-c7d712cd6711}</UniqueIdentifier>
    </Filter>
    <Filter Include="Source Files\MainWindow">
      <UniqueIdentifier>{6345655a-cd3a-4958-9462-a8c21e2f670e}</UniqueIdentifier>
    </Filter>
    <Filter Include="Source Files\PropertyComponent">
      <UniqueIdentifier>{da9f1603-52c1-4ba1-a03b-f525edd98144}</UniqueIdentifier>
    </Filter>
    <Filter Include="Source Files\Selection">
      <UniqueIdentifier>{ae289421-5251-485a-a81b-e4f1608a9fb6}</UniqueIdentifier>
    </Filter>
    <Filter Include="Source Files\ComponentTypes\PropertyItems">
      <UniqueIdentifier>{3e6f626e-09d1-4a0e-bab7-2c8876556e36}</UniqueIdentifier>
    </Filter>
    <Filter Include="Source Files\ComponentTypes\PropertyItems\Popups">
      <UniqueIdentifier>{5c2f5415-e06b-43d8-be0a-8d70b0503dd7}</UniqueIdentifier>
    </Filter>
    <Filter Include="Source Files\GridComponent\EditState">
      <UniqueIdentifier>{647dc133-0f58-4638-a2b2-b9952036ab7e}</UniqueIdentifier>
    </Filter>
    <Filter Include="Source Files\PropertyComponent\EditState">
      <UniqueIdentifier>{1b2bc08b-8510-4b39-81dc-f3b08803616c}</UniqueIdentifier>
    </Filter>
  </ItemGroup>
  <ItemGroup>
    <ClInclude Include="Sources\ComponentTypes\button_component_type.h">
      <Filter>Source Files\ComponentTypes</Filter>
    </ClInclude>
    <ClInclude Include="Sources\ComponentTypes\checkbox_component_type.h">
      <Filter>Source Files\ComponentTypes</Filter>
    </ClInclude>
    <ClInclude Include="Sources\ComponentTypes\component_type.h">
      <Filter>Source Files\ComponentTypes</Filter>
    </ClInclude>
    <ClInclude Include="Sources\ComponentTypes\component_type_template.h">
      <Filter>Source Files\ComponentTypes</Filter>
    </ClInclude>
    <ClInclude Include="Sources\ComponentTypes\component_types.h">
      <Filter>Source Files\ComponentTypes</Filter>
    </ClInclude>
    <ClInclude Include="Sources\ComponentTypes\custom_component.h">
      <Filter>Source Files\ComponentTypes</Filter>
    </ClInclude>
    <ClInclude Include="Sources\ComponentTypes\frame_component_type.h">
      <Filter>Source Files\ComponentTypes</Filter>
    </ClInclude>
    <ClInclude Include="Sources\ComponentTypes\imageview_component_type.h">
      <Filter>Source Files\ComponentTypes</Filter>
    </ClInclude>
    <ClInclude Include="Sources\ComponentTypes\label_component_type.h">
      <Filter>Source Files\ComponentTypes</Filter>
    </ClInclude>
    <ClInclude Include="Sources\ComponentTypes\listview_component_type.h">
      <Filter>Source Files\ComponentTypes</Filter>
    </ClInclude>
    <ClInclude Include="Sources\ComponentTypes\radio_button_component_type.h">
      <Filter>Source Files\ComponentTypes</Filter>
    </ClInclude>
    <ClInclude Include="Sources\ComponentTypes\scrollbar_horz_component_type.h">
      <Filter>Source Files\ComponentTypes</Filter>
    </ClInclude>
    <ClInclude Include="Sources\ComponentTypes\scrollbar_vert_component_type.h">
      <Filter>Source Files\ComponentTypes</Filter>
    </ClInclude>
    <ClInclude Include="Sources\ComponentTypes\slider_component_type.h">
      <Filter>Source Files\ComponentTypes</Filter>
    </ClInclude>
    <ClInclude Include="Sources\ComponentTypes\tab_component_type.h">
      <Filter>Source Files\ComponentTypes</Filter>
    </ClInclude>
    <ClInclude Include="Sources\ComponentTypes\PropertyItems\property_item_anchor.h">
      <Filter>Source Files\ComponentTypes\PropertyItems</Filter>
    </ClInclude>
    <ClInclude Include="Sources\ComponentTypes\PropertyItems\property_item_checkbox.h">
      <Filter>Source Files\ComponentTypes\PropertyItems</Filter>
    </ClInclude>
    <ClInclude Include="Sources\ComponentTypes\PropertyItems\property_item_class_name.h">
      <Filter>Source Files\ComponentTypes\PropertyItems</Filter>
    </ClInclude>
    <ClInclude Include="Sources\ComponentTypes\PropertyItems\property_item_enabled.h">
      <Filter>Source Files\ComponentTypes\PropertyItems</Filter>
    </ClInclude>
    <ClInclude Include="Sources\ComponentTypes\PropertyItems\property_item_group_name.h">
      <Filter>Source Files\ComponentTypes\PropertyItems</Filter>
    </ClInclude>
    <ClInclude Include="Sources\ComponentTypes\PropertyItems\property_item_header.h">
      <Filter>Source Files\ComponentTypes\PropertyItems</Filter>
    </ClInclude>
    <ClInclude Include="Sources\ComponentTypes\PropertyItems\property_item_id_name.h">
      <Filter>Source Files\ComponentTypes\PropertyItems</Filter>
    </ClInclude>
    <ClInclude Include="Sources\ComponentTypes\PropertyItems\property_item_line_edit.h">
      <Filter>Source Files\ComponentTypes\PropertyItems</Filter>
    </ClInclude>
    <ClInclude Include="Sources\ComponentTypes\PropertyItems\property_item_max.h">
      <Filter>Source Files\ComponentTypes\PropertyItems</Filter>
    </ClInclude>
    <ClInclude Include="Sources\ComponentTypes\PropertyItems\property_item_min.h">
      <Filter>Source Files\ComponentTypes\PropertyItems</Filter>
    </ClInclude>
    <ClInclude Include="Sources\ComponentTypes\PropertyItems\property_item_page_label.h">
      <Filter>Source Files\ComponentTypes\PropertyItems</Filter>
    </ClInclude>
    <ClInclude Include="Sources\ComponentTypes\PropertyItems\property_item_position.h">
      <Filter>Source Files\ComponentTypes\PropertyItems</Filter>
    </ClInclude>
    <ClInclude Include="Sources\ComponentTypes\PropertyItems\property_item_step_size.h">
      <Filter>Source Files\ComponentTypes\PropertyItems</Filter>
    </ClInclude>
    <ClInclude Include="Sources\ComponentTypes\PropertyItems\property_item_text.h">
      <Filter>Source Files\ComponentTypes\PropertyItems</Filter>
    </ClInclude>
    <ClInclude Include="Sources\ComponentTypes\PropertyItems\property_item_tick_count.h">
      <Filter>Source Files\ComponentTypes\PropertyItems</Filter>
    </ClInclude>
    <ClInclude Include="Sources\ComponentTypes\PropertyItems\property_item_type_name.h">
      <Filter>Source Files\ComponentTypes\PropertyItems</Filter>
    </ClInclude>
    <ClInclude Include="Sources\ComponentTypes\PropertyItems\Popups\anchor_popup.h">
      <Filter>Source Files\ComponentTypes\PropertyItems\Popups</Filter>
    </ClInclude>
    <ClInclude Include="Sources\ComponentTypes\PropertyItems\Popups\line_edit_popup.h">
      <Filter>Source Files\ComponentTypes\PropertyItems\Popups</Filter>
    </ClInclude>
    <ClInclude Include="Sources\GridComponent\grid_component.h">
      <Filter>Source Files\GridComponent</Filter>
    </ClInclude>
    <ClInclude Include="Sources\GridComponent\grid_object.h">
      <Filter>Source Files\GridComponent</Filter>
    </ClInclude>
    <ClInclude Include="Sources\GridComponent\snapline.h">
      <Filter>Source Files\GridComponent</Filter>
    </ClInclude>
    <ClInclude Include="Sources\GridComponent\EditState\grid_edit_state.h">
      <Filter>Source Files\GridComponent\EditState</Filter>
    </ClInclude>
    <ClInclude Include="Sources\GridComponent\EditState\grid_edit_state_boundary_sizing.h">
      <Filter>Source Files\GridComponent\EditState</Filter>
    </ClInclude>
    <ClInclude Include="Sources\GridComponent\EditState\grid_edit_state_create_tool.h">
      <Filter>Source Files\GridComponent\EditState</Filter>
    </ClInclude>
    <ClInclude Include="Sources\GridComponent\EditState\grid_edit_state_handler.h">
      <Filter>Source Files\GridComponent\EditState</Filter>
    </ClInclude>
    <ClInclude Include="Sources\GridComponent\EditState\grid_edit_state_net_selecting.h">
      <Filter>Source Files\GridComponent\EditState</Filter>
    </ClInclude>
    <ClInclude Include="Sources\GridComponent\EditState\grid_edit_state_none.h">
      <Filter>Source Files\GridComponent\EditState</Filter>
    </ClInclude>
    <ClInclude Include="Sources\GridComponent\EditState\grid_edit_state_object_moving.h">
      <Filter>Source Files\GridComponent\EditState</Filter>
    </ClInclude>
    <ClInclude Include="Sources\GridComponent\EditState\grid_edit_state_object_sizing.h">
      <Filter>Source Files\GridComponent\EditState</Filter>
    </ClInclude>
    <ClInclude Include="Sources\MainWindow\edit_columns_window.h">
      <Filter>Source Files\MainWindow</Filter>
    </ClInclude>
    <ClInclude Include="Sources\MainWindow\view_border.h">
      <Filter>Source Files\MainWindow</Filter>
    </ClInclude>
    <ClInclude Include="Sources\Selection\selection.h">
      <Filter>Source Files\Selection</Filter>
    </ClInclude>
    <ClInclude Include="Sources\PropertyComponent\property_component.h">
      <Filter>Source Files\PropertyComponent</Filter>
    </ClInclude>
    <ClInclude Include="Sources\PropertyComponent\property_item.h">
      <Filter>Source Files\PropertyComponent</Filter>
    </ClInclude>
    <ClInclude Include="Sources\PropertyComponent\property_item_popup.h">
      <Filter>Source Files\PropertyComponent</Filter>
    </ClInclude>
    <ClInclude Include="Sources\PropertyComponent\EditState\property_component_edit_state.h">
      <Filter>Source Files\PropertyComponent\EditState</Filter>
    </ClInclude>
    <ClInclude Include="Sources\PropertyComponent\EditState\property_component_edit_state_handler.h">
      <Filter>Source Files\PropertyComponent\EditState</Filter>
    </ClInclude>
    <ClInclude Include="Sources\PropertyComponent\EditState\property_component_edit_state_header_sizing.h">
      <Filter>Source Files\PropertyComponent\EditState</Filter>
    </ClInclude>
    <ClInclude Include="Sources\PropertyComponent\EditState\property_component_edit_state_node_opener.h">
      <Filter>Source Files\PropertyComponent\EditState</Filter>
    </ClInclude>
    <ClInclude Include="Sources\PropertyComponent\EditState\property_component_edit_state_none.h">
      <Filter>Source Files\PropertyComponent\EditState</Filter>
    </ClInclude>
    <ClInclude Include="Sources\PropertyComponent\EditState\property_component_edit_state_revert_button.h">
      <Filter>Source Files\PropertyComponent\EditState</Filter>
    </ClInclude>
    <ClInclude Include="Sources\precomp.h">
      <Filter>Source Files</Filter>
    </ClInclude>
    <ClInclude Include="Sources\MainWindow\gui_editor_window.h">
      <Filter>Source Files\MainWindow</Filter>
    </ClInclude>
  </ItemGroup>
  <ItemGroup>
    <ClCompile Include="Sources\ComponentTypes\component_types.cpp">
      <Filter>Source Files\ComponentTypes</Filter>
    </ClCompile>
    <ClCompile Include="Sources\ComponentTypes\custom_component.cpp">
      <Filter>Source Files\ComponentTypes</Filter>
    </ClCompile>
    <ClCompile Include="Sources\ComponentTypes\PropertyItems\Popups\anchor_popup.cpp">
      <Filter>Source Files\ComponentTypes\PropertyItems\Popups</Filter>
    </ClCompile>
    <ClCompile Include="Sources\ComponentTypes\PropertyItems\Popups\line_edit_popup.cpp">
      <Filter>Source Files\ComponentTypes\PropertyItems\Popups</Filter>
    </ClCompile>
    <ClCompile Include="Sources\GridComponent\grid_component.cpp">
      <Filter>Source Files\GridComponent</Filter>
    </ClCompile>
    <ClCompile Include="Sources\GridComponent\grid_object.cpp">
      <Filter>Source Files\GridComponent</Filter>
    </ClCompile>
    <ClCompile Include="Sources\GridComponent\snapline.cpp">
      <Filter>Source Files\GridComponent</Filter>
    </ClCompile>
    <ClCompile Include="Sources\GridComponent\EditState\grid_edit_state.cpp">
      <Filter>Source Files\GridComponent\EditState</Filter>
    </ClCompile>
    <ClCompile Include="Sources\GridComponent\EditState\grid_edit_state_boundary_sizing.cpp">
      <Filter>Source Files\GridComponent\EditState</Filter>
    </ClCompile>
    <ClCompile Include="Sources\GridComponent\EditState\grid_edit_state_create_tool.cpp">
      <Filter>Source Files\GridComponent\EditState</Filter>
    </ClCompile>
    <ClCompile Include="Sources\GridComponent\EditState\grid_edit_state_net_selecting.cpp">
      <Filter>Source Files\GridComponent\EditState</Filter>
    </ClCompile>
    <ClCompile Include="Sources\GridComponent\EditState\grid_edit_state_none.cpp">
      <Filter>Source Files\GridComponent\EditState</Filter>
    </ClCompile>
    <ClCompile Include="Sources\GridComponent\EditState\grid_edit_state_object_moving.cpp">
      <Filter>Source Files\GridComponent\EditState</Filter>
    </ClCompile>
    <ClCompile Include="Sources\GridComponent\EditState\grid_edit_state_object_sizing.cpp">
      <Filter>Source Files\GridComponent\EditState</Filter>
    </ClCompile>
    <ClCompile Include="Sources\MainWindow\edit_columns_window.cpp">
      <Filter>Source Files\MainWindow</Filter>
    </ClCompile>
    <ClCompile Include="Sources\MainWindow\view_border.cpp">
      <Filter>Source Files\MainWindow</Filter>
    </ClCompile>
    <ClCompile Include="Sources\Selection\selection.cpp">
      <Filter>Source Files\Selection</Filter>
    </ClCompile>
    <ClCompile Include="Sources\PropertyComponent\property_component.cpp">
      <Filter>Source Files\PropertyComponent</Filter>
    </ClCompile>
    <ClCompile Include="Sources\PropertyComponent\property_item_popup.cpp">
      <Filter>Source Files\PropertyComponent</Filter>
    </ClCompile>
    <ClCompile Include="Sources\PropertyComponent\EditState\property_component_edit_state.cpp">
      <Filter>Source Files\PropertyComponent\EditState</Filter>
    </ClCompile>
    <ClCompile Include="Sources\PropertyComponent\EditState\property_component_edit_state_header_sizing.cpp">
      <Filter>Source Files\PropertyComponent\EditState</Filter>
    </ClCompile>
    <ClCompile Include="Sources\PropertyComponent\EditState\property_component_edit_state_node_opener.cpp">
      <Filter>Source Files\PropertyComponent\EditState</Filter>
    </ClCompile>
    <ClCompile Include="Sources\PropertyComponent\EditState\property_component_edit_state_none.cpp">
      <Filter>Source Files\PropertyComponent\EditState</Filter>
    </ClCompile>
    <ClCompile Include="Sources\PropertyComponent\EditState\property_component_edit_state_revert_button.cpp">
      <Filter>Source Files\PropertyComponent\EditState</Filter>
    </ClCompile>
    <ClCompile Include="Sources\precomp.cpp">
      <Filter>Source Files</Filter>
    </ClCompile>
    <ClCompile Include="Sources\MainWindow\gui_editor_window.cpp">
      <Filter>Source Files\MainWindow</Filter>
    </ClCompile>
  </ItemGroup>
</Project>