<?xml version="1.0" encoding="utf-8"?>
<Project ToolsVersion="4.0" xmlns="http://schemas.microsoft.com/developer/msbuild/2003">
  <ItemGroup>
    <ClCompile Include="precomp.cpp" />
    <ClCompile Include="program.cpp" />
    <ClCompile Include="GLSL\AST\glsl_ast_garbage_collector.cpp">
      <Filter>GLSL\AST</Filter>
    </ClCompile>
    <ClCompile Include="GLSL\CodeGen\glsl_codegen.cpp">
      <Filter>GLSL\CodeGen</Filter>
    </ClCompile>
    <ClCompile Include="GLSL\CodeGen\glsl_expression_codegen.cpp">
      <Filter>GLSL\CodeGen</Filter>
    </ClCompile>
    <ClCompile Include="GLSL\CodeGen\glsl_operand.cpp">
      <Filter>GLSL\CodeGen</Filter>
    </ClCompile>
    <ClCompile Include="GLSL\CodeGen\glsl_statement_codegen.cpp">
      <Filter>GLSL\CodeGen</Filter>
    </ClCompile>
    <ClCompile Include="GLSL\FixedFunction\glsl_fixed_function.cpp">
      <Filter>GLSL\FixedFunction</Filter>
    </ClCompile>
    <ClCompile Include="GLSL\FixedFunction\glsl_program.cpp">
      <Filter>GLSL\FixedFunction</Filter>
    </ClCompile>
    <ClCompile Include="GLSL\FixedFunction\SSA\ssa_bool.cpp">
      <Filter>GLSL\FixedFunction\SSA</Filter>
    </ClCompile>
    <ClCompile Include="GLSL\FixedFunction\SSA\ssa_float.cpp">
      <Filter>GLSL\FixedFunction\SSA</Filter>
    </ClCompile>
    <ClCompile Include="GLSL\FixedFunction\SSA\ssa_float_ptr.cpp">
      <Filter>GLSL\FixedFunction\SSA</Filter>
    </ClCompile>
    <ClCompile Include="GLSL\FixedFunction\SSA\ssa_for_block.cpp">
      <Filter>GLSL\FixedFunction\SSA</Filter>
    </ClCompile>
    <ClCompile Include="GLSL\FixedFunction\SSA\ssa_function.cpp">
      <Filter>GLSL\FixedFunction\SSA</Filter>
    </ClCompile>
    <ClCompile Include="GLSL\FixedFunction\SSA\ssa_if_block.cpp">
      <Filter>GLSL\FixedFunction\SSA</Filter>
    </ClCompile>
    <ClCompile Include="GLSL\FixedFunction\SSA\ssa_int.cpp">
      <Filter>GLSL\FixedFunction\SSA</Filter>
    </ClCompile>
    <ClCompile Include="GLSL\FixedFunction\SSA\ssa_scope.cpp">
      <Filter>GLSL\FixedFunction\SSA</Filter>
    </ClCompile>
    <ClCompile Include="GLSL\FixedFunction\SSA\ssa_struct_type.cpp">
      <Filter>GLSL\FixedFunction\SSA</Filter>
    </ClCompile>
    <ClCompile Include="GLSL\FixedFunction\SSA\ssa_ubyte.cpp">
      <Filter>GLSL\FixedFunction\SSA</Filter>
    </ClCompile>
    <ClCompile Include="GLSL\FixedFunction\SSA\ssa_ubyte_ptr.cpp">
      <Filter>GLSL\FixedFunction\SSA</Filter>
    </ClCompile>
    <ClCompile Include="GLSL\FixedFunction\SSA\ssa_value.cpp">
      <Filter>GLSL\FixedFunction\SSA</Filter>
    </ClCompile>
    <ClCompile Include="GLSL\FixedFunction\SSA\ssa_vec4f.cpp">
      <Filter>GLSL\FixedFunction\SSA</Filter>
    </ClCompile>
    <ClCompile Include="GLSL\FixedFunction\SSA\ssa_vec4f_ptr.cpp">
      <Filter>GLSL\FixedFunction\SSA</Filter>
    </ClCompile>
    <ClCompile Include="GLSL\FixedFunction\SSA\ssa_vec4i.cpp">
      <Filter>GLSL\FixedFunction\SSA</Filter>
    </ClCompile>
    <ClCompile Include="GLSL\FixedFunction\SSA\ssa_vec4i_ptr.cpp">
      <Filter>GLSL\FixedFunction\SSA</Filter>
    </ClCompile>
    <ClCompile Include="GLSL\FixedFunction\SSA\ssa_vec8s.cpp">
      <Filter>GLSL\FixedFunction\SSA</Filter>
    </ClCompile>
    <ClCompile Include="GLSL\FixedFunction\SSA\ssa_vec16ub.cpp">
      <Filter>GLSL\FixedFunction\SSA</Filter>
    </ClCompile>
    <ClCompile Include="GLSL\Frontend\glsl_frontend.cpp">
      <Filter>GLSL\Frontend</Filter>
    </ClCompile>
    <ClCompile Include="GLSL\Lex\glsl_tokenizer.cpp">
      <Filter>GLSL\Lex</Filter>
    </ClCompile>
    <ClCompile Include="GLSL\Parse\glsl_parser.cpp">
      <Filter>GLSL\Parse</Filter>
    </ClCompile>
  </ItemGroup>
  <ItemGroup>
    <ClInclude Include="precomp.h" />
    <ClInclude Include="program.h" />
    <ClInclude Include="GLSL\AST\glsl_ast.h">
      <Filter>GLSL\AST</Filter>
    </ClInclude>
    <ClInclude Include="GLSL\AST\glsl_ast_declaration.h">
      <Filter>GLSL\AST</Filter>
    </ClInclude>
    <ClInclude Include="GLSL\AST\glsl_ast_expression.h">
      <Filter>GLSL\AST</Filter>
    </ClInclude>
    <ClInclude Include="GLSL\AST\glsl_ast_function.h">
      <Filter>GLSL\AST</Filter>
    </ClInclude>
    <ClInclude Include="GLSL\AST\glsl_ast_garbage_collector.h">
      <Filter>GLSL\AST</Filter>
    </ClInclude>
    <ClInclude Include="GLSL\AST\glsl_ast_node.h">
      <Filter>GLSL\AST</Filter>
    </ClInclude>
    <ClInclude Include="GLSL\AST\glsl_ast_statement.h">
      <Filter>GLSL\AST</Filter>
    </ClInclude>
    <ClInclude Include="GLSL\AST\glsl_ast_translation_unit.h">
      <Filter>GLSL\AST</Filter>
    </ClInclude>
    <ClInclude Include="GLSL\AST\glsl_ast_type.h">
      <Filter>GLSL\AST</Filter>
    </ClInclude>
    <ClInclude Include="GLSL\AST\glsl_ast_variable.h">
      <Filter>GLSL\AST</Filter>
    </ClInclude>
    <ClInclude Include="GLSL\AST\glsl_expression_visitor.h">
      <Filter>GLSL\AST</Filter>
    </ClInclude>
    <ClInclude Include="GLSL\AST\glsl_statement_visitor.h">
      <Filter>GLSL\AST</Filter>
    </ClInclude>
    <ClInclude Include="GLSL\CodeGen\glsl_codegen.h">
      <Filter>GLSL\CodeGen</Filter>
    </ClInclude>
    <ClInclude Include="GLSL\CodeGen\glsl_expression_codegen.h">
      <Filter>GLSL\CodeGen</Filter>
    </ClInclude>
    <ClInclude Include="GLSL\CodeGen\glsl_name_scope.h">
      <Filter>GLSL\CodeGen</Filter>
    </ClInclude>
    <ClInclude Include="GLSL\CodeGen\glsl_operand.h">
      <Filter>GLSL\CodeGen</Filter>
    </ClInclude>
    <ClInclude Include="GLSL\CodeGen\glsl_statement_codegen.h">
      <Filter>GLSL\CodeGen</Filter>
    </ClInclude>
    <ClInclude Include="GLSL\FixedFunction\glsl_fixed_function.h">
      <Filter>GLSL\FixedFunction</Filter>
    </ClInclude>
    <ClInclude Include="GLSL\FixedFunction\glsl_program.h">
      <Filter>GLSL\FixedFunction</Filter>
    </ClInclude>
    <ClInclude Include="GLSL\FixedFunction\SSA\ssa_barycentric_weight.h">
      <Filter>GLSL\FixedFunction\SSA</Filter>
    </ClInclude>
    <ClInclude Include="GLSL\FixedFunction\SSA\ssa_bool.h">
      <Filter>GLSL\FixedFunction\SSA</Filter>
    </ClInclude>
    <ClInclude Include="GLSL\FixedFunction\SSA\ssa_float.h">
      <Filter>GLSL\FixedFunction\SSA</Filter>
    </ClInclude>
    <ClInclude Include="GLSL\FixedFunction\SSA\ssa_float_ptr.h">
      <Filter>GLSL\FixedFunction\SSA</Filter>
    </ClInclude>
    <ClInclude Include="GLSL\FixedFunction\SSA\ssa_for_block.h">
      <Filter>GLSL\FixedFunction\SSA</Filter>
    </ClInclude>
    <ClInclude Include="GLSL\FixedFunction\SSA\ssa_function.h">
      <Filter>GLSL\FixedFunction\SSA</Filter>
    </ClInclude>
    <ClInclude Include="GLSL\FixedFunction\SSA\ssa_if_block.h">
      <Filter>GLSL\FixedFunction\SSA</Filter>
    </ClInclude>
    <ClInclude Include="GLSL\FixedFunction\SSA\ssa_int.h">
      <Filter>GLSL\FixedFunction\SSA</Filter>
    </ClInclude>
    <ClInclude Include="GLSL\FixedFunction\SSA\ssa_phi.h">
      <Filter>GLSL\FixedFunction\SSA</Filter>
    </ClInclude>
    <ClInclude Include="GLSL\FixedFunction\SSA\ssa_pixelformat4f.h">
      <Filter>GLSL\FixedFunction\SSA</Filter>
    </ClInclude>
    <ClInclude Include="GLSL\FixedFunction\SSA\ssa_pixelformat4ub.h">
      <Filter>GLSL\FixedFunction\SSA</Filter>
    </ClInclude>
    <ClInclude Include="GLSL\FixedFunction\SSA\ssa_pixelformat4ub_argb_rev.h">
      <Filter>GLSL\FixedFunction\SSA</Filter>
    </ClInclude>
    <ClInclude Include="GLSL\FixedFunction\SSA\ssa_pixelformat4ub_rev.h">
      <Filter>GLSL\FixedFunction\SSA</Filter>
    </ClInclude>
    <ClInclude Include="GLSL\FixedFunction\SSA\ssa_pixels.h">
      <Filter>GLSL\FixedFunction\SSA</Filter>
    </ClInclude>
    <ClInclude Include="GLSL\FixedFunction\SSA\ssa_pixeltype.h">
      <Filter>GLSL\FixedFunction\SSA</Filter>
    </ClInclude>
    <ClInclude Include="GLSL\FixedFunction\SSA\ssa_scope.h">
      <Filter>GLSL\FixedFunction\SSA</Filter>
    </ClInclude>
    <ClInclude Include="GLSL\FixedFunction\SSA\ssa_stack.h">
      <Filter>GLSL\FixedFunction\SSA</Filter>
    </ClInclude>
    <ClInclude Include="GLSL\FixedFunction\SSA\ssa_struct_type.h">
      <Filter>GLSL\FixedFunction\SSA</Filter>
    </ClInclude>
    <ClInclude Include="GLSL\FixedFunction\SSA\ssa_ubyte.h">
      <Filter>GLSL\FixedFunction\SSA</Filter>
    </ClInclude>
    <ClInclude Include="GLSL\FixedFunction\SSA\ssa_ubyte_ptr.h">
      <Filter>GLSL\FixedFunction\SSA</Filter>
    </ClInclude>
    <ClInclude Include="GLSL\FixedFunction\SSA\ssa_value.h">
      <Filter>GLSL\FixedFunction\SSA</Filter>
    </ClInclude>
    <ClInclude Include="GLSL\FixedFunction\SSA\ssa_vec4f.h">
      <Filter>GLSL\FixedFunction\SSA</Filter>
    </ClInclude>
    <ClInclude Include="GLSL\FixedFunction\SSA\ssa_vec4f_ptr.h">
      <Filter>GLSL\FixedFunction\SSA</Filter>
    </ClInclude>
    <ClInclude Include="GLSL\FixedFunction\SSA\ssa_vec4i.h">
      <Filter>GLSL\FixedFunction\SSA</Filter>
    </ClInclude>
    <ClInclude Include="GLSL\FixedFunction\SSA\ssa_vec4i_ptr.h">
      <Filter>GLSL\FixedFunction\SSA</Filter>
    </ClInclude>
    <ClInclude Include="GLSL\FixedFunction\SSA\ssa_vec8s.h">
      <Filter>GLSL\FixedFunction\SSA</Filter>
    </ClInclude>
    <ClInclude Include="GLSL\FixedFunction\SSA\ssa_vec16ub.h">
      <Filter>GLSL\FixedFunction\SSA</Filter>
    </ClInclude>
    <ClInclude Include="GLSL\Frontend\glsl_frontend.h">
      <Filter>GLSL\Frontend</Filter>
    </ClInclude>
    <ClInclude Include="GLSL\Frontend\glsl_frontend_impl.h">
      <Filter>GLSL\Frontend</Filter>
    </ClInclude>
    <ClInclude Include="GLSL\Lex\glsl_token.h">
      <Filter>GLSL\Lex</Filter>
    </ClInclude>
    <ClInclude Include="GLSL\Lex\glsl_tokenizer.h">
      <Filter>GLSL\Lex</Filter>
    </ClInclude>
    <ClInclude Include="GLSL\Parse\glsl_parser.h">
      <Filter>GLSL\Parse</Filter>
    </ClInclude>
    <ClInclude Include="llvm_include.h" />
  </ItemGroup>
  <ItemGroup>
    <Filter Include="GLSL">
      <UniqueIdentifier>{304e2bee-2dae-4bee-87f3-6075539fefea}</UniqueIdentifier>
    </Filter>
    <Filter Include="GLSL\AST">
      <UniqueIdentifier>{4686595a-3b33-4b4f-b845-b5a7823d338a}</UniqueIdentifier>
    </Filter>
    <Filter Include="GLSL\CodeGen">
      <UniqueIdentifier>{7de8e5b1-fc5e-495d-82ae-10b9e6605117}</UniqueIdentifier>
    </Filter>
    <Filter Include="GLSL\FixedFunction">
      <UniqueIdentifier>{b0a888c6-fb0b-4829-825c-b984c8a19caa}</UniqueIdentifier>
    </Filter>
    <Filter Include="GLSL\FixedFunction\SSA">
      <UniqueIdentifier>{a9946721-3ab3-4cdb-a92b-a8fac1b88d1f}</UniqueIdentifier>
    </Filter>
    <Filter Include="GLSL\Frontend">
      <UniqueIdentifier>{cd58801c-910d-408b-8993-c6b7356272cd}</UniqueIdentifier>
    </Filter>
    <Filter Include="GLSL\Lex">
      <UniqueIdentifier>{61af6ee7-1376-468e-84d2-0506da2f8a23}</UniqueIdentifier>
    </Filter>
    <Filter Include="GLSL\Parse">
      <UniqueIdentifier>{72535ec3-1322-4d1a-be57-627bbb11de2e}</UniqueIdentifier>
    </Filter>
    <Filter Include="GLSL\Sema">
      <UniqueIdentifier>{129b86cc-0081-42f3-b863-d4260d0fc2fe}</UniqueIdentifier>
    </Filter>
  </ItemGroup>
</Project>