
Microsoft Visual Studio Solution File, Format Version 10.00
# Visual C++ Express 2008
Project("{8BC9CEB8-8B4A-11D0-8D11-00A0C91BC942}") = "ClanGrabber", "ClanGrabber-vc2008.vcproj", "{4E27E943-27C7-4F00-A431-B6ACA1234AAA}"
EndProject
Global
	GlobalSection(SolutionConfigurationPlatforms) = preSolution
		Debug|Win32 = Debug|Win32
		Release|Win32 = Release|Win32
	EndGlobalSection
	GlobalSection(ProjectConfigurationPlatforms) = postSolution
		{4E27E943-27C7-4F00-A431-B6ACA1234AAA}.Debug|Win32.ActiveCfg = Debug|Win32
		{4E27E943-27C7-4F00-A431-B6ACA1234AAA}.Debug|Win32.Build.0 = Debug|Win32
		{4E27E943-27C7-4F00-A431-B6ACA1234AAA}.Release|Win32.ActiveCfg = Release|Win32
		{4E27E943-27C7-4F00-A431-B6ACA1234AAA}.Release|Win32.Build.0 = Release|Win32
	EndGlobalSection
	GlobalSection(SolutionProperties) = preSolution
		HideSolutionNode = FALSE
	EndGlobalSection
EndGlobal
