<?xml version="1.0" encoding="utf-8"?>
<Project ToolsVersion="4.0" xmlns="http://schemas.microsoft.com/developer/msbuild/2003">
  <ItemGroup>
    <Filter Include="Win32">
      <UniqueIdentifier>{67e6ccf9-4ac9-45eb-8fb1-aa017b6226ed}</UniqueIdentifier>
    </Filter>
    <Filter Include="Win32\Page">
      <UniqueIdentifier>{cd540bab-1654-4bab-a9ad-eabf2719cac2}</UniqueIdentifier>
    </Filter>
  </ItemGroup>
  <ItemGroup>
    <ClCompile Include="Win32\main.cpp">
      <Filter>Win32</Filter>
    </ClCompile>
    <ClCompile Include="Win32\precomp.cpp">
      <Filter>Win32</Filter>
    </ClCompile>
    <ClCompile Include="Win32\wizard.cpp">
      <Filter>Win32</Filter>
    </ClCompile>
    <ClCompile Include="Win32\workspace_generator_msvc8.cpp">
      <Filter>Win32</Filter>
    </ClCompile>
    <ClCompile Include="Win32\Page\page_finished.cpp">
      <Filter>Win32\Page</Filter>
    </ClCompile>
    <ClCompile Include="Win32\Page\page_system.cpp">
      <Filter>Win32\Page</Filter>
    </ClCompile>
    <ClCompile Include="Win32\Page\page_system2.cpp">
      <Filter>Win32\Page</Filter>
    </ClCompile>
    <ClCompile Include="Win32\Page\page_target.cpp">
      <Filter>Win32\Page</Filter>
    </ClCompile>
    <ClCompile Include="Win32\Page\page_welcome.cpp">
      <Filter>Win32\Page</Filter>
    </ClCompile>
    <ClCompile Include="Win32\project.cpp">
      <Filter>Win32</Filter>
    </ClCompile>
  </ItemGroup>
  <ItemGroup>
    <ClInclude Include="Win32\precomp.h">
      <Filter>Win32</Filter>
    </ClInclude>
    <ClInclude Include="Win32\resource.h">
      <Filter>Win32</Filter>
    </ClInclude>
    <ClInclude Include="Win32\wizard.h">
      <Filter>Win32</Filter>
    </ClInclude>
    <ClInclude Include="Win32\workspace_generator_msvc8.h">
      <Filter>Win32</Filter>
    </ClInclude>
    <ClInclude Include="Win32\Page\page_finished.h">
      <Filter>Win32\Page</Filter>
    </ClInclude>
    <ClInclude Include="Win32\Page\page_system.h">
      <Filter>Win32\Page</Filter>
    </ClInclude>
    <ClInclude Include="Win32\Page\page_system2.h">
      <Filter>Win32\Page</Filter>
    </ClInclude>
    <ClInclude Include="Win32\Page\page_target.h">
      <Filter>Win32\Page</Filter>
    </ClInclude>
    <ClInclude Include="Win32\Page\page_welcome.h">
      <Filter>Win32\Page</Filter>
    </ClInclude>
    <ClInclude Include="Win32\project.h">
      <Filter>Win32</Filter>
    </ClInclude>
    <ClInclude Include="Win32\workspace.h">
      <Filter>Win32</Filter>
    </ClInclude>
  </ItemGroup>
  <ItemGroup>
    <ResourceCompile Include="Win32\configure.rc">
      <Filter>Win32</Filter>
    </ResourceCompile>
  </ItemGroup>
  <ItemGroup>
    <None Include="Win32\res\clanlib_banner.bmp" />
    <None Include="Win32\res\clanlib_logo_ascii.bmp" />
    <None Include="Win32\res\configure.ico" />
  </ItemGroup>
</Project>