<?xml version="1.0" encoding="utf-8"?>
<Project ToolsVersion="4.0" xmlns="http://schemas.microsoft.com/developer/msbuild/2003">
  <ItemGroup>
    <Filter Include="Source Files">
      <UniqueIdentifier>{4FC737F1-C7A5-4376-A066-2A32D752A2FF}</UniqueIdentifier>
      <Extensions>cpp;c;cc;cxx;def;odl;idl;hpj;bat;asm;asmx;h;hpp;hxx;hm;inl;inc;xsd</Extensions>
    </Filter>
    <Filter Include="Source Files\3D Toolkit">
      <UniqueIdentifier>{901f20d4-d7b2-4965-acf2-919289dd13b1}</UniqueIdentifier>
    </Filter>
    <Filter Include="Source Files\Game">
      <UniqueIdentifier>{db6811aa-bba9-4afd-9dcb-c43c486363ff}</UniqueIdentifier>
    </Filter>
    <Filter Include="Source Files\Lobby">
      <UniqueIdentifier>{ebe3315f-c4cb-463b-b586-234a56e2686d}</UniqueIdentifier>
    </Filter>
    <Filter Include="Source Files\Login">
      <UniqueIdentifier>{ab683611-b653-4778-b191-8cd4b0b69322}</UniqueIdentifier>
    </Filter>
    <Filter Include="Resource Files">
      <UniqueIdentifier>{67DA6AB6-F800-4c08-8B7A-83BB121AAD01}</UniqueIdentifier>
      <Extensions>rc;ico;cur;bmp;dlg;rc2;rct;bin;rgs;gif;jpg;jpeg;jpe;resx;tiff;tif;png;wav</Extensions>
    </Filter>
    <Filter Include="Resource Files\GUI Theme">
      <UniqueIdentifier>{09f555a5-757c-4813-b755-efd29012bdd0}</UniqueIdentifier>
    </Filter>
    <Filter Include="Resource Files\Shaders">
      <UniqueIdentifier>{2c3afa15-0d51-426d-9941-c25c5dfd4642}</UniqueIdentifier>
    </Filter>
    <Filter Include="Resource Files\Maps">
      <UniqueIdentifier>{d1aed533-8ac8-42fa-a678-8688cca8d404}</UniqueIdentifier>
    </Filter>
    <Filter Include="Resource Files\Maps\Island">
      <UniqueIdentifier>{82886321-7ddd-45b7-b08e-02075f30c66e}</UniqueIdentifier>
    </Filter>
  </ItemGroup>
  <ItemGroup>
    <ClCompile Include="Sources\Client\client.cpp">
      <Filter>Source Files</Filter>
    </ClCompile>
    <ClCompile Include="Sources\Client\client_gui.cpp">
      <Filter>Source Files</Filter>
    </ClCompile>
    <ClCompile Include="Sources\Client\main_client.cpp">
      <Filter>Source Files</Filter>
    </ClCompile>
    <ClCompile Include="Sources\Client\precomp.cpp">
      <Filter>Source Files</Filter>
    </ClCompile>
    <ClCompile Include="Sources\Client\3D\camera.cpp">
      <Filter>Source Files\3D Toolkit</Filter>
    </ClCompile>
    <ClCompile Include="Sources\Client\3D\model_assimp.cpp">
      <Filter>Source Files\3D Toolkit</Filter>
    </ClCompile>
    <ClCompile Include="Sources\Client\3D\orientation.cpp">
      <Filter>Source Files\3D Toolkit</Filter>
    </ClCompile>
    <ClCompile Include="Sources\Client\3D\position.cpp">
      <Filter>Source Files\3D Toolkit</Filter>
    </ClCompile>
    <ClCompile Include="Sources\Client\game_events.cpp">
      <Filter>Source Files\Game</Filter>
    </ClCompile>
    <ClCompile Include="Sources\Client\game_map.cpp">
      <Filter>Source Files\Game</Filter>
    </ClCompile>
    <ClCompile Include="Sources\Client\game_map_selection.cpp">
      <Filter>Source Files\Game</Filter>
    </ClCompile>
    <ClCompile Include="Sources\Client\game_model.cpp">
      <Filter>Source Files\Game</Filter>
    </ClCompile>
    <ClCompile Include="Sources\Client\game_player.cpp">
      <Filter>Source Files\Game</Filter>
    </ClCompile>
    <ClCompile Include="Sources\Client\game_player_collection.cpp">
      <Filter>Source Files\Game</Filter>
    </ClCompile>
    <ClCompile Include="Sources\Client\game_terrain.cpp">
      <Filter>Source Files\Game</Filter>
    </ClCompile>
    <ClCompile Include="Sources\Client\game_view.cpp">
      <Filter>Source Files\Game</Filter>
    </ClCompile>
    <ClCompile Include="Sources\Client\game_view_actionbar.cpp">
      <Filter>Source Files\Game</Filter>
    </ClCompile>
    <ClCompile Include="Sources\Client\game_view_battle.cpp">
      <Filter>Source Files\Game</Filter>
    </ClCompile>
    <ClCompile Include="Sources\Client\game_view_chat.cpp">
      <Filter>Source Files\Game</Filter>
    </ClCompile>
    <ClCompile Include="Sources\Client\game_view_end.cpp">
      <Filter>Source Files\Game</Filter>
    </ClCompile>
    <ClCompile Include="Sources\Client\game_view_playerlist.cpp">
      <Filter>Source Files\Game</Filter>
    </ClCompile>
    <ClCompile Include="Sources\Client\lobby_events.cpp">
      <Filter>Source Files\Lobby</Filter>
    </ClCompile>
    <ClCompile Include="Sources\Client\lobby_game.cpp">
      <Filter>Source Files\Lobby</Filter>
    </ClCompile>
    <ClCompile Include="Sources\Client\lobby_game_collection.cpp">
      <Filter>Source Files\Lobby</Filter>
    </ClCompile>
    <ClCompile Include="Sources\Client\lobby_model.cpp">
      <Filter>Source Files\Lobby</Filter>
    </ClCompile>
    <ClCompile Include="Sources\Client\lobby_player.cpp">
      <Filter>Source Files\Lobby</Filter>
    </ClCompile>
    <ClCompile Include="Sources\Client\lobby_player_collection.cpp">
      <Filter>Source Files\Lobby</Filter>
    </ClCompile>
    <ClCompile Include="Sources\Client\lobby_view.cpp">
      <Filter>Source Files\Lobby</Filter>
    </ClCompile>
    <ClCompile Include="Sources\Client\lobby_view_create_game.cpp">
      <Filter>Source Files\Lobby</Filter>
    </ClCompile>
    <ClCompile Include="Sources\Client\login_events.cpp">
      <Filter>Source Files\Login</Filter>
    </ClCompile>
    <ClCompile Include="Sources\Client\login_view.cpp">
      <Filter>Source Files\Login</Filter>
    </ClCompile>
  </ItemGroup>
  <ItemGroup>
    <ClInclude Include="Sources\Client\client.h">
      <Filter>Source Files</Filter>
    </ClInclude>
    <ClInclude Include="Sources\Client\client_gui.h">
      <Filter>Source Files</Filter>
    </ClInclude>
    <ClInclude Include="Sources\Client\precomp.h">
      <Filter>Source Files</Filter>
    </ClInclude>
    <ClInclude Include="Sources\Client\3D\camera.h">
      <Filter>Source Files\3D Toolkit</Filter>
    </ClInclude>
    <ClInclude Include="Sources\Client\3D\light_model.h">
      <Filter>Source Files\3D Toolkit</Filter>
    </ClInclude>
    <ClInclude Include="Sources\Client\3D\model_assimp.h">
      <Filter>Source Files\3D Toolkit</Filter>
    </ClInclude>
    <ClInclude Include="Sources\Client\3D\orientation.h">
      <Filter>Source Files\3D Toolkit</Filter>
    </ClInclude>
    <ClInclude Include="Sources\Client\3D\plane_equation.h">
      <Filter>Source Files\3D Toolkit</Filter>
    </ClInclude>
    <ClInclude Include="Sources\Client\3D\position.h">
      <Filter>Source Files\3D Toolkit</Filter>
    </ClInclude>
    <ClInclude Include="Sources\Client\game_events.h">
      <Filter>Source Files\Game</Filter>
    </ClInclude>
    <ClInclude Include="Sources\Client\game_map.h">
      <Filter>Source Files\Game</Filter>
    </ClInclude>
    <ClInclude Include="Sources\Client\game_map_selection.h">
      <Filter>Source Files\Game</Filter>
    </ClInclude>
    <ClInclude Include="Sources\Client\game_model.h">
      <Filter>Source Files\Game</Filter>
    </ClInclude>
    <ClInclude Include="Sources\Client\game_player.h">
      <Filter>Source Files\Game</Filter>
    </ClInclude>
    <ClInclude Include="Sources\Client\game_player_collection.h">
      <Filter>Source Files\Game</Filter>
    </ClInclude>
    <ClInclude Include="Sources\Client\game_terrain.h">
      <Filter>Source Files\Game</Filter>
    </ClInclude>
    <ClInclude Include="Sources\Client\game_view.h">
      <Filter>Source Files\Game</Filter>
    </ClInclude>
    <ClInclude Include="Sources\Client\game_view_actionbar.h">
      <Filter>Source Files\Game</Filter>
    </ClInclude>
    <ClInclude Include="Sources\Client\game_view_battle.h">
      <Filter>Source Files\Game</Filter>
    </ClInclude>
    <ClInclude Include="Sources\Client\game_view_chat.h">
      <Filter>Source Files\Game</Filter>
    </ClInclude>
    <ClInclude Include="Sources\Client\game_view_end.h">
      <Filter>Source Files\Game</Filter>
    </ClInclude>
    <ClInclude Include="Sources\Client\game_view_playerlist.h">
      <Filter>Source Files\Game</Filter>
    </ClInclude>
    <ClInclude Include="Sources\Client\lobby_events.h">
      <Filter>Source Files\Lobby</Filter>
    </ClInclude>
    <ClInclude Include="Sources\Client\lobby_game.h">
      <Filter>Source Files\Lobby</Filter>
    </ClInclude>
    <ClInclude Include="Sources\Client\lobby_game_collection.h">
      <Filter>Source Files\Lobby</Filter>
    </ClInclude>
    <ClInclude Include="Sources\Client\lobby_model.h">
      <Filter>Source Files\Lobby</Filter>
    </ClInclude>
    <ClInclude Include="Sources\Client\lobby_player.h">
      <Filter>Source Files\Lobby</Filter>
    </ClInclude>
    <ClInclude Include="Sources\Client\lobby_player_collection.h">
      <Filter>Source Files\Lobby</Filter>
    </ClInclude>
    <ClInclude Include="Sources\Client\lobby_view.h">
      <Filter>Source Files\Lobby</Filter>
    </ClInclude>
    <ClInclude Include="Sources\Client\lobby_view_create_game.h">
      <Filter>Source Files\Lobby</Filter>
    </ClInclude>
    <ClInclude Include="Sources\Client\login_events.h">
      <Filter>Source Files\Login</Filter>
    </ClInclude>
    <ClInclude Include="Sources\Client\login_view.h">
      <Filter>Source Files\Login</Filter>
    </ClInclude>
  </ItemGroup>
  <ItemGroup>
    <None Include="Resources\GUITheme\combobox.css">
      <Filter>Resource Files\GUI Theme</Filter>
    </None>
    <None Include="Resources\GUITheme\connectdialog.css">
      <Filter>Resource Files\GUI Theme</Filter>
    </None>
    <None Include="Resources\GUITheme\frame.css">
      <Filter>Resource Files\GUI Theme</Filter>
    </None>
    <None Include="Resources\GUITheme\gameview.css">
      <Filter>Resource Files\GUI Theme</Filter>
    </None>
    <None Include="Resources\GUITheme\label.css">
      <Filter>Resource Files\GUI Theme</Filter>
    </None>
    <None Include="Resources\GUITheme\lineedit.css">
      <Filter>Resource Files\GUI Theme</Filter>
    </None>
    <None Include="Resources\GUITheme\listview.css">
      <Filter>Resource Files\GUI Theme</Filter>
    </None>
    <None Include="Resources\GUITheme\popupmenu.css">
      <Filter>Resource Files\GUI Theme</Filter>
    </None>
    <None Include="Resources\GUITheme\pushbutton.css">
      <Filter>Resource Files\GUI Theme</Filter>
    </None>
    <None Include="Resources\GUITheme\resources.xml">
      <Filter>Resource Files\GUI Theme</Filter>
    </None>
    <None Include="Resources\GUITheme\scrollbar_vertical.css">
      <Filter>Resource Files\GUI Theme</Filter>
    </None>
    <None Include="Resources\GUITheme\theme.css">
      <Filter>Resource Files\GUI Theme</Filter>
    </None>
    <None Include="Resources\map_fragment.glsl">
      <Filter>Resource Files\Shaders</Filter>
    </None>
    <None Include="Resources\map_vertex.glsl">
      <Filter>Resource Files\Shaders</Filter>
    </None>
    <None Include="Resources\model_3ds_fragment.glsl">
      <Filter>Resource Files\Shaders</Filter>
    </None>
    <None Include="Resources\model_3ds_fragment_no_texture.glsl">
      <Filter>Resource Files\Shaders</Filter>
    </None>
    <None Include="Resources\model_3ds_vertex.glsl">
      <Filter>Resource Files\Shaders</Filter>
    </None>
    <None Include="Resources\Maps\Island\map.xml">
      <Filter>Resource Files\Maps\Island</Filter>
    </None>
  </ItemGroup>
</Project>