<?xml version="1.0" encoding="utf-8"?>
<Project ToolsVersion="4.0" xmlns="http://schemas.microsoft.com/developer/msbuild/2003">
  <ItemGroup>
    <Filter Include="Source Files">
      <UniqueIdentifier>{4FC737F1-C7A5-4376-A066-2A32D752A2FF}</UniqueIdentifier>
      <Extensions>cpp;c;cc;cxx;def;odl;idl;hpj;bat;asm;asmx;h;hpp;hxx;hm;inl;inc;xsd</Extensions>
    </Filter>
    <Filter Include="Source Files\Login">
      <UniqueIdentifier>{5aad161f-5be1-4e18-913b-4b1694136441}</UniqueIdentifier>
    </Filter>
    <Filter Include="Source Files\Lobby">
      <UniqueIdentifier>{288eb77c-533f-4656-a0cf-4b56ae2be495}</UniqueIdentifier>
    </Filter>
    <Filter Include="Source Files\Game">
      <UniqueIdentifier>{7531d711-d0c9-44c2-9818-2ecb80281705}</UniqueIdentifier>
    </Filter>
    <Filter Include="Resource Files">
      <UniqueIdentifier>{67DA6AB6-F800-4c08-8B7A-83BB121AAD01}</UniqueIdentifier>
      <Extensions>rc;ico;cur;bmp;dlg;rc2;rct;bin;rgs;gif;jpg;jpeg;jpe;resx;tiff;tif;png;wav</Extensions>
    </Filter>
  </ItemGroup>
  <ItemGroup>
    <ClCompile Include="Sources\Server\main_server.cpp">
      <Filter>Source Files</Filter>
    </ClCompile>
    <ClCompile Include="Sources\Server\precomp.cpp">
      <Filter>Source Files</Filter>
    </ClCompile>
    <ClCompile Include="Sources\Server\server.cpp">
      <Filter>Source Files</Filter>
    </ClCompile>
    <ClCompile Include="Sources\Server\server_player.cpp">
      <Filter>Source Files</Filter>
    </ClCompile>
    <ClCompile Include="Sources\Server\server_login_events.cpp">
      <Filter>Source Files\Login</Filter>
    </ClCompile>
    <ClCompile Include="Sources\Server\server_lobby_events.cpp">
      <Filter>Source Files\Lobby</Filter>
    </ClCompile>
    <ClCompile Include="Sources\Server\server_lobby_game.cpp">
      <Filter>Source Files\Lobby</Filter>
    </ClCompile>
    <ClCompile Include="Sources\Server\server_lobby_game_collection.cpp">
      <Filter>Source Files\Lobby</Filter>
    </ClCompile>
    <ClCompile Include="Sources\Server\server_lobby_game_player_collection.cpp">
      <Filter>Source Files\Lobby</Filter>
    </ClCompile>
    <ClCompile Include="Sources\Server\server_lobby_model.cpp">
      <Filter>Source Files\Lobby</Filter>
    </ClCompile>
    <ClCompile Include="Sources\Server\server_lobby_player.cpp">
      <Filter>Source Files\Lobby</Filter>
    </ClCompile>
    <ClCompile Include="Sources\Server\server_lobby_player_collection.cpp">
      <Filter>Source Files\Lobby</Filter>
    </ClCompile>
    <ClCompile Include="Sources\Server\server_game.cpp">
      <Filter>Source Files\Game</Filter>
    </ClCompile>
    <ClCompile Include="Sources\Server\server_game_events.cpp">
      <Filter>Source Files\Game</Filter>
    </ClCompile>
    <ClCompile Include="Sources\Server\server_game_player.cpp">
      <Filter>Source Files\Game</Filter>
    </ClCompile>
    <ClCompile Include="Sources\Server\server_game_player_ai.cpp">
      <Filter>Source Files\Game</Filter>
    </ClCompile>
    <ClCompile Include="Sources\Server\server_game_player_collection.cpp">
      <Filter>Source Files\Game</Filter>
    </ClCompile>
  </ItemGroup>
  <ItemGroup>
    <ClInclude Include="Sources\Server\precomp.h">
      <Filter>Source Files</Filter>
    </ClInclude>
    <ClInclude Include="Sources\Server\server.h">
      <Filter>Source Files</Filter>
    </ClInclude>
    <ClInclude Include="Sources\Server\server_player.h">
      <Filter>Source Files</Filter>
    </ClInclude>
    <ClInclude Include="Sources\Server\server_test.h">
      <Filter>Source Files</Filter>
    </ClInclude>
    <ClInclude Include="Sources\Server\server_login_events.h">
      <Filter>Source Files\Login</Filter>
    </ClInclude>
    <ClInclude Include="Sources\Server\server_lobby_events.h">
      <Filter>Source Files\Lobby</Filter>
    </ClInclude>
    <ClInclude Include="Sources\Server\server_lobby_game.h">
      <Filter>Source Files\Lobby</Filter>
    </ClInclude>
    <ClInclude Include="Sources\Server\server_lobby_game_collection.h">
      <Filter>Source Files\Lobby</Filter>
    </ClInclude>
    <ClInclude Include="Sources\Server\server_lobby_game_player_collection.h">
      <Filter>Source Files\Lobby</Filter>
    </ClInclude>
    <ClInclude Include="Sources\Server\server_lobby_model.h">
      <Filter>Source Files\Lobby</Filter>
    </ClInclude>
    <ClInclude Include="Sources\Server\server_lobby_player.h">
      <Filter>Source Files\Lobby</Filter>
    </ClInclude>
    <ClInclude Include="Sources\Server\server_lobby_player_collection.h">
      <Filter>Source Files\Lobby</Filter>
    </ClInclude>
    <ClInclude Include="Sources\Server\server_game.h">
      <Filter>Source Files\Game</Filter>
    </ClInclude>
    <ClInclude Include="Sources\Server\server_game_events.h">
      <Filter>Source Files\Game</Filter>
    </ClInclude>
    <ClInclude Include="Sources\Server\server_game_player.h">
      <Filter>Source Files\Game</Filter>
    </ClInclude>
    <ClInclude Include="Sources\Server\server_game_player_ai.h">
      <Filter>Source Files\Game</Filter>
    </ClInclude>
    <ClInclude Include="Sources\Server\server_game_player_collection.h">
      <Filter>Source Files\Game</Filter>
    </ClInclude>
  </ItemGroup>
  <ItemGroup>
    <None Include="Resources\map1.xml">
      <Filter>Resource Files</Filter>
    </None>
  </ItemGroup>
</Project>